
Microsoft Visual Studio Solution File, Format Version 12.00
# Visual Studio 15
VisualStudioVersion = 15.0.26730.8
MinimumVisualStudioVersion = 10.0.40219.1
Project("{D954291E-2A0B-460D-934E-DC6B0785DB48}") = "LuckyDice", "LuckyDice\LuckyDice\LuckyDice.shproj", "{9CE25103-DBDC-4900-AB01-70CCA2836BF2}"
EndProject
Project("{FAE04EC0-301F-11D3-BF4B-00C04F79EFBC}") = "LuckyDice.Android", "LuckyDice\LuckyDice.Android\LuckyDice.Android.csproj", "{DEE3F998-71BC-40BA-89F9-01CA9336DF63}"
EndProject
Project("{FAE04EC0-301F-11D3-BF4B-00C04F79EFBC}") = "LuckyDice.iOS", "LuckyDice\LuckyDice.iOS\LuckyDice.iOS.csproj", "{E5BD764C-6985-4F49-9998-1A58321662B6}"
EndProject
Project("{FAE04EC0-301F-11D3-BF4B-00C04F79EFBC}") = "LuckyDice.UWP", "LuckyDice\LuckyDice.UWP\LuckyDice.UWP.csproj", "{CF63204D-83B5-4EFF-A315-4EB503333556}"
EndProject
Global
	GlobalSection(SharedMSBuildProjectFiles) = preSolution
		LuckyDice\LuckyDice\LuckyDice.projitems*{9ce25103-dbdc-4900-ab01-70cca2836bf2}*SharedItemsImports = 13
		LuckyDice\LuckyDice\LuckyDice.projitems*{cf63204d-83b5-4eff-a315-4eb503333556}*SharedItemsImports = 4
		LuckyDice\LuckyDice\LuckyDice.projitems*{dee3f998-71bc-40ba-89f9-01ca9336df63}*SharedItemsImports = 4
		LuckyDice\LuckyDice\LuckyDice.projitems*{e5bd764c-6985-4f49-9998-1a58321662b6}*SharedItemsImports = 4
	EndGlobalSection
	GlobalSection(SolutionConfigurationPlatforms) = preSolution
		Ad-Hoc|Any CPU = Ad-Hoc|Any CPU
		Ad-Hoc|ARM = Ad-Hoc|ARM
		Ad-Hoc|iPhone = Ad-Hoc|iPhone
		Ad-Hoc|iPhoneSimulator = Ad-Hoc|iPhoneSimulator
		Ad-Hoc|x64 = Ad-Hoc|x64
		Ad-Hoc|x86 = Ad-Hoc|x86
		AppStore|Any CPU = AppStore|Any CPU
		AppStore|ARM = AppStore|ARM
		AppStore|iPhone = AppStore|iPhone
		AppStore|iPhoneSimulator = AppStore|iPhoneSimulator
		AppStore|x64 = AppStore|x64
		AppStore|x86 = AppStore|x86
		Debug|Any CPU = Debug|Any CPU
		Debug|ARM = Debug|ARM
		Debug|iPhone = Debug|iPhone
		Debug|iPhoneSimulator = Debug|iPhoneSimulator
		Debug|x64 = Debug|x64
		Debug|x86 = Debug|x86
		Release|Any CPU = Release|Any CPU
		Release|ARM = Release|ARM
		Release|iPhone = Release|iPhone
		Release|iPhoneSimulator = Release|iPhoneSimulator
		Release|x64 = Release|x64
		Release|x86 = Release|x86
	EndGlobalSection
	GlobalSection(ProjectConfigurationPlatforms) = postSolution
		{DEE3F998-71BC-40BA-89F9-01CA9336DF63}.Ad-Hoc|Any CPU.ActiveCfg = Release|Any CPU
		{DEE3F998-71BC-40BA-89F9-01CA9336DF63}.Ad-Hoc|Any CPU.Build.0 = Release|Any CPU
		{DEE3F998-71BC-40BA-89F9-01CA9336DF63}.Ad-Hoc|Any CPU.Deploy.0 = Release|Any CPU
		{DEE3F998-71BC-40BA-89F9-01CA9336DF63}.Ad-Hoc|ARM.ActiveCfg = Release|Any CPU
		{DEE3F998-71BC-40BA-89F9-01CA9336DF63}.Ad-Hoc|ARM.Build.0 = Release|Any CPU
		{DEE3F998-71BC-40BA-89F9-01CA9336DF63}.Ad-Hoc|ARM.Deploy.0 = Release|Any CPU
		{DEE3F998-71BC-40BA-89F9-01CA9336DF63}.Ad-Hoc|iPhone.ActiveCfg = Release|Any CPU
		{DEE3F998-71BC-40BA-89F9-01CA9336DF63}.Ad-Hoc|iPhone.Build.0 = Release|Any CPU
		{DEE3F998-71BC-40BA-89F9-01CA9336DF63}.Ad-Hoc|iPhone.Deploy.0 = Release|Any CPU
		{DEE3F998-71BC-40BA-89F9-01CA9336DF63}.Ad-Hoc|iPhoneSimulator.ActiveCfg = Release|Any CPU
		{DEE3F998-71BC-40BA-89F9-01CA9336DF63}.Ad-Hoc|iPhoneSimulator.Build.0 = Release|Any CPU
		{DEE3F998-71BC-40BA-89F9-01CA9336DF63}.Ad-Hoc|iPhoneSimulator.Deploy.0 = Release|Any CPU
		{DEE3F998-71BC-40BA-89F9-01CA9336DF63}.Ad-Hoc|x64.ActiveCfg = Release|Any CPU
		{DEE3F998-71BC-40BA-89F9-01CA9336DF63}.Ad-Hoc|x64.Build.0 = Release|Any CPU
		{DEE3F998-71BC-40BA-89F9-01CA9336DF63}.Ad-Hoc|x64.Deploy.0 = Release|Any CPU
		{DEE3F998-71BC-40BA-89F9-01CA9336DF63}.Ad-Hoc|x86.ActiveCfg = Release|Any CPU
		{DEE3F998-71BC-40BA-89F9-01CA9336DF63}.Ad-Hoc|x86.Build.0 = Release|Any CPU
		{DEE3F998-71BC-40BA-89F9-01CA9336DF63}.Ad-Hoc|x86.Deploy.0 = Release|Any CPU
		{DEE3F998-71BC-40BA-89F9-01CA9336DF63}.AppStore|Any CPU.ActiveCfg = Release|Any CPU
		{DEE3F998-71BC-40BA-89F9-01CA9336DF63}.AppStore|Any CPU.Build.0 = Release|Any CPU
		{DEE3F998-71BC-40BA-89F9-01CA9336DF63}.AppStore|Any CPU.Deploy.0 = Release|Any CPU
		{DEE3F998-71BC-40BA-89F9-01CA9336DF63}.AppStore|ARM.ActiveCfg = Release|Any CPU
		{DEE3F998-71BC-40BA-89F9-01CA9336DF63}.AppStore|ARM.Build.0 = Release|Any CPU
		{DEE3F998-71BC-40BA-89F9-01CA9336DF63}.AppStore|ARM.Deploy.0 = Release|Any CPU
		{DEE3F998-71BC-40BA-89F9-01CA9336DF63}.AppStore|iPhone.ActiveCfg = Release|Any CPU
		{DEE3F998-71BC-40BA-89F9-01CA9336DF63}.AppStore|iPhone.Build.0 = Release|Any CPU
		{DEE3F998-71BC-40BA-89F9-01CA9336DF63}.AppStore|iPhone.Deploy.0 = Release|Any CPU
		{DEE3F998-71BC-40BA-89F9-01CA9336DF63}.AppStore|iPhoneSimulator.ActiveCfg = Release|Any CPU
		{DEE3F998-71BC-40BA-89F9-01CA9336DF63}.AppStore|iPhoneSimulator.Build.0 = Release|Any CPU
		{DEE3F998-71BC-40BA-89F9-01CA9336DF63}.AppStore|iPhoneSimulator.Deploy.0 = Release|Any CPU
		{DEE3F998-71BC-40BA-89F9-01CA9336DF63}.AppStore|x64.ActiveCfg = Release|Any CPU
		{DEE3F998-71BC-40BA-89F9-01CA9336DF63}.AppStore|x64.Build.0 = Release|Any CPU
		{DEE3F998-71BC-40BA-89F9-01CA9336DF63}.AppStore|x64.Deploy.0 = Release|Any CPU
		{DEE3F998-71BC-40BA-89F9-01CA9336DF63}.AppStore|x86.ActiveCfg = Release|Any CPU
		{DEE3F998-71BC-40BA-89F9-01CA9336DF63}.AppStore|x86.Build.0 = Release|Any CPU
		{DEE3F998-71BC-40BA-89F9-01CA9336DF63}.AppStore|x86.Deploy.0 = Release|Any CPU
		{DEE3F998-71BC-40BA-89F9-01CA9336DF63}.Debug|Any CPU.ActiveCfg = Debug|Any CPU
		{DEE3F998-71BC-40BA-89F9-01CA9336DF63}.Debug|Any CPU.Build.0 = Debug|Any CPU
		{DEE3F998-71BC-40BA-89F9-01CA9336DF63}.Debug|Any CPU.Deploy.0 = Debug|Any CPU
		{DEE3F998-71BC-40BA-89F9-01CA9336DF63}.Debug|ARM.ActiveCfg = Debug|Any CPU
		{DEE3F998-71BC-40BA-89F9-01CA9336DF63}.Debug|ARM.Build.0 = Debug|Any CPU
		{DEE3F998-71BC-40BA-89F9-01CA9336DF63}.Debug|ARM.Deploy.0 = Debug|Any CPU
		{DEE3F998-71BC-40BA-89F9-01CA9336DF63}.Debug|iPhone.ActiveCfg = Debug|Any CPU
		{DEE3F998-71BC-40BA-89F9-01CA9336DF63}.Debug|iPhone.Build.0 = Debug|Any CPU
		{DEE3F998-71BC-40BA-89F9-01CA9336DF63}.Debug|iPhone.Deploy.0 = Debug|Any CPU
		{DEE3F998-71BC-40BA-89F9-01CA9336DF63}.Debug|iPhoneSimulator.ActiveCfg = Debug|Any CPU
		{DEE3F998-71BC-40BA-89F9-01CA9336DF63}.Debug|iPhoneSimulator.Build.0 = Debug|Any CPU
		{DEE3F998-71BC-40BA-89F9-01CA9336DF63}.Debug|iPhoneSimulator.Deploy.0 = Debug|Any CPU
		{DEE3F998-71BC-40BA-89F9-01CA9336DF63}.Debug|x64.ActiveCfg = Debug|Any CPU
		{DEE3F998-71BC-40BA-89F9-01CA9336DF63}.Debug|x64.Build.0 = Debug|Any CPU
		{DEE3F998-71BC-40BA-89F9-01CA9336DF63}.Debug|x64.Deploy.0 = Debug|Any CPU
		{DEE3F998-71BC-40BA-89F9-01CA9336DF63}.Debug|x86.ActiveCfg = Debug|Any CPU
		{DEE3F998-71BC-40BA-89F9-01CA9336DF63}.Debug|x86.Build.0 = Debug|Any CPU
		{DEE3F998-71BC-40BA-89F9-01CA9336DF63}.Debug|x86.Deploy.0 = Debug|Any CPU
		{DEE3F998-71BC-40BA-89F9-01CA9336DF63}.Release|Any CPU.ActiveCfg = Release|Any CPU
		{DEE3F998-71BC-40BA-89F9-01CA9336DF63}.Release|Any CPU.Build.0 = Release|Any CPU
		{DEE3F998-71BC-40BA-89F9-01CA9336DF63}.Release|Any CPU.Deploy.0 = Release|Any CPU
		{DEE3F998-71BC-40BA-89F9-01CA9336DF63}.Release|ARM.ActiveCfg = Release|Any CPU
		{DEE3F998-71BC-40BA-89F9-01CA9336DF63}.Release|ARM.Build.0 = Release|Any CPU
		{DEE3F998-71BC-40BA-89F9-01CA9336DF63}.Release|ARM.Deploy.0 = Release|Any CPU
		{DEE3F998-71BC-40BA-89F9-01CA9336DF63}.Release|iPhone.ActiveCfg = Release|Any CPU
		{DEE3F998-71BC-40BA-89F9-01CA9336DF63}.Release|iPhone.Build.0 = Release|Any CPU
		{DEE3F998-71BC-40BA-89F9-01CA9336DF63}.Release|iPhone.Deploy.0 = Release|Any CPU
		{DEE3F998-71BC-40BA-89F9-01CA9336DF63}.Release|iPhoneSimulator.ActiveCfg = Release|Any CPU
		{DEE3F998-71BC-40BA-89F9-01CA9336DF63}.Release|iPhoneSimulator.Build.0 = Release|Any CPU
		{DEE3F998-71BC-40BA-89F9-01CA9336DF63}.Release|iPhoneSimulator.Deploy.0 = Release|Any CPU
		{DEE3F998-71BC-40BA-89F9-01CA9336DF63}.Release|x64.ActiveCfg = Release|Any CPU
		{DEE3F998-71BC-40BA-89F9-01CA9336DF63}.Release|x64.Build.0 = Release|Any CPU
		{DEE3F998-71BC-40BA-89F9-01CA9336DF63}.Release|x64.Deploy.0 = Release|Any CPU
		{DEE3F998-71BC-40BA-89F9-01CA9336DF63}.Release|x86.ActiveCfg = Release|Any CPU
		{DEE3F998-71BC-40BA-89F9-01CA9336DF63}.Release|x86.Build.0 = Release|Any CPU
		{DEE3F998-71BC-40BA-89F9-01CA9336DF63}.Release|x86.Deploy.0 = Release|Any CPU
		{E5BD764C-6985-4F49-9998-1A58321662B6}.Ad-Hoc|Any CPU.ActiveCfg = Ad-Hoc|iPhone
		{E5BD764C-6985-4F49-9998-1A58321662B6}.Ad-Hoc|ARM.ActiveCfg = Ad-Hoc|iPhone
		{E5BD764C-6985-4F49-9998-1A58321662B6}.Ad-Hoc|iPhone.ActiveCfg = Ad-Hoc|iPhone
		{E5BD764C-6985-4F49-9998-1A58321662B6}.Ad-Hoc|iPhone.Build.0 = Ad-Hoc|iPhone
		{E5BD764C-6985-4F49-9998-1A58321662B6}.Ad-Hoc|iPhoneSimulator.ActiveCfg = Ad-Hoc|iPhoneSimulator
		{E5BD764C-6985-4F49-9998-1A58321662B6}.Ad-Hoc|iPhoneSimulator.Build.0 = Ad-Hoc|iPhoneSimulator
		{E5BD764C-6985-4F49-9998-1A58321662B6}.Ad-Hoc|x64.ActiveCfg = Ad-Hoc|iPhone
		{E5BD764C-6985-4F49-9998-1A58321662B6}.Ad-Hoc|x86.ActiveCfg = Ad-Hoc|iPhone
		{E5BD764C-6985-4F49-9998-1A58321662B6}.AppStore|Any CPU.ActiveCfg = AppStore|iPhone
		{E5BD764C-6985-4F49-9998-1A58321662B6}.AppStore|ARM.ActiveCfg = AppStore|iPhone
		{E5BD764C-6985-4F49-9998-1A58321662B6}.AppStore|iPhone.ActiveCfg = AppStore|iPhone
		{E5BD764C-6985-4F49-9998-1A58321662B6}.AppStore|iPhone.Build.0 = AppStore|iPhone
		{E5BD764C-6985-4F49-9998-1A58321662B6}.AppStore|iPhoneSimulator.ActiveCfg = AppStore|iPhoneSimulator
		{E5BD764C-6985-4F49-9998-1A58321662B6}.AppStore|iPhoneSimulator.Build.0 = AppStore|iPhoneSimulator
		{E5BD764C-6985-4F49-9998-1A58321662B6}.AppStore|x64.ActiveCfg = AppStore|iPhone
		{E5BD764C-6985-4F49-9998-1A58321662B6}.AppStore|x86.ActiveCfg = AppStore|iPhone
		{E5BD764C-6985-4F49-9998-1A58321662B6}.Debug|Any CPU.ActiveCfg = Debug|iPhone
		{E5BD764C-6985-4F49-9998-1A58321662B6}.Debug|ARM.ActiveCfg = Debug|iPhone
		{E5BD764C-6985-4F49-9998-1A58321662B6}.Debug|iPhone.ActiveCfg = Debug|iPhone
		{E5BD764C-6985-4F49-9998-1A58321662B6}.Debug|iPhone.Build.0 = Debug|iPhone
		{E5BD764C-6985-4F49-9998-1A58321662B6}.Debug|iPhoneSimulator.ActiveCfg = Debug|iPhoneSimulator
		{E5BD764C-6985-4F49-9998-1A58321662B6}.Debug|iPhoneSimulator.Build.0 = Debug|iPhoneSimulator
		{E5BD764C-6985-4F49-9998-1A58321662B6}.Debug|x64.ActiveCfg = Debug|iPhone
		{E5BD764C-6985-4F49-9998-1A58321662B6}.Debug|x86.ActiveCfg = Debug|iPhone
		{E5BD764C-6985-4F49-9998-1A58321662B6}.Release|Any CPU.ActiveCfg = Release|iPhone
		{E5BD764C-6985-4F49-9998-1A58321662B6}.Release|ARM.ActiveCfg = Release|iPhone
		{E5BD764C-6985-4F49-9998-1A58321662B6}.Release|iPhone.ActiveCfg = Release|iPhone
		{E5BD764C-6985-4F49-9998-1A58321662B6}.Release|iPhone.Build.0 = Release|iPhone
		{E5BD764C-6985-4F49-9998-1A58321662B6}.Release|iPhoneSimulator.ActiveCfg = Release|iPhoneSimulator
		{E5BD764C-6985-4F49-9998-1A58321662B6}.Release|iPhoneSimulator.Build.0 = Release|iPhoneSimulator
		{E5BD764C-6985-4F49-9998-1A58321662B6}.Release|x64.ActiveCfg = Release|iPhone
		{E5BD764C-6985-4F49-9998-1A58321662B6}.Release|x86.ActiveCfg = Release|iPhone
		{CF63204D-83B5-4EFF-A315-4EB503333556}.Ad-Hoc|Any CPU.ActiveCfg = Release|x86
		{CF63204D-83B5-4EFF-A315-4EB503333556}.Ad-Hoc|Any CPU.Build.0 = Release|x86
		{CF63204D-83B5-4EFF-A315-4EB503333556}.Ad-Hoc|Any CPU.Deploy.0 = Release|x86
		{CF63204D-83B5-4EFF-A315-4EB503333556}.Ad-Hoc|ARM.ActiveCfg = Release|ARM
		{CF63204D-83B5-4EFF-A315-4EB503333556}.Ad-Hoc|ARM.Build.0 = Release|ARM
		{CF63204D-83B5-4EFF-A315-4EB503333556}.Ad-Hoc|ARM.Deploy.0 = Release|ARM
		{CF63204D-83B5-4EFF-A315-4EB503333556}.Ad-Hoc|iPhone.ActiveCfg = Release|x86
		{CF63204D-83B5-4EFF-A315-4EB503333556}.Ad-Hoc|iPhone.Build.0 = Release|x86
		{CF63204D-83B5-4EFF-A315-4EB503333556}.Ad-Hoc|iPhone.Deploy.0 = Release|x86
		{CF63204D-83B5-4EFF-A315-4EB503333556}.Ad-Hoc|iPhoneSimulator.ActiveCfg = Release|x86
		{CF63204D-83B5-4EFF-A315-4EB503333556}.Ad-Hoc|iPhoneSimulator.Build.0 = Release|x86
		{CF63204D-83B5-4EFF-A315-4EB503333556}.Ad-Hoc|iPhoneSimulator.Deploy.0 = Release|x86
		{CF63204D-83B5-4EFF-A315-4EB503333556}.Ad-Hoc|x64.ActiveCfg = Release|x64
		{CF63204D-83B5-4EFF-A315-4EB503333556}.Ad-Hoc|x64.Build.0 = Release|x64
		{CF63204D-83B5-4EFF-A315-4EB503333556}.Ad-Hoc|x64.Deploy.0 = Release|x64
		{CF63204D-83B5-4EFF-A315-4EB503333556}.Ad-Hoc|x86.ActiveCfg = Release|x86
		{CF63204D-83B5-4EFF-A315-4EB503333556}.Ad-Hoc|x86.Build.0 = Release|x86
		{CF63204D-83B5-4EFF-A315-4EB503333556}.Ad-Hoc|x86.Deploy.0 = Release|x86
		{CF63204D-83B5-4EFF-A315-4EB503333556}.AppStore|Any CPU.ActiveCfg = Release|x86
		{CF63204D-83B5-4EFF-A315-4EB503333556}.AppStore|Any CPU.Build.0 = Release|x86
		{CF63204D-83B5-4EFF-A315-4EB503333556}.AppStore|Any CPU.Deploy.0 = Release|x86
		{CF63204D-83B5-4EFF-A315-4EB503333556}.AppStore|ARM.ActiveCfg = Release|ARM
		{CF63204D-83B5-4EFF-A315-4EB503333556}.AppStore|ARM.Build.0 = Release|ARM
		{CF63204D-83B5-4EFF-A315-4EB503333556}.AppStore|ARM.Deploy.0 = Release|ARM
		{CF63204D-83B5-4EFF-A315-4EB503333556}.AppStore|iPhone.ActiveCfg = Release|x86
		{CF63204D-83B5-4EFF-A315-4EB503333556}.AppStore|iPhone.Build.0 = Release|x86
		{CF63204D-83B5-4EFF-A315-4EB503333556}.AppStore|iPhone.Deploy.0 = Release|x86
		{CF63204D-83B5-4EFF-A315-4EB503333556}.AppStore|iPhoneSimulator.ActiveCfg = Release|x86
		{CF63204D-83B5-4EFF-A315-4EB503333556}.AppStore|iPhoneSimulator.Build.0 = Release|x86
		{CF63204D-83B5-4EFF-A315-4EB503333556}.AppStore|iPhoneSimulator.Deploy.0 = Release|x86
		{CF63204D-83B5-4EFF-A315-4EB503333556}.AppStore|x64.ActiveCfg = Release|x64
		{CF63204D-83B5-4EFF-A315-4EB503333556}.AppStore|x64.Build.0 = Release|x64
		{CF63204D-83B5-4EFF-A315-4EB503333556}.AppStore|x64.Deploy.0 = Release|x64
		{CF63204D-83B5-4EFF-A315-4EB503333556}.AppStore|x86.ActiveCfg = Release|x86
		{CF63204D-83B5-4EFF-A315-4EB503333556}.AppStore|x86.Build.0 = Release|x86
		{CF63204D-83B5-4EFF-A315-4EB503333556}.AppStore|x86.Deploy.0 = Release|x86
		{CF63204D-83B5-4EFF-A315-4EB503333556}.Debug|Any CPU.ActiveCfg = Debug|x86
		{CF63204D-83B5-4EFF-A315-4EB503333556}.Debug|ARM.ActiveCfg = Debug|ARM
		{CF63204D-83B5-4EFF-A315-4EB503333556}.Debug|ARM.Build.0 = Debug|ARM
		{CF63204D-83B5-4EFF-A315-4EB503333556}.Debug|ARM.Deploy.0 = Debug|ARM
		{CF63204D-83B5-4EFF-A315-4EB503333556}.Debug|iPhone.ActiveCfg = Debug|x86
		{CF63204D-83B5-4EFF-A315-4EB503333556}.Debug|iPhoneSimulator.ActiveCfg = Debug|x86
		{CF63204D-83B5-4EFF-A315-4EB503333556}.Debug|x64.ActiveCfg = Debug|x64
		{CF63204D-83B5-4EFF-A315-4EB503333556}.Debug|x64.Build.0 = Debug|x64
		{CF63204D-83B5-4EFF-A315-4EB503333556}.Debug|x64.Deploy.0 = Debug|x64
		{CF63204D-83B5-4EFF-A315-4EB503333556}.Debug|x86.ActiveCfg = Debug|x86
		{CF63204D-83B5-4EFF-A315-4EB503333556}.Debug|x86.Build.0 = Debug|x86
		{CF63204D-83B5-4EFF-A315-4EB503333556}.Debug|x86.Deploy.0 = Debug|x86
		{CF63204D-83B5-4EFF-A315-4EB503333556}.Release|Any CPU.ActiveCfg = Release|x86
		{CF63204D-83B5-4EFF-A315-4EB503333556}.Release|ARM.ActiveCfg = Release|ARM
		{CF63204D-83B5-4EFF-A315-4EB503333556}.Release|ARM.Build.0 = Release|ARM
		{CF63204D-83B5-4EFF-A315-4EB503333556}.Release|ARM.Deploy.0 = Release|ARM
		{CF63204D-83B5-4EFF-A315-4EB503333556}.Release|iPhone.ActiveCfg = Release|x86
		{CF63204D-83B5-4EFF-A315-4EB503333556}.Release|iPhoneSimulator.ActiveCfg = Release|x86
		{CF63204D-83B5-4EFF-A315-4EB503333556}.Release|x64.ActiveCfg = Release|x64
		{CF63204D-83B5-4EFF-A315-4EB503333556}.Release|x64.Build.0 = Release|x64
		{CF63204D-83B5-4EFF-A315-4EB503333556}.Release|x64.Deploy.0 = Release|x64
		{CF63204D-83B5-4EFF-A315-4EB503333556}.Release|x86.ActiveCfg = Release|x86
		{CF63204D-83B5-4EFF-A315-4EB503333556}.Release|x86.Build.0 = Release|x86
		{CF63204D-83B5-4EFF-A315-4EB503333556}.Release|x86.Deploy.0 = Release|x86
	EndGlobalSection
	GlobalSection(SolutionProperties) = preSolution
		HideSolutionNode = FALSE
	EndGlobalSection
	GlobalSection(ExtensibilityGlobals) = postSolution
		SolutionGuid = {8422E120-9ED6-49EB-8579-6BEEA2DC9F3B}
	EndGlobalSection
EndGlobal
