
Microsoft Visual Studio Solution File, Format Version 12.00
# Visual Studio 15
VisualStudioVersion = 15.0.26730.8
MinimumVisualStudioVersion = 10.0.40219.1
Project("{D954291E-2A0B-460D-934E-DC6B0785DB48}") = "DataInput", "DataInput\DataInput\DataInput.shproj", "{7BB4F99E-F49C-4C08-8ED5-6086FDC82EF8}"
EndProject
Project("{FAE04EC0-301F-11D3-BF4B-00C04F79EFBC}") = "DataInput.Android", "DataInput\DataInput.Android\DataInput.Android.csproj", "{6197DCF1-D059-4C67-BF42-4F5D64B24C29}"
EndProject
Project("{FAE04EC0-301F-11D3-BF4B-00C04F79EFBC}") = "DataInput.iOS", "DataInput\DataInput.iOS\DataInput.iOS.csproj", "{468D9AEF-8862-4A19-98AA-5297B1B54DFF}"
EndProject
Project("{FAE04EC0-301F-11D3-BF4B-00C04F79EFBC}") = "DataInput.UWP", "DataInput\DataInput.UWP\DataInput.UWP.csproj", "{6A72F1C2-2FBD-4975-90DB-B16D15DC2332}"
EndProject
Global
	GlobalSection(SharedMSBuildProjectFiles) = preSolution
		DataInput\DataInput\DataInput.projitems*{468d9aef-8862-4a19-98aa-5297b1b54dff}*SharedItemsImports = 4
		DataInput\DataInput\DataInput.projitems*{6197dcf1-d059-4c67-bf42-4f5d64b24c29}*SharedItemsImports = 4
		DataInput\DataInput\DataInput.projitems*{7bb4f99e-f49c-4c08-8ed5-6086fdc82ef8}*SharedItemsImports = 13
	EndGlobalSection
	GlobalSection(SolutionConfigurationPlatforms) = preSolution
		Ad-Hoc|Any CPU = Ad-Hoc|Any CPU
		Ad-Hoc|ARM = Ad-Hoc|ARM
		Ad-Hoc|iPhone = Ad-Hoc|iPhone
		Ad-Hoc|iPhoneSimulator = Ad-Hoc|iPhoneSimulator
		Ad-Hoc|x64 = Ad-Hoc|x64
		Ad-Hoc|x86 = Ad-Hoc|x86
		AppStore|Any CPU = AppStore|Any CPU
		AppStore|ARM = AppStore|ARM
		AppStore|iPhone = AppStore|iPhone
		AppStore|iPhoneSimulator = AppStore|iPhoneSimulator
		AppStore|x64 = AppStore|x64
		AppStore|x86 = AppStore|x86
		Debug|Any CPU = Debug|Any CPU
		Debug|ARM = Debug|ARM
		Debug|iPhone = Debug|iPhone
		Debug|iPhoneSimulator = Debug|iPhoneSimulator
		Debug|x64 = Debug|x64
		Debug|x86 = Debug|x86
		Release|Any CPU = Release|Any CPU
		Release|ARM = Release|ARM
		Release|iPhone = Release|iPhone
		Release|iPhoneSimulator = Release|iPhoneSimulator
		Release|x64 = Release|x64
		Release|x86 = Release|x86
	EndGlobalSection
	GlobalSection(ProjectConfigurationPlatforms) = postSolution
		{6197DCF1-D059-4C67-BF42-4F5D64B24C29}.Ad-Hoc|Any CPU.ActiveCfg = Release|Any CPU
		{6197DCF1-D059-4C67-BF42-4F5D64B24C29}.Ad-Hoc|Any CPU.Build.0 = Release|Any CPU
		{6197DCF1-D059-4C67-BF42-4F5D64B24C29}.Ad-Hoc|Any CPU.Deploy.0 = Release|Any CPU
		{6197DCF1-D059-4C67-BF42-4F5D64B24C29}.Ad-Hoc|ARM.ActiveCfg = Release|Any CPU
		{6197DCF1-D059-4C67-BF42-4F5D64B24C29}.Ad-Hoc|ARM.Build.0 = Release|Any CPU
		{6197DCF1-D059-4C67-BF42-4F5D64B24C29}.Ad-Hoc|ARM.Deploy.0 = Release|Any CPU
		{6197DCF1-D059-4C67-BF42-4F5D64B24C29}.Ad-Hoc|iPhone.ActiveCfg = Release|Any CPU
		{6197DCF1-D059-4C67-BF42-4F5D64B24C29}.Ad-Hoc|iPhone.Build.0 = Release|Any CPU
		{6197DCF1-D059-4C67-BF42-4F5D64B24C29}.Ad-Hoc|iPhone.Deploy.0 = Release|Any CPU
		{6197DCF1-D059-4C67-BF42-4F5D64B24C29}.Ad-Hoc|iPhoneSimulator.ActiveCfg = Release|Any CPU
		{6197DCF1-D059-4C67-BF42-4F5D64B24C29}.Ad-Hoc|iPhoneSimulator.Build.0 = Release|Any CPU
		{6197DCF1-D059-4C67-BF42-4F5D64B24C29}.Ad-Hoc|iPhoneSimulator.Deploy.0 = Release|Any CPU
		{6197DCF1-D059-4C67-BF42-4F5D64B24C29}.Ad-Hoc|x64.ActiveCfg = Release|Any CPU
		{6197DCF1-D059-4C67-BF42-4F5D64B24C29}.Ad-Hoc|x64.Build.0 = Release|Any CPU
		{6197DCF1-D059-4C67-BF42-4F5D64B24C29}.Ad-Hoc|x64.Deploy.0 = Release|Any CPU
		{6197DCF1-D059-4C67-BF42-4F5D64B24C29}.Ad-Hoc|x86.ActiveCfg = Release|Any CPU
		{6197DCF1-D059-4C67-BF42-4F5D64B24C29}.Ad-Hoc|x86.Build.0 = Release|Any CPU
		{6197DCF1-D059-4C67-BF42-4F5D64B24C29}.Ad-Hoc|x86.Deploy.0 = Release|Any CPU
		{6197DCF1-D059-4C67-BF42-4F5D64B24C29}.AppStore|Any CPU.ActiveCfg = Release|Any CPU
		{6197DCF1-D059-4C67-BF42-4F5D64B24C29}.AppStore|Any CPU.Build.0 = Release|Any CPU
		{6197DCF1-D059-4C67-BF42-4F5D64B24C29}.AppStore|Any CPU.Deploy.0 = Release|Any CPU
		{6197DCF1-D059-4C67-BF42-4F5D64B24C29}.AppStore|ARM.ActiveCfg = Release|Any CPU
		{6197DCF1-D059-4C67-BF42-4F5D64B24C29}.AppStore|ARM.Build.0 = Release|Any CPU
		{6197DCF1-D059-4C67-BF42-4F5D64B24C29}.AppStore|ARM.Deploy.0 = Release|Any CPU
		{6197DCF1-D059-4C67-BF42-4F5D64B24C29}.AppStore|iPhone.ActiveCfg = Release|Any CPU
		{6197DCF1-D059-4C67-BF42-4F5D64B24C29}.AppStore|iPhone.Build.0 = Release|Any CPU
		{6197DCF1-D059-4C67-BF42-4F5D64B24C29}.AppStore|iPhone.Deploy.0 = Release|Any CPU
		{6197DCF1-D059-4C67-BF42-4F5D64B24C29}.AppStore|iPhoneSimulator.ActiveCfg = Release|Any CPU
		{6197DCF1-D059-4C67-BF42-4F5D64B24C29}.AppStore|iPhoneSimulator.Build.0 = Release|Any CPU
		{6197DCF1-D059-4C67-BF42-4F5D64B24C29}.AppStore|iPhoneSimulator.Deploy.0 = Release|Any CPU
		{6197DCF1-D059-4C67-BF42-4F5D64B24C29}.AppStore|x64.ActiveCfg = Release|Any CPU
		{6197DCF1-D059-4C67-BF42-4F5D64B24C29}.AppStore|x64.Build.0 = Release|Any CPU
		{6197DCF1-D059-4C67-BF42-4F5D64B24C29}.AppStore|x64.Deploy.0 = Release|Any CPU
		{6197DCF1-D059-4C67-BF42-4F5D64B24C29}.AppStore|x86.ActiveCfg = Release|Any CPU
		{6197DCF1-D059-4C67-BF42-4F5D64B24C29}.AppStore|x86.Build.0 = Release|Any CPU
		{6197DCF1-D059-4C67-BF42-4F5D64B24C29}.AppStore|x86.Deploy.0 = Release|Any CPU
		{6197DCF1-D059-4C67-BF42-4F5D64B24C29}.Debug|Any CPU.ActiveCfg = Debug|Any CPU
		{6197DCF1-D059-4C67-BF42-4F5D64B24C29}.Debug|Any CPU.Build.0 = Debug|Any CPU
		{6197DCF1-D059-4C67-BF42-4F5D64B24C29}.Debug|Any CPU.Deploy.0 = Debug|Any CPU
		{6197DCF1-D059-4C67-BF42-4F5D64B24C29}.Debug|ARM.ActiveCfg = Debug|Any CPU
		{6197DCF1-D059-4C67-BF42-4F5D64B24C29}.Debug|ARM.Build.0 = Debug|Any CPU
		{6197DCF1-D059-4C67-BF42-4F5D64B24C29}.Debug|ARM.Deploy.0 = Debug|Any CPU
		{6197DCF1-D059-4C67-BF42-4F5D64B24C29}.Debug|iPhone.ActiveCfg = Debug|Any CPU
		{6197DCF1-D059-4C67-BF42-4F5D64B24C29}.Debug|iPhone.Build.0 = Debug|Any CPU
		{6197DCF1-D059-4C67-BF42-4F5D64B24C29}.Debug|iPhone.Deploy.0 = Debug|Any CPU
		{6197DCF1-D059-4C67-BF42-4F5D64B24C29}.Debug|iPhoneSimulator.ActiveCfg = Debug|Any CPU
		{6197DCF1-D059-4C67-BF42-4F5D64B24C29}.Debug|iPhoneSimulator.Build.0 = Debug|Any CPU
		{6197DCF1-D059-4C67-BF42-4F5D64B24C29}.Debug|iPhoneSimulator.Deploy.0 = Debug|Any CPU
		{6197DCF1-D059-4C67-BF42-4F5D64B24C29}.Debug|x64.ActiveCfg = Debug|Any CPU
		{6197DCF1-D059-4C67-BF42-4F5D64B24C29}.Debug|x64.Build.0 = Debug|Any CPU
		{6197DCF1-D059-4C67-BF42-4F5D64B24C29}.Debug|x64.Deploy.0 = Debug|Any CPU
		{6197DCF1-D059-4C67-BF42-4F5D64B24C29}.Debug|x86.ActiveCfg = Debug|Any CPU
		{6197DCF1-D059-4C67-BF42-4F5D64B24C29}.Debug|x86.Build.0 = Debug|Any CPU
		{6197DCF1-D059-4C67-BF42-4F5D64B24C29}.Debug|x86.Deploy.0 = Debug|Any CPU
		{6197DCF1-D059-4C67-BF42-4F5D64B24C29}.Release|Any CPU.ActiveCfg = Release|Any CPU
		{6197DCF1-D059-4C67-BF42-4F5D64B24C29}.Release|Any CPU.Build.0 = Release|Any CPU
		{6197DCF1-D059-4C67-BF42-4F5D64B24C29}.Release|Any CPU.Deploy.0 = Release|Any CPU
		{6197DCF1-D059-4C67-BF42-4F5D64B24C29}.Release|ARM.ActiveCfg = Release|Any CPU
		{6197DCF1-D059-4C67-BF42-4F5D64B24C29}.Release|ARM.Build.0 = Release|Any CPU
		{6197DCF1-D059-4C67-BF42-4F5D64B24C29}.Release|ARM.Deploy.0 = Release|Any CPU
		{6197DCF1-D059-4C67-BF42-4F5D64B24C29}.Release|iPhone.ActiveCfg = Release|Any CPU
		{6197DCF1-D059-4C67-BF42-4F5D64B24C29}.Release|iPhone.Build.0 = Release|Any CPU
		{6197DCF1-D059-4C67-BF42-4F5D64B24C29}.Release|iPhone.Deploy.0 = Release|Any CPU
		{6197DCF1-D059-4C67-BF42-4F5D64B24C29}.Release|iPhoneSimulator.ActiveCfg = Release|Any CPU
		{6197DCF1-D059-4C67-BF42-4F5D64B24C29}.Release|iPhoneSimulator.Build.0 = Release|Any CPU
		{6197DCF1-D059-4C67-BF42-4F5D64B24C29}.Release|iPhoneSimulator.Deploy.0 = Release|Any CPU
		{6197DCF1-D059-4C67-BF42-4F5D64B24C29}.Release|x64.ActiveCfg = Release|Any CPU
		{6197DCF1-D059-4C67-BF42-4F5D64B24C29}.Release|x64.Build.0 = Release|Any CPU
		{6197DCF1-D059-4C67-BF42-4F5D64B24C29}.Release|x64.Deploy.0 = Release|Any CPU
		{6197DCF1-D059-4C67-BF42-4F5D64B24C29}.Release|x86.ActiveCfg = Release|Any CPU
		{6197DCF1-D059-4C67-BF42-4F5D64B24C29}.Release|x86.Build.0 = Release|Any CPU
		{6197DCF1-D059-4C67-BF42-4F5D64B24C29}.Release|x86.Deploy.0 = Release|Any CPU
		{468D9AEF-8862-4A19-98AA-5297B1B54DFF}.Ad-Hoc|Any CPU.ActiveCfg = Ad-Hoc|iPhone
		{468D9AEF-8862-4A19-98AA-5297B1B54DFF}.Ad-Hoc|ARM.ActiveCfg = Ad-Hoc|iPhone
		{468D9AEF-8862-4A19-98AA-5297B1B54DFF}.Ad-Hoc|iPhone.ActiveCfg = Ad-Hoc|iPhone
		{468D9AEF-8862-4A19-98AA-5297B1B54DFF}.Ad-Hoc|iPhone.Build.0 = Ad-Hoc|iPhone
		{468D9AEF-8862-4A19-98AA-5297B1B54DFF}.Ad-Hoc|iPhoneSimulator.ActiveCfg = Ad-Hoc|iPhoneSimulator
		{468D9AEF-8862-4A19-98AA-5297B1B54DFF}.Ad-Hoc|iPhoneSimulator.Build.0 = Ad-Hoc|iPhoneSimulator
		{468D9AEF-8862-4A19-98AA-5297B1B54DFF}.Ad-Hoc|x64.ActiveCfg = Ad-Hoc|iPhone
		{468D9AEF-8862-4A19-98AA-5297B1B54DFF}.Ad-Hoc|x86.ActiveCfg = Ad-Hoc|iPhone
		{468D9AEF-8862-4A19-98AA-5297B1B54DFF}.AppStore|Any CPU.ActiveCfg = AppStore|iPhone
		{468D9AEF-8862-4A19-98AA-5297B1B54DFF}.AppStore|ARM.ActiveCfg = AppStore|iPhone
		{468D9AEF-8862-4A19-98AA-5297B1B54DFF}.AppStore|iPhone.ActiveCfg = AppStore|iPhone
		{468D9AEF-8862-4A19-98AA-5297B1B54DFF}.AppStore|iPhone.Build.0 = AppStore|iPhone
		{468D9AEF-8862-4A19-98AA-5297B1B54DFF}.AppStore|iPhoneSimulator.ActiveCfg = AppStore|iPhoneSimulator
		{468D9AEF-8862-4A19-98AA-5297B1B54DFF}.AppStore|iPhoneSimulator.Build.0 = AppStore|iPhoneSimulator
		{468D9AEF-8862-4A19-98AA-5297B1B54DFF}.AppStore|x64.ActiveCfg = AppStore|iPhone
		{468D9AEF-8862-4A19-98AA-5297B1B54DFF}.AppStore|x86.ActiveCfg = AppStore|iPhone
		{468D9AEF-8862-4A19-98AA-5297B1B54DFF}.Debug|Any CPU.ActiveCfg = Debug|iPhone
		{468D9AEF-8862-4A19-98AA-5297B1B54DFF}.Debug|ARM.ActiveCfg = Debug|iPhone
		{468D9AEF-8862-4A19-98AA-5297B1B54DFF}.Debug|iPhone.ActiveCfg = Debug|iPhone
		{468D9AEF-8862-4A19-98AA-5297B1B54DFF}.Debug|iPhone.Build.0 = Debug|iPhone
		{468D9AEF-8862-4A19-98AA-5297B1B54DFF}.Debug|iPhoneSimulator.ActiveCfg = Debug|iPhoneSimulator
		{468D9AEF-8862-4A19-98AA-5297B1B54DFF}.Debug|iPhoneSimulator.Build.0 = Debug|iPhoneSimulator
		{468D9AEF-8862-4A19-98AA-5297B1B54DFF}.Debug|x64.ActiveCfg = Debug|iPhone
		{468D9AEF-8862-4A19-98AA-5297B1B54DFF}.Debug|x86.ActiveCfg = Debug|iPhone
		{468D9AEF-8862-4A19-98AA-5297B1B54DFF}.Release|Any CPU.ActiveCfg = Release|iPhone
		{468D9AEF-8862-4A19-98AA-5297B1B54DFF}.Release|ARM.ActiveCfg = Release|iPhone
		{468D9AEF-8862-4A19-98AA-5297B1B54DFF}.Release|iPhone.ActiveCfg = Release|iPhone
		{468D9AEF-8862-4A19-98AA-5297B1B54DFF}.Release|iPhone.Build.0 = Release|iPhone
		{468D9AEF-8862-4A19-98AA-5297B1B54DFF}.Release|iPhoneSimulator.ActiveCfg = Release|iPhoneSimulator
		{468D9AEF-8862-4A19-98AA-5297B1B54DFF}.Release|iPhoneSimulator.Build.0 = Release|iPhoneSimulator
		{468D9AEF-8862-4A19-98AA-5297B1B54DFF}.Release|x64.ActiveCfg = Release|iPhone
		{468D9AEF-8862-4A19-98AA-5297B1B54DFF}.Release|x86.ActiveCfg = Release|iPhone
		{6A72F1C2-2FBD-4975-90DB-B16D15DC2332}.Ad-Hoc|Any CPU.ActiveCfg = Release|x86
		{6A72F1C2-2FBD-4975-90DB-B16D15DC2332}.Ad-Hoc|Any CPU.Build.0 = Release|x86
		{6A72F1C2-2FBD-4975-90DB-B16D15DC2332}.Ad-Hoc|Any CPU.Deploy.0 = Release|x86
		{6A72F1C2-2FBD-4975-90DB-B16D15DC2332}.Ad-Hoc|ARM.ActiveCfg = Release|ARM
		{6A72F1C2-2FBD-4975-90DB-B16D15DC2332}.Ad-Hoc|ARM.Build.0 = Release|ARM
		{6A72F1C2-2FBD-4975-90DB-B16D15DC2332}.Ad-Hoc|ARM.Deploy.0 = Release|ARM
		{6A72F1C2-2FBD-4975-90DB-B16D15DC2332}.Ad-Hoc|iPhone.ActiveCfg = Release|x86
		{6A72F1C2-2FBD-4975-90DB-B16D15DC2332}.Ad-Hoc|iPhone.Build.0 = Release|x86
		{6A72F1C2-2FBD-4975-90DB-B16D15DC2332}.Ad-Hoc|iPhone.Deploy.0 = Release|x86
		{6A72F1C2-2FBD-4975-90DB-B16D15DC2332}.Ad-Hoc|iPhoneSimulator.ActiveCfg = Release|x86
		{6A72F1C2-2FBD-4975-90DB-B16D15DC2332}.Ad-Hoc|iPhoneSimulator.Build.0 = Release|x86
		{6A72F1C2-2FBD-4975-90DB-B16D15DC2332}.Ad-Hoc|iPhoneSimulator.Deploy.0 = Release|x86
		{6A72F1C2-2FBD-4975-90DB-B16D15DC2332}.Ad-Hoc|x64.ActiveCfg = Release|x64
		{6A72F1C2-2FBD-4975-90DB-B16D15DC2332}.Ad-Hoc|x64.Build.0 = Release|x64
		{6A72F1C2-2FBD-4975-90DB-B16D15DC2332}.Ad-Hoc|x64.Deploy.0 = Release|x64
		{6A72F1C2-2FBD-4975-90DB-B16D15DC2332}.Ad-Hoc|x86.ActiveCfg = Release|x86
		{6A72F1C2-2FBD-4975-90DB-B16D15DC2332}.Ad-Hoc|x86.Build.0 = Release|x86
		{6A72F1C2-2FBD-4975-90DB-B16D15DC2332}.Ad-Hoc|x86.Deploy.0 = Release|x86
		{6A72F1C2-2FBD-4975-90DB-B16D15DC2332}.AppStore|Any CPU.ActiveCfg = Release|x86
		{6A72F1C2-2FBD-4975-90DB-B16D15DC2332}.AppStore|Any CPU.Build.0 = Release|x86
		{6A72F1C2-2FBD-4975-90DB-B16D15DC2332}.AppStore|Any CPU.Deploy.0 = Release|x86
		{6A72F1C2-2FBD-4975-90DB-B16D15DC2332}.AppStore|ARM.ActiveCfg = Release|ARM
		{6A72F1C2-2FBD-4975-90DB-B16D15DC2332}.AppStore|ARM.Build.0 = Release|ARM
		{6A72F1C2-2FBD-4975-90DB-B16D15DC2332}.AppStore|ARM.Deploy.0 = Release|ARM
		{6A72F1C2-2FBD-4975-90DB-B16D15DC2332}.AppStore|iPhone.ActiveCfg = Release|x86
		{6A72F1C2-2FBD-4975-90DB-B16D15DC2332}.AppStore|iPhone.Build.0 = Release|x86
		{6A72F1C2-2FBD-4975-90DB-B16D15DC2332}.AppStore|iPhone.Deploy.0 = Release|x86
		{6A72F1C2-2FBD-4975-90DB-B16D15DC2332}.AppStore|iPhoneSimulator.ActiveCfg = Release|x86
		{6A72F1C2-2FBD-4975-90DB-B16D15DC2332}.AppStore|iPhoneSimulator.Build.0 = Release|x86
		{6A72F1C2-2FBD-4975-90DB-B16D15DC2332}.AppStore|iPhoneSimulator.Deploy.0 = Release|x86
		{6A72F1C2-2FBD-4975-90DB-B16D15DC2332}.AppStore|x64.ActiveCfg = Release|x64
		{6A72F1C2-2FBD-4975-90DB-B16D15DC2332}.AppStore|x64.Build.0 = Release|x64
		{6A72F1C2-2FBD-4975-90DB-B16D15DC2332}.AppStore|x64.Deploy.0 = Release|x64
		{6A72F1C2-2FBD-4975-90DB-B16D15DC2332}.AppStore|x86.ActiveCfg = Release|x86
		{6A72F1C2-2FBD-4975-90DB-B16D15DC2332}.AppStore|x86.Build.0 = Release|x86
		{6A72F1C2-2FBD-4975-90DB-B16D15DC2332}.AppStore|x86.Deploy.0 = Release|x86
		{6A72F1C2-2FBD-4975-90DB-B16D15DC2332}.Debug|Any CPU.ActiveCfg = Debug|x86
		{6A72F1C2-2FBD-4975-90DB-B16D15DC2332}.Debug|ARM.ActiveCfg = Debug|ARM
		{6A72F1C2-2FBD-4975-90DB-B16D15DC2332}.Debug|ARM.Build.0 = Debug|ARM
		{6A72F1C2-2FBD-4975-90DB-B16D15DC2332}.Debug|ARM.Deploy.0 = Debug|ARM
		{6A72F1C2-2FBD-4975-90DB-B16D15DC2332}.Debug|iPhone.ActiveCfg = Debug|x86
		{6A72F1C2-2FBD-4975-90DB-B16D15DC2332}.Debug|iPhoneSimulator.ActiveCfg = Debug|x86
		{6A72F1C2-2FBD-4975-90DB-B16D15DC2332}.Debug|x64.ActiveCfg = Debug|x64
		{6A72F1C2-2FBD-4975-90DB-B16D15DC2332}.Debug|x64.Build.0 = Debug|x64
		{6A72F1C2-2FBD-4975-90DB-B16D15DC2332}.Debug|x64.Deploy.0 = Debug|x64
		{6A72F1C2-2FBD-4975-90DB-B16D15DC2332}.Debug|x86.ActiveCfg = Debug|x86
		{6A72F1C2-2FBD-4975-90DB-B16D15DC2332}.Debug|x86.Build.0 = Debug|x86
		{6A72F1C2-2FBD-4975-90DB-B16D15DC2332}.Debug|x86.Deploy.0 = Debug|x86
		{6A72F1C2-2FBD-4975-90DB-B16D15DC2332}.Release|Any CPU.ActiveCfg = Release|x86
		{6A72F1C2-2FBD-4975-90DB-B16D15DC2332}.Release|ARM.ActiveCfg = Release|ARM
		{6A72F1C2-2FBD-4975-90DB-B16D15DC2332}.Release|ARM.Build.0 = Release|ARM
		{6A72F1C2-2FBD-4975-90DB-B16D15DC2332}.Release|ARM.Deploy.0 = Release|ARM
		{6A72F1C2-2FBD-4975-90DB-B16D15DC2332}.Release|iPhone.ActiveCfg = Release|x86
		{6A72F1C2-2FBD-4975-90DB-B16D15DC2332}.Release|iPhoneSimulator.ActiveCfg = Release|x86
		{6A72F1C2-2FBD-4975-90DB-B16D15DC2332}.Release|x64.ActiveCfg = Release|x64
		{6A72F1C2-2FBD-4975-90DB-B16D15DC2332}.Release|x64.Build.0 = Release|x64
		{6A72F1C2-2FBD-4975-90DB-B16D15DC2332}.Release|x64.Deploy.0 = Release|x64
		{6A72F1C2-2FBD-4975-90DB-B16D15DC2332}.Release|x86.ActiveCfg = Release|x86
		{6A72F1C2-2FBD-4975-90DB-B16D15DC2332}.Release|x86.Build.0 = Release|x86
		{6A72F1C2-2FBD-4975-90DB-B16D15DC2332}.Release|x86.Deploy.0 = Release|x86
	EndGlobalSection
	GlobalSection(SolutionProperties) = preSolution
		HideSolutionNode = FALSE
	EndGlobalSection
	GlobalSection(ExtensibilityGlobals) = postSolution
		SolutionGuid = {7B725473-D98F-485F-9FA6-5C474B98A3AD}
	EndGlobalSection
EndGlobal
