
Microsoft Visual Studio Solution File, Format Version 12.00
# Visual Studio 15
VisualStudioVersion = 15.0.26730.8
MinimumVisualStudioVersion = 10.0.40219.1
Project("{D954291E-2A0B-460D-934E-DC6B0785DB48}") = "TouchGame", "TouchGame\TouchGame\TouchGame.shproj", "{B80916B7-FF7B-4AA9-9D32-3EDD691B2791}"
EndProject
Project("{FAE04EC0-301F-11D3-BF4B-00C04F79EFBC}") = "TouchGame.Android", "TouchGame\TouchGame.Android\TouchGame.Android.csproj", "{C44491DC-1765-4022-93F5-8C6146310EF1}"
EndProject
Project("{FAE04EC0-301F-11D3-BF4B-00C04F79EFBC}") = "TouchGame.iOS", "TouchGame\TouchGame.iOS\TouchGame.iOS.csproj", "{A5DE9BF6-AB71-4E80-827D-922B3F3E39BF}"
EndProject
Project("{FAE04EC0-301F-11D3-BF4B-00C04F79EFBC}") = "TouchGame.UWP", "TouchGame\TouchGame.UWP\TouchGame.UWP.csproj", "{50991E03-A3D6-4A7E-9CEB-2683D65128AA}"
EndProject
Global
	GlobalSection(SharedMSBuildProjectFiles) = preSolution
		TouchGame\TouchGame\TouchGame.projitems*{50991e03-a3d6-4a7e-9ceb-2683d65128aa}*SharedItemsImports = 4
		TouchGame\TouchGame\TouchGame.projitems*{a5de9bf6-ab71-4e80-827d-922b3f3e39bf}*SharedItemsImports = 4
		TouchGame\TouchGame\TouchGame.projitems*{b80916b7-ff7b-4aa9-9d32-3edd691b2791}*SharedItemsImports = 13
		TouchGame\TouchGame\TouchGame.projitems*{c44491dc-1765-4022-93f5-8c6146310ef1}*SharedItemsImports = 4
	EndGlobalSection
	GlobalSection(SolutionConfigurationPlatforms) = preSolution
		Ad-Hoc|Any CPU = Ad-Hoc|Any CPU
		Ad-Hoc|ARM = Ad-Hoc|ARM
		Ad-Hoc|iPhone = Ad-Hoc|iPhone
		Ad-Hoc|iPhoneSimulator = Ad-Hoc|iPhoneSimulator
		Ad-Hoc|x64 = Ad-Hoc|x64
		Ad-Hoc|x86 = Ad-Hoc|x86
		AppStore|Any CPU = AppStore|Any CPU
		AppStore|ARM = AppStore|ARM
		AppStore|iPhone = AppStore|iPhone
		AppStore|iPhoneSimulator = AppStore|iPhoneSimulator
		AppStore|x64 = AppStore|x64
		AppStore|x86 = AppStore|x86
		Debug|Any CPU = Debug|Any CPU
		Debug|ARM = Debug|ARM
		Debug|iPhone = Debug|iPhone
		Debug|iPhoneSimulator = Debug|iPhoneSimulator
		Debug|x64 = Debug|x64
		Debug|x86 = Debug|x86
		Release|Any CPU = Release|Any CPU
		Release|ARM = Release|ARM
		Release|iPhone = Release|iPhone
		Release|iPhoneSimulator = Release|iPhoneSimulator
		Release|x64 = Release|x64
		Release|x86 = Release|x86
	EndGlobalSection
	GlobalSection(ProjectConfigurationPlatforms) = postSolution
		{C44491DC-1765-4022-93F5-8C6146310EF1}.Ad-Hoc|Any CPU.ActiveCfg = Release|Any CPU
		{C44491DC-1765-4022-93F5-8C6146310EF1}.Ad-Hoc|Any CPU.Build.0 = Release|Any CPU
		{C44491DC-1765-4022-93F5-8C6146310EF1}.Ad-Hoc|Any CPU.Deploy.0 = Release|Any CPU
		{C44491DC-1765-4022-93F5-8C6146310EF1}.Ad-Hoc|ARM.ActiveCfg = Release|Any CPU
		{C44491DC-1765-4022-93F5-8C6146310EF1}.Ad-Hoc|ARM.Build.0 = Release|Any CPU
		{C44491DC-1765-4022-93F5-8C6146310EF1}.Ad-Hoc|ARM.Deploy.0 = Release|Any CPU
		{C44491DC-1765-4022-93F5-8C6146310EF1}.Ad-Hoc|iPhone.ActiveCfg = Release|Any CPU
		{C44491DC-1765-4022-93F5-8C6146310EF1}.Ad-Hoc|iPhone.Build.0 = Release|Any CPU
		{C44491DC-1765-4022-93F5-8C6146310EF1}.Ad-Hoc|iPhone.Deploy.0 = Release|Any CPU
		{C44491DC-1765-4022-93F5-8C6146310EF1}.Ad-Hoc|iPhoneSimulator.ActiveCfg = Release|Any CPU
		{C44491DC-1765-4022-93F5-8C6146310EF1}.Ad-Hoc|iPhoneSimulator.Build.0 = Release|Any CPU
		{C44491DC-1765-4022-93F5-8C6146310EF1}.Ad-Hoc|iPhoneSimulator.Deploy.0 = Release|Any CPU
		{C44491DC-1765-4022-93F5-8C6146310EF1}.Ad-Hoc|x64.ActiveCfg = Release|Any CPU
		{C44491DC-1765-4022-93F5-8C6146310EF1}.Ad-Hoc|x64.Build.0 = Release|Any CPU
		{C44491DC-1765-4022-93F5-8C6146310EF1}.Ad-Hoc|x64.Deploy.0 = Release|Any CPU
		{C44491DC-1765-4022-93F5-8C6146310EF1}.Ad-Hoc|x86.ActiveCfg = Release|Any CPU
		{C44491DC-1765-4022-93F5-8C6146310EF1}.Ad-Hoc|x86.Build.0 = Release|Any CPU
		{C44491DC-1765-4022-93F5-8C6146310EF1}.Ad-Hoc|x86.Deploy.0 = Release|Any CPU
		{C44491DC-1765-4022-93F5-8C6146310EF1}.AppStore|Any CPU.ActiveCfg = Release|Any CPU
		{C44491DC-1765-4022-93F5-8C6146310EF1}.AppStore|Any CPU.Build.0 = Release|Any CPU
		{C44491DC-1765-4022-93F5-8C6146310EF1}.AppStore|Any CPU.Deploy.0 = Release|Any CPU
		{C44491DC-1765-4022-93F5-8C6146310EF1}.AppStore|ARM.ActiveCfg = Release|Any CPU
		{C44491DC-1765-4022-93F5-8C6146310EF1}.AppStore|ARM.Build.0 = Release|Any CPU
		{C44491DC-1765-4022-93F5-8C6146310EF1}.AppStore|ARM.Deploy.0 = Release|Any CPU
		{C44491DC-1765-4022-93F5-8C6146310EF1}.AppStore|iPhone.ActiveCfg = Release|Any CPU
		{C44491DC-1765-4022-93F5-8C6146310EF1}.AppStore|iPhone.Build.0 = Release|Any CPU
		{C44491DC-1765-4022-93F5-8C6146310EF1}.AppStore|iPhone.Deploy.0 = Release|Any CPU
		{C44491DC-1765-4022-93F5-8C6146310EF1}.AppStore|iPhoneSimulator.ActiveCfg = Release|Any CPU
		{C44491DC-1765-4022-93F5-8C6146310EF1}.AppStore|iPhoneSimulator.Build.0 = Release|Any CPU
		{C44491DC-1765-4022-93F5-8C6146310EF1}.AppStore|iPhoneSimulator.Deploy.0 = Release|Any CPU
		{C44491DC-1765-4022-93F5-8C6146310EF1}.AppStore|x64.ActiveCfg = Release|Any CPU
		{C44491DC-1765-4022-93F5-8C6146310EF1}.AppStore|x64.Build.0 = Release|Any CPU
		{C44491DC-1765-4022-93F5-8C6146310EF1}.AppStore|x64.Deploy.0 = Release|Any CPU
		{C44491DC-1765-4022-93F5-8C6146310EF1}.AppStore|x86.ActiveCfg = Release|Any CPU
		{C44491DC-1765-4022-93F5-8C6146310EF1}.AppStore|x86.Build.0 = Release|Any CPU
		{C44491DC-1765-4022-93F5-8C6146310EF1}.AppStore|x86.Deploy.0 = Release|Any CPU
		{C44491DC-1765-4022-93F5-8C6146310EF1}.Debug|Any CPU.ActiveCfg = Debug|Any CPU
		{C44491DC-1765-4022-93F5-8C6146310EF1}.Debug|Any CPU.Build.0 = Debug|Any CPU
		{C44491DC-1765-4022-93F5-8C6146310EF1}.Debug|Any CPU.Deploy.0 = Debug|Any CPU
		{C44491DC-1765-4022-93F5-8C6146310EF1}.Debug|ARM.ActiveCfg = Debug|Any CPU
		{C44491DC-1765-4022-93F5-8C6146310EF1}.Debug|ARM.Build.0 = Debug|Any CPU
		{C44491DC-1765-4022-93F5-8C6146310EF1}.Debug|ARM.Deploy.0 = Debug|Any CPU
		{C44491DC-1765-4022-93F5-8C6146310EF1}.Debug|iPhone.ActiveCfg = Debug|Any CPU
		{C44491DC-1765-4022-93F5-8C6146310EF1}.Debug|iPhone.Build.0 = Debug|Any CPU
		{C44491DC-1765-4022-93F5-8C6146310EF1}.Debug|iPhone.Deploy.0 = Debug|Any CPU
		{C44491DC-1765-4022-93F5-8C6146310EF1}.Debug|iPhoneSimulator.ActiveCfg = Debug|Any CPU
		{C44491DC-1765-4022-93F5-8C6146310EF1}.Debug|iPhoneSimulator.Build.0 = Debug|Any CPU
		{C44491DC-1765-4022-93F5-8C6146310EF1}.Debug|iPhoneSimulator.Deploy.0 = Debug|Any CPU
		{C44491DC-1765-4022-93F5-8C6146310EF1}.Debug|x64.ActiveCfg = Debug|Any CPU
		{C44491DC-1765-4022-93F5-8C6146310EF1}.Debug|x64.Build.0 = Debug|Any CPU
		{C44491DC-1765-4022-93F5-8C6146310EF1}.Debug|x64.Deploy.0 = Debug|Any CPU
		{C44491DC-1765-4022-93F5-8C6146310EF1}.Debug|x86.ActiveCfg = Debug|Any CPU
		{C44491DC-1765-4022-93F5-8C6146310EF1}.Debug|x86.Build.0 = Debug|Any CPU
		{C44491DC-1765-4022-93F5-8C6146310EF1}.Debug|x86.Deploy.0 = Debug|Any CPU
		{C44491DC-1765-4022-93F5-8C6146310EF1}.Release|Any CPU.ActiveCfg = Release|Any CPU
		{C44491DC-1765-4022-93F5-8C6146310EF1}.Release|Any CPU.Build.0 = Release|Any CPU
		{C44491DC-1765-4022-93F5-8C6146310EF1}.Release|Any CPU.Deploy.0 = Release|Any CPU
		{C44491DC-1765-4022-93F5-8C6146310EF1}.Release|ARM.ActiveCfg = Release|Any CPU
		{C44491DC-1765-4022-93F5-8C6146310EF1}.Release|ARM.Build.0 = Release|Any CPU
		{C44491DC-1765-4022-93F5-8C6146310EF1}.Release|ARM.Deploy.0 = Release|Any CPU
		{C44491DC-1765-4022-93F5-8C6146310EF1}.Release|iPhone.ActiveCfg = Release|Any CPU
		{C44491DC-1765-4022-93F5-8C6146310EF1}.Release|iPhone.Build.0 = Release|Any CPU
		{C44491DC-1765-4022-93F5-8C6146310EF1}.Release|iPhone.Deploy.0 = Release|Any CPU
		{C44491DC-1765-4022-93F5-8C6146310EF1}.Release|iPhoneSimulator.ActiveCfg = Release|Any CPU
		{C44491DC-1765-4022-93F5-8C6146310EF1}.Release|iPhoneSimulator.Build.0 = Release|Any CPU
		{C44491DC-1765-4022-93F5-8C6146310EF1}.Release|iPhoneSimulator.Deploy.0 = Release|Any CPU
		{C44491DC-1765-4022-93F5-8C6146310EF1}.Release|x64.ActiveCfg = Release|Any CPU
		{C44491DC-1765-4022-93F5-8C6146310EF1}.Release|x64.Build.0 = Release|Any CPU
		{C44491DC-1765-4022-93F5-8C6146310EF1}.Release|x64.Deploy.0 = Release|Any CPU
		{C44491DC-1765-4022-93F5-8C6146310EF1}.Release|x86.ActiveCfg = Release|Any CPU
		{C44491DC-1765-4022-93F5-8C6146310EF1}.Release|x86.Build.0 = Release|Any CPU
		{C44491DC-1765-4022-93F5-8C6146310EF1}.Release|x86.Deploy.0 = Release|Any CPU
		{A5DE9BF6-AB71-4E80-827D-922B3F3E39BF}.Ad-Hoc|Any CPU.ActiveCfg = Ad-Hoc|iPhone
		{A5DE9BF6-AB71-4E80-827D-922B3F3E39BF}.Ad-Hoc|ARM.ActiveCfg = Ad-Hoc|iPhone
		{A5DE9BF6-AB71-4E80-827D-922B3F3E39BF}.Ad-Hoc|iPhone.ActiveCfg = Ad-Hoc|iPhone
		{A5DE9BF6-AB71-4E80-827D-922B3F3E39BF}.Ad-Hoc|iPhone.Build.0 = Ad-Hoc|iPhone
		{A5DE9BF6-AB71-4E80-827D-922B3F3E39BF}.Ad-Hoc|iPhoneSimulator.ActiveCfg = Ad-Hoc|iPhoneSimulator
		{A5DE9BF6-AB71-4E80-827D-922B3F3E39BF}.Ad-Hoc|iPhoneSimulator.Build.0 = Ad-Hoc|iPhoneSimulator
		{A5DE9BF6-AB71-4E80-827D-922B3F3E39BF}.Ad-Hoc|x64.ActiveCfg = Ad-Hoc|iPhone
		{A5DE9BF6-AB71-4E80-827D-922B3F3E39BF}.Ad-Hoc|x86.ActiveCfg = Ad-Hoc|iPhone
		{A5DE9BF6-AB71-4E80-827D-922B3F3E39BF}.AppStore|Any CPU.ActiveCfg = AppStore|iPhone
		{A5DE9BF6-AB71-4E80-827D-922B3F3E39BF}.AppStore|ARM.ActiveCfg = AppStore|iPhone
		{A5DE9BF6-AB71-4E80-827D-922B3F3E39BF}.AppStore|iPhone.ActiveCfg = AppStore|iPhone
		{A5DE9BF6-AB71-4E80-827D-922B3F3E39BF}.AppStore|iPhone.Build.0 = AppStore|iPhone
		{A5DE9BF6-AB71-4E80-827D-922B3F3E39BF}.AppStore|iPhoneSimulator.ActiveCfg = AppStore|iPhoneSimulator
		{A5DE9BF6-AB71-4E80-827D-922B3F3E39BF}.AppStore|iPhoneSimulator.Build.0 = AppStore|iPhoneSimulator
		{A5DE9BF6-AB71-4E80-827D-922B3F3E39BF}.AppStore|x64.ActiveCfg = AppStore|iPhone
		{A5DE9BF6-AB71-4E80-827D-922B3F3E39BF}.AppStore|x86.ActiveCfg = AppStore|iPhone
		{A5DE9BF6-AB71-4E80-827D-922B3F3E39BF}.Debug|Any CPU.ActiveCfg = Debug|iPhone
		{A5DE9BF6-AB71-4E80-827D-922B3F3E39BF}.Debug|ARM.ActiveCfg = Debug|iPhone
		{A5DE9BF6-AB71-4E80-827D-922B3F3E39BF}.Debug|iPhone.ActiveCfg = Debug|iPhone
		{A5DE9BF6-AB71-4E80-827D-922B3F3E39BF}.Debug|iPhone.Build.0 = Debug|iPhone
		{A5DE9BF6-AB71-4E80-827D-922B3F3E39BF}.Debug|iPhoneSimulator.ActiveCfg = Debug|iPhoneSimulator
		{A5DE9BF6-AB71-4E80-827D-922B3F3E39BF}.Debug|iPhoneSimulator.Build.0 = Debug|iPhoneSimulator
		{A5DE9BF6-AB71-4E80-827D-922B3F3E39BF}.Debug|x64.ActiveCfg = Debug|iPhone
		{A5DE9BF6-AB71-4E80-827D-922B3F3E39BF}.Debug|x86.ActiveCfg = Debug|iPhone
		{A5DE9BF6-AB71-4E80-827D-922B3F3E39BF}.Release|Any CPU.ActiveCfg = Release|iPhone
		{A5DE9BF6-AB71-4E80-827D-922B3F3E39BF}.Release|ARM.ActiveCfg = Release|iPhone
		{A5DE9BF6-AB71-4E80-827D-922B3F3E39BF}.Release|iPhone.ActiveCfg = Release|iPhone
		{A5DE9BF6-AB71-4E80-827D-922B3F3E39BF}.Release|iPhone.Build.0 = Release|iPhone
		{A5DE9BF6-AB71-4E80-827D-922B3F3E39BF}.Release|iPhoneSimulator.ActiveCfg = Release|iPhoneSimulator
		{A5DE9BF6-AB71-4E80-827D-922B3F3E39BF}.Release|iPhoneSimulator.Build.0 = Release|iPhoneSimulator
		{A5DE9BF6-AB71-4E80-827D-922B3F3E39BF}.Release|x64.ActiveCfg = Release|iPhone
		{A5DE9BF6-AB71-4E80-827D-922B3F3E39BF}.Release|x86.ActiveCfg = Release|iPhone
		{50991E03-A3D6-4A7E-9CEB-2683D65128AA}.Ad-Hoc|Any CPU.ActiveCfg = Release|x86
		{50991E03-A3D6-4A7E-9CEB-2683D65128AA}.Ad-Hoc|Any CPU.Build.0 = Release|x86
		{50991E03-A3D6-4A7E-9CEB-2683D65128AA}.Ad-Hoc|Any CPU.Deploy.0 = Release|x86
		{50991E03-A3D6-4A7E-9CEB-2683D65128AA}.Ad-Hoc|ARM.ActiveCfg = Release|ARM
		{50991E03-A3D6-4A7E-9CEB-2683D65128AA}.Ad-Hoc|ARM.Build.0 = Release|ARM
		{50991E03-A3D6-4A7E-9CEB-2683D65128AA}.Ad-Hoc|ARM.Deploy.0 = Release|ARM
		{50991E03-A3D6-4A7E-9CEB-2683D65128AA}.Ad-Hoc|iPhone.ActiveCfg = Release|x86
		{50991E03-A3D6-4A7E-9CEB-2683D65128AA}.Ad-Hoc|iPhone.Build.0 = Release|x86
		{50991E03-A3D6-4A7E-9CEB-2683D65128AA}.Ad-Hoc|iPhone.Deploy.0 = Release|x86
		{50991E03-A3D6-4A7E-9CEB-2683D65128AA}.Ad-Hoc|iPhoneSimulator.ActiveCfg = Release|x86
		{50991E03-A3D6-4A7E-9CEB-2683D65128AA}.Ad-Hoc|iPhoneSimulator.Build.0 = Release|x86
		{50991E03-A3D6-4A7E-9CEB-2683D65128AA}.Ad-Hoc|iPhoneSimulator.Deploy.0 = Release|x86
		{50991E03-A3D6-4A7E-9CEB-2683D65128AA}.Ad-Hoc|x64.ActiveCfg = Release|x64
		{50991E03-A3D6-4A7E-9CEB-2683D65128AA}.Ad-Hoc|x64.Build.0 = Release|x64
		{50991E03-A3D6-4A7E-9CEB-2683D65128AA}.Ad-Hoc|x64.Deploy.0 = Release|x64
		{50991E03-A3D6-4A7E-9CEB-2683D65128AA}.Ad-Hoc|x86.ActiveCfg = Release|x86
		{50991E03-A3D6-4A7E-9CEB-2683D65128AA}.Ad-Hoc|x86.Build.0 = Release|x86
		{50991E03-A3D6-4A7E-9CEB-2683D65128AA}.Ad-Hoc|x86.Deploy.0 = Release|x86
		{50991E03-A3D6-4A7E-9CEB-2683D65128AA}.AppStore|Any CPU.ActiveCfg = Release|x86
		{50991E03-A3D6-4A7E-9CEB-2683D65128AA}.AppStore|Any CPU.Build.0 = Release|x86
		{50991E03-A3D6-4A7E-9CEB-2683D65128AA}.AppStore|Any CPU.Deploy.0 = Release|x86
		{50991E03-A3D6-4A7E-9CEB-2683D65128AA}.AppStore|ARM.ActiveCfg = Release|ARM
		{50991E03-A3D6-4A7E-9CEB-2683D65128AA}.AppStore|ARM.Build.0 = Release|ARM
		{50991E03-A3D6-4A7E-9CEB-2683D65128AA}.AppStore|ARM.Deploy.0 = Release|ARM
		{50991E03-A3D6-4A7E-9CEB-2683D65128AA}.AppStore|iPhone.ActiveCfg = Release|x86
		{50991E03-A3D6-4A7E-9CEB-2683D65128AA}.AppStore|iPhone.Build.0 = Release|x86
		{50991E03-A3D6-4A7E-9CEB-2683D65128AA}.AppStore|iPhone.Deploy.0 = Release|x86
		{50991E03-A3D6-4A7E-9CEB-2683D65128AA}.AppStore|iPhoneSimulator.ActiveCfg = Release|x86
		{50991E03-A3D6-4A7E-9CEB-2683D65128AA}.AppStore|iPhoneSimulator.Build.0 = Release|x86
		{50991E03-A3D6-4A7E-9CEB-2683D65128AA}.AppStore|iPhoneSimulator.Deploy.0 = Release|x86
		{50991E03-A3D6-4A7E-9CEB-2683D65128AA}.AppStore|x64.ActiveCfg = Release|x64
		{50991E03-A3D6-4A7E-9CEB-2683D65128AA}.AppStore|x64.Build.0 = Release|x64
		{50991E03-A3D6-4A7E-9CEB-2683D65128AA}.AppStore|x64.Deploy.0 = Release|x64
		{50991E03-A3D6-4A7E-9CEB-2683D65128AA}.AppStore|x86.ActiveCfg = Release|x86
		{50991E03-A3D6-4A7E-9CEB-2683D65128AA}.AppStore|x86.Build.0 = Release|x86
		{50991E03-A3D6-4A7E-9CEB-2683D65128AA}.AppStore|x86.Deploy.0 = Release|x86
		{50991E03-A3D6-4A7E-9CEB-2683D65128AA}.Debug|Any CPU.ActiveCfg = Debug|x86
		{50991E03-A3D6-4A7E-9CEB-2683D65128AA}.Debug|ARM.ActiveCfg = Debug|ARM
		{50991E03-A3D6-4A7E-9CEB-2683D65128AA}.Debug|ARM.Build.0 = Debug|ARM
		{50991E03-A3D6-4A7E-9CEB-2683D65128AA}.Debug|ARM.Deploy.0 = Debug|ARM
		{50991E03-A3D6-4A7E-9CEB-2683D65128AA}.Debug|iPhone.ActiveCfg = Debug|x86
		{50991E03-A3D6-4A7E-9CEB-2683D65128AA}.Debug|iPhoneSimulator.ActiveCfg = Debug|x86
		{50991E03-A3D6-4A7E-9CEB-2683D65128AA}.Debug|x64.ActiveCfg = Debug|x64
		{50991E03-A3D6-4A7E-9CEB-2683D65128AA}.Debug|x64.Build.0 = Debug|x64
		{50991E03-A3D6-4A7E-9CEB-2683D65128AA}.Debug|x64.Deploy.0 = Debug|x64
		{50991E03-A3D6-4A7E-9CEB-2683D65128AA}.Debug|x86.ActiveCfg = Debug|x86
		{50991E03-A3D6-4A7E-9CEB-2683D65128AA}.Debug|x86.Build.0 = Debug|x86
		{50991E03-A3D6-4A7E-9CEB-2683D65128AA}.Debug|x86.Deploy.0 = Debug|x86
		{50991E03-A3D6-4A7E-9CEB-2683D65128AA}.Release|Any CPU.ActiveCfg = Release|x86
		{50991E03-A3D6-4A7E-9CEB-2683D65128AA}.Release|ARM.ActiveCfg = Release|ARM
		{50991E03-A3D6-4A7E-9CEB-2683D65128AA}.Release|ARM.Build.0 = Release|ARM
		{50991E03-A3D6-4A7E-9CEB-2683D65128AA}.Release|ARM.Deploy.0 = Release|ARM
		{50991E03-A3D6-4A7E-9CEB-2683D65128AA}.Release|iPhone.ActiveCfg = Release|x86
		{50991E03-A3D6-4A7E-9CEB-2683D65128AA}.Release|iPhoneSimulator.ActiveCfg = Release|x86
		{50991E03-A3D6-4A7E-9CEB-2683D65128AA}.Release|x64.ActiveCfg = Release|x64
		{50991E03-A3D6-4A7E-9CEB-2683D65128AA}.Release|x64.Build.0 = Release|x64
		{50991E03-A3D6-4A7E-9CEB-2683D65128AA}.Release|x64.Deploy.0 = Release|x64
		{50991E03-A3D6-4A7E-9CEB-2683D65128AA}.Release|x86.ActiveCfg = Release|x86
		{50991E03-A3D6-4A7E-9CEB-2683D65128AA}.Release|x86.Build.0 = Release|x86
		{50991E03-A3D6-4A7E-9CEB-2683D65128AA}.Release|x86.Deploy.0 = Release|x86
	EndGlobalSection
	GlobalSection(SolutionProperties) = preSolution
		HideSolutionNode = FALSE
	EndGlobalSection
	GlobalSection(ExtensibilityGlobals) = postSolution
		SolutionGuid = {935F4B96-6BE5-4D65-BB06-15E0079F39C4}
	EndGlobalSection
EndGlobal
