
Microsoft Visual Studio Solution File, Format Version 12.00
# Visual Studio 15
VisualStudioVersion = 15.0.26730.8
MinimumVisualStudioVersion = 10.0.40219.1
Project("{D954291E-2A0B-460D-934E-DC6B0785DB48}") = "ImageRotate", "ImageRotate\ImageRotate\ImageRotate.shproj", "{DD5E544C-A662-47E4-8CDB-F92423FD8FBC}"
EndProject
Project("{FAE04EC0-301F-11D3-BF4B-00C04F79EFBC}") = "ImageRotate.Android", "ImageRotate\ImageRotate.Android\ImageRotate.Android.csproj", "{C2007141-7A21-4F48-8103-D273FC2020D6}"
EndProject
Project("{FAE04EC0-301F-11D3-BF4B-00C04F79EFBC}") = "ImageRotate.iOS", "ImageRotate\ImageRotate.iOS\ImageRotate.iOS.csproj", "{D505041A-260B-4AF7-84A2-6D8ACAF7DB0A}"
EndProject
Project("{FAE04EC0-301F-11D3-BF4B-00C04F79EFBC}") = "ImageRotate.UWP", "ImageRotate\ImageRotate.UWP\ImageRotate.UWP.csproj", "{BF2F7184-935C-433D-8D84-2A09FDC71557}"
EndProject
Global
	GlobalSection(SharedMSBuildProjectFiles) = preSolution
		ImageRotate\ImageRotate\ImageRotate.projitems*{c2007141-7a21-4f48-8103-d273fc2020d6}*SharedItemsImports = 4
		ImageRotate\ImageRotate\ImageRotate.projitems*{d505041a-260b-4af7-84a2-6d8acaf7db0a}*SharedItemsImports = 4
		ImageRotate\ImageRotate\ImageRotate.projitems*{dd5e544c-a662-47e4-8cdb-f92423fd8fbc}*SharedItemsImports = 13
	EndGlobalSection
	GlobalSection(SolutionConfigurationPlatforms) = preSolution
		Ad-Hoc|Any CPU = Ad-Hoc|Any CPU
		Ad-Hoc|ARM = Ad-Hoc|ARM
		Ad-Hoc|iPhone = Ad-Hoc|iPhone
		Ad-Hoc|iPhoneSimulator = Ad-Hoc|iPhoneSimulator
		Ad-Hoc|x64 = Ad-Hoc|x64
		Ad-Hoc|x86 = Ad-Hoc|x86
		AppStore|Any CPU = AppStore|Any CPU
		AppStore|ARM = AppStore|ARM
		AppStore|iPhone = AppStore|iPhone
		AppStore|iPhoneSimulator = AppStore|iPhoneSimulator
		AppStore|x64 = AppStore|x64
		AppStore|x86 = AppStore|x86
		Debug|Any CPU = Debug|Any CPU
		Debug|ARM = Debug|ARM
		Debug|iPhone = Debug|iPhone
		Debug|iPhoneSimulator = Debug|iPhoneSimulator
		Debug|x64 = Debug|x64
		Debug|x86 = Debug|x86
		Release|Any CPU = Release|Any CPU
		Release|ARM = Release|ARM
		Release|iPhone = Release|iPhone
		Release|iPhoneSimulator = Release|iPhoneSimulator
		Release|x64 = Release|x64
		Release|x86 = Release|x86
	EndGlobalSection
	GlobalSection(ProjectConfigurationPlatforms) = postSolution
		{C2007141-7A21-4F48-8103-D273FC2020D6}.Ad-Hoc|Any CPU.ActiveCfg = Release|Any CPU
		{C2007141-7A21-4F48-8103-D273FC2020D6}.Ad-Hoc|Any CPU.Build.0 = Release|Any CPU
		{C2007141-7A21-4F48-8103-D273FC2020D6}.Ad-Hoc|Any CPU.Deploy.0 = Release|Any CPU
		{C2007141-7A21-4F48-8103-D273FC2020D6}.Ad-Hoc|ARM.ActiveCfg = Release|Any CPU
		{C2007141-7A21-4F48-8103-D273FC2020D6}.Ad-Hoc|ARM.Build.0 = Release|Any CPU
		{C2007141-7A21-4F48-8103-D273FC2020D6}.Ad-Hoc|ARM.Deploy.0 = Release|Any CPU
		{C2007141-7A21-4F48-8103-D273FC2020D6}.Ad-Hoc|iPhone.ActiveCfg = Release|Any CPU
		{C2007141-7A21-4F48-8103-D273FC2020D6}.Ad-Hoc|iPhone.Build.0 = Release|Any CPU
		{C2007141-7A21-4F48-8103-D273FC2020D6}.Ad-Hoc|iPhone.Deploy.0 = Release|Any CPU
		{C2007141-7A21-4F48-8103-D273FC2020D6}.Ad-Hoc|iPhoneSimulator.ActiveCfg = Release|Any CPU
		{C2007141-7A21-4F48-8103-D273FC2020D6}.Ad-Hoc|iPhoneSimulator.Build.0 = Release|Any CPU
		{C2007141-7A21-4F48-8103-D273FC2020D6}.Ad-Hoc|iPhoneSimulator.Deploy.0 = Release|Any CPU
		{C2007141-7A21-4F48-8103-D273FC2020D6}.Ad-Hoc|x64.ActiveCfg = Release|Any CPU
		{C2007141-7A21-4F48-8103-D273FC2020D6}.Ad-Hoc|x64.Build.0 = Release|Any CPU
		{C2007141-7A21-4F48-8103-D273FC2020D6}.Ad-Hoc|x64.Deploy.0 = Release|Any CPU
		{C2007141-7A21-4F48-8103-D273FC2020D6}.Ad-Hoc|x86.ActiveCfg = Release|Any CPU
		{C2007141-7A21-4F48-8103-D273FC2020D6}.Ad-Hoc|x86.Build.0 = Release|Any CPU
		{C2007141-7A21-4F48-8103-D273FC2020D6}.Ad-Hoc|x86.Deploy.0 = Release|Any CPU
		{C2007141-7A21-4F48-8103-D273FC2020D6}.AppStore|Any CPU.ActiveCfg = Release|Any CPU
		{C2007141-7A21-4F48-8103-D273FC2020D6}.AppStore|Any CPU.Build.0 = Release|Any CPU
		{C2007141-7A21-4F48-8103-D273FC2020D6}.AppStore|Any CPU.Deploy.0 = Release|Any CPU
		{C2007141-7A21-4F48-8103-D273FC2020D6}.AppStore|ARM.ActiveCfg = Release|Any CPU
		{C2007141-7A21-4F48-8103-D273FC2020D6}.AppStore|ARM.Build.0 = Release|Any CPU
		{C2007141-7A21-4F48-8103-D273FC2020D6}.AppStore|ARM.Deploy.0 = Release|Any CPU
		{C2007141-7A21-4F48-8103-D273FC2020D6}.AppStore|iPhone.ActiveCfg = Release|Any CPU
		{C2007141-7A21-4F48-8103-D273FC2020D6}.AppStore|iPhone.Build.0 = Release|Any CPU
		{C2007141-7A21-4F48-8103-D273FC2020D6}.AppStore|iPhone.Deploy.0 = Release|Any CPU
		{C2007141-7A21-4F48-8103-D273FC2020D6}.AppStore|iPhoneSimulator.ActiveCfg = Release|Any CPU
		{C2007141-7A21-4F48-8103-D273FC2020D6}.AppStore|iPhoneSimulator.Build.0 = Release|Any CPU
		{C2007141-7A21-4F48-8103-D273FC2020D6}.AppStore|iPhoneSimulator.Deploy.0 = Release|Any CPU
		{C2007141-7A21-4F48-8103-D273FC2020D6}.AppStore|x64.ActiveCfg = Release|Any CPU
		{C2007141-7A21-4F48-8103-D273FC2020D6}.AppStore|x64.Build.0 = Release|Any CPU
		{C2007141-7A21-4F48-8103-D273FC2020D6}.AppStore|x64.Deploy.0 = Release|Any CPU
		{C2007141-7A21-4F48-8103-D273FC2020D6}.AppStore|x86.ActiveCfg = Release|Any CPU
		{C2007141-7A21-4F48-8103-D273FC2020D6}.AppStore|x86.Build.0 = Release|Any CPU
		{C2007141-7A21-4F48-8103-D273FC2020D6}.AppStore|x86.Deploy.0 = Release|Any CPU
		{C2007141-7A21-4F48-8103-D273FC2020D6}.Debug|Any CPU.ActiveCfg = Debug|Any CPU
		{C2007141-7A21-4F48-8103-D273FC2020D6}.Debug|Any CPU.Build.0 = Debug|Any CPU
		{C2007141-7A21-4F48-8103-D273FC2020D6}.Debug|Any CPU.Deploy.0 = Debug|Any CPU
		{C2007141-7A21-4F48-8103-D273FC2020D6}.Debug|ARM.ActiveCfg = Debug|Any CPU
		{C2007141-7A21-4F48-8103-D273FC2020D6}.Debug|ARM.Build.0 = Debug|Any CPU
		{C2007141-7A21-4F48-8103-D273FC2020D6}.Debug|ARM.Deploy.0 = Debug|Any CPU
		{C2007141-7A21-4F48-8103-D273FC2020D6}.Debug|iPhone.ActiveCfg = Debug|Any CPU
		{C2007141-7A21-4F48-8103-D273FC2020D6}.Debug|iPhone.Build.0 = Debug|Any CPU
		{C2007141-7A21-4F48-8103-D273FC2020D6}.Debug|iPhone.Deploy.0 = Debug|Any CPU
		{C2007141-7A21-4F48-8103-D273FC2020D6}.Debug|iPhoneSimulator.ActiveCfg = Debug|Any CPU
		{C2007141-7A21-4F48-8103-D273FC2020D6}.Debug|iPhoneSimulator.Build.0 = Debug|Any CPU
		{C2007141-7A21-4F48-8103-D273FC2020D6}.Debug|iPhoneSimulator.Deploy.0 = Debug|Any CPU
		{C2007141-7A21-4F48-8103-D273FC2020D6}.Debug|x64.ActiveCfg = Debug|Any CPU
		{C2007141-7A21-4F48-8103-D273FC2020D6}.Debug|x64.Build.0 = Debug|Any CPU
		{C2007141-7A21-4F48-8103-D273FC2020D6}.Debug|x64.Deploy.0 = Debug|Any CPU
		{C2007141-7A21-4F48-8103-D273FC2020D6}.Debug|x86.ActiveCfg = Debug|Any CPU
		{C2007141-7A21-4F48-8103-D273FC2020D6}.Debug|x86.Build.0 = Debug|Any CPU
		{C2007141-7A21-4F48-8103-D273FC2020D6}.Debug|x86.Deploy.0 = Debug|Any CPU
		{C2007141-7A21-4F48-8103-D273FC2020D6}.Release|Any CPU.ActiveCfg = Release|Any CPU
		{C2007141-7A21-4F48-8103-D273FC2020D6}.Release|Any CPU.Build.0 = Release|Any CPU
		{C2007141-7A21-4F48-8103-D273FC2020D6}.Release|Any CPU.Deploy.0 = Release|Any CPU
		{C2007141-7A21-4F48-8103-D273FC2020D6}.Release|ARM.ActiveCfg = Release|Any CPU
		{C2007141-7A21-4F48-8103-D273FC2020D6}.Release|ARM.Build.0 = Release|Any CPU
		{C2007141-7A21-4F48-8103-D273FC2020D6}.Release|ARM.Deploy.0 = Release|Any CPU
		{C2007141-7A21-4F48-8103-D273FC2020D6}.Release|iPhone.ActiveCfg = Release|Any CPU
		{C2007141-7A21-4F48-8103-D273FC2020D6}.Release|iPhone.Build.0 = Release|Any CPU
		{C2007141-7A21-4F48-8103-D273FC2020D6}.Release|iPhone.Deploy.0 = Release|Any CPU
		{C2007141-7A21-4F48-8103-D273FC2020D6}.Release|iPhoneSimulator.ActiveCfg = Release|Any CPU
		{C2007141-7A21-4F48-8103-D273FC2020D6}.Release|iPhoneSimulator.Build.0 = Release|Any CPU
		{C2007141-7A21-4F48-8103-D273FC2020D6}.Release|iPhoneSimulator.Deploy.0 = Release|Any CPU
		{C2007141-7A21-4F48-8103-D273FC2020D6}.Release|x64.ActiveCfg = Release|Any CPU
		{C2007141-7A21-4F48-8103-D273FC2020D6}.Release|x64.Build.0 = Release|Any CPU
		{C2007141-7A21-4F48-8103-D273FC2020D6}.Release|x64.Deploy.0 = Release|Any CPU
		{C2007141-7A21-4F48-8103-D273FC2020D6}.Release|x86.ActiveCfg = Release|Any CPU
		{C2007141-7A21-4F48-8103-D273FC2020D6}.Release|x86.Build.0 = Release|Any CPU
		{C2007141-7A21-4F48-8103-D273FC2020D6}.Release|x86.Deploy.0 = Release|Any CPU
		{D505041A-260B-4AF7-84A2-6D8ACAF7DB0A}.Ad-Hoc|Any CPU.ActiveCfg = Ad-Hoc|iPhone
		{D505041A-260B-4AF7-84A2-6D8ACAF7DB0A}.Ad-Hoc|ARM.ActiveCfg = Ad-Hoc|iPhone
		{D505041A-260B-4AF7-84A2-6D8ACAF7DB0A}.Ad-Hoc|iPhone.ActiveCfg = Ad-Hoc|iPhone
		{D505041A-260B-4AF7-84A2-6D8ACAF7DB0A}.Ad-Hoc|iPhone.Build.0 = Ad-Hoc|iPhone
		{D505041A-260B-4AF7-84A2-6D8ACAF7DB0A}.Ad-Hoc|iPhoneSimulator.ActiveCfg = Ad-Hoc|iPhoneSimulator
		{D505041A-260B-4AF7-84A2-6D8ACAF7DB0A}.Ad-Hoc|iPhoneSimulator.Build.0 = Ad-Hoc|iPhoneSimulator
		{D505041A-260B-4AF7-84A2-6D8ACAF7DB0A}.Ad-Hoc|x64.ActiveCfg = Ad-Hoc|iPhone
		{D505041A-260B-4AF7-84A2-6D8ACAF7DB0A}.Ad-Hoc|x86.ActiveCfg = Ad-Hoc|iPhone
		{D505041A-260B-4AF7-84A2-6D8ACAF7DB0A}.AppStore|Any CPU.ActiveCfg = AppStore|iPhone
		{D505041A-260B-4AF7-84A2-6D8ACAF7DB0A}.AppStore|ARM.ActiveCfg = AppStore|iPhone
		{D505041A-260B-4AF7-84A2-6D8ACAF7DB0A}.AppStore|iPhone.ActiveCfg = AppStore|iPhone
		{D505041A-260B-4AF7-84A2-6D8ACAF7DB0A}.AppStore|iPhone.Build.0 = AppStore|iPhone
		{D505041A-260B-4AF7-84A2-6D8ACAF7DB0A}.AppStore|iPhoneSimulator.ActiveCfg = AppStore|iPhoneSimulator
		{D505041A-260B-4AF7-84A2-6D8ACAF7DB0A}.AppStore|iPhoneSimulator.Build.0 = AppStore|iPhoneSimulator
		{D505041A-260B-4AF7-84A2-6D8ACAF7DB0A}.AppStore|x64.ActiveCfg = AppStore|iPhone
		{D505041A-260B-4AF7-84A2-6D8ACAF7DB0A}.AppStore|x86.ActiveCfg = AppStore|iPhone
		{D505041A-260B-4AF7-84A2-6D8ACAF7DB0A}.Debug|Any CPU.ActiveCfg = Debug|iPhone
		{D505041A-260B-4AF7-84A2-6D8ACAF7DB0A}.Debug|ARM.ActiveCfg = Debug|iPhone
		{D505041A-260B-4AF7-84A2-6D8ACAF7DB0A}.Debug|iPhone.ActiveCfg = Debug|iPhone
		{D505041A-260B-4AF7-84A2-6D8ACAF7DB0A}.Debug|iPhone.Build.0 = Debug|iPhone
		{D505041A-260B-4AF7-84A2-6D8ACAF7DB0A}.Debug|iPhoneSimulator.ActiveCfg = Debug|iPhoneSimulator
		{D505041A-260B-4AF7-84A2-6D8ACAF7DB0A}.Debug|iPhoneSimulator.Build.0 = Debug|iPhoneSimulator
		{D505041A-260B-4AF7-84A2-6D8ACAF7DB0A}.Debug|x64.ActiveCfg = Debug|iPhone
		{D505041A-260B-4AF7-84A2-6D8ACAF7DB0A}.Debug|x86.ActiveCfg = Debug|iPhone
		{D505041A-260B-4AF7-84A2-6D8ACAF7DB0A}.Release|Any CPU.ActiveCfg = Release|iPhone
		{D505041A-260B-4AF7-84A2-6D8ACAF7DB0A}.Release|ARM.ActiveCfg = Release|iPhone
		{D505041A-260B-4AF7-84A2-6D8ACAF7DB0A}.Release|iPhone.ActiveCfg = Release|iPhone
		{D505041A-260B-4AF7-84A2-6D8ACAF7DB0A}.Release|iPhone.Build.0 = Release|iPhone
		{D505041A-260B-4AF7-84A2-6D8ACAF7DB0A}.Release|iPhoneSimulator.ActiveCfg = Release|iPhoneSimulator
		{D505041A-260B-4AF7-84A2-6D8ACAF7DB0A}.Release|iPhoneSimulator.Build.0 = Release|iPhoneSimulator
		{D505041A-260B-4AF7-84A2-6D8ACAF7DB0A}.Release|x64.ActiveCfg = Release|iPhone
		{D505041A-260B-4AF7-84A2-6D8ACAF7DB0A}.Release|x86.ActiveCfg = Release|iPhone
		{BF2F7184-935C-433D-8D84-2A09FDC71557}.Ad-Hoc|Any CPU.ActiveCfg = Release|x86
		{BF2F7184-935C-433D-8D84-2A09FDC71557}.Ad-Hoc|Any CPU.Build.0 = Release|x86
		{BF2F7184-935C-433D-8D84-2A09FDC71557}.Ad-Hoc|Any CPU.Deploy.0 = Release|x86
		{BF2F7184-935C-433D-8D84-2A09FDC71557}.Ad-Hoc|ARM.ActiveCfg = Release|ARM
		{BF2F7184-935C-433D-8D84-2A09FDC71557}.Ad-Hoc|ARM.Build.0 = Release|ARM
		{BF2F7184-935C-433D-8D84-2A09FDC71557}.Ad-Hoc|ARM.Deploy.0 = Release|ARM
		{BF2F7184-935C-433D-8D84-2A09FDC71557}.Ad-Hoc|iPhone.ActiveCfg = Release|x86
		{BF2F7184-935C-433D-8D84-2A09FDC71557}.Ad-Hoc|iPhone.Build.0 = Release|x86
		{BF2F7184-935C-433D-8D84-2A09FDC71557}.Ad-Hoc|iPhone.Deploy.0 = Release|x86
		{BF2F7184-935C-433D-8D84-2A09FDC71557}.Ad-Hoc|iPhoneSimulator.ActiveCfg = Release|x86
		{BF2F7184-935C-433D-8D84-2A09FDC71557}.Ad-Hoc|iPhoneSimulator.Build.0 = Release|x86
		{BF2F7184-935C-433D-8D84-2A09FDC71557}.Ad-Hoc|iPhoneSimulator.Deploy.0 = Release|x86
		{BF2F7184-935C-433D-8D84-2A09FDC71557}.Ad-Hoc|x64.ActiveCfg = Release|x64
		{BF2F7184-935C-433D-8D84-2A09FDC71557}.Ad-Hoc|x64.Build.0 = Release|x64
		{BF2F7184-935C-433D-8D84-2A09FDC71557}.Ad-Hoc|x64.Deploy.0 = Release|x64
		{BF2F7184-935C-433D-8D84-2A09FDC71557}.Ad-Hoc|x86.ActiveCfg = Release|x86
		{BF2F7184-935C-433D-8D84-2A09FDC71557}.Ad-Hoc|x86.Build.0 = Release|x86
		{BF2F7184-935C-433D-8D84-2A09FDC71557}.Ad-Hoc|x86.Deploy.0 = Release|x86
		{BF2F7184-935C-433D-8D84-2A09FDC71557}.AppStore|Any CPU.ActiveCfg = Release|x86
		{BF2F7184-935C-433D-8D84-2A09FDC71557}.AppStore|Any CPU.Build.0 = Release|x86
		{BF2F7184-935C-433D-8D84-2A09FDC71557}.AppStore|Any CPU.Deploy.0 = Release|x86
		{BF2F7184-935C-433D-8D84-2A09FDC71557}.AppStore|ARM.ActiveCfg = Release|ARM
		{BF2F7184-935C-433D-8D84-2A09FDC71557}.AppStore|ARM.Build.0 = Release|ARM
		{BF2F7184-935C-433D-8D84-2A09FDC71557}.AppStore|ARM.Deploy.0 = Release|ARM
		{BF2F7184-935C-433D-8D84-2A09FDC71557}.AppStore|iPhone.ActiveCfg = Release|x86
		{BF2F7184-935C-433D-8D84-2A09FDC71557}.AppStore|iPhone.Build.0 = Release|x86
		{BF2F7184-935C-433D-8D84-2A09FDC71557}.AppStore|iPhone.Deploy.0 = Release|x86
		{BF2F7184-935C-433D-8D84-2A09FDC71557}.AppStore|iPhoneSimulator.ActiveCfg = Release|x86
		{BF2F7184-935C-433D-8D84-2A09FDC71557}.AppStore|iPhoneSimulator.Build.0 = Release|x86
		{BF2F7184-935C-433D-8D84-2A09FDC71557}.AppStore|iPhoneSimulator.Deploy.0 = Release|x86
		{BF2F7184-935C-433D-8D84-2A09FDC71557}.AppStore|x64.ActiveCfg = Release|x64
		{BF2F7184-935C-433D-8D84-2A09FDC71557}.AppStore|x64.Build.0 = Release|x64
		{BF2F7184-935C-433D-8D84-2A09FDC71557}.AppStore|x64.Deploy.0 = Release|x64
		{BF2F7184-935C-433D-8D84-2A09FDC71557}.AppStore|x86.ActiveCfg = Release|x86
		{BF2F7184-935C-433D-8D84-2A09FDC71557}.AppStore|x86.Build.0 = Release|x86
		{BF2F7184-935C-433D-8D84-2A09FDC71557}.AppStore|x86.Deploy.0 = Release|x86
		{BF2F7184-935C-433D-8D84-2A09FDC71557}.Debug|Any CPU.ActiveCfg = Debug|x86
		{BF2F7184-935C-433D-8D84-2A09FDC71557}.Debug|ARM.ActiveCfg = Debug|ARM
		{BF2F7184-935C-433D-8D84-2A09FDC71557}.Debug|ARM.Build.0 = Debug|ARM
		{BF2F7184-935C-433D-8D84-2A09FDC71557}.Debug|ARM.Deploy.0 = Debug|ARM
		{BF2F7184-935C-433D-8D84-2A09FDC71557}.Debug|iPhone.ActiveCfg = Debug|x86
		{BF2F7184-935C-433D-8D84-2A09FDC71557}.Debug|iPhoneSimulator.ActiveCfg = Debug|x86
		{BF2F7184-935C-433D-8D84-2A09FDC71557}.Debug|x64.ActiveCfg = Debug|x64
		{BF2F7184-935C-433D-8D84-2A09FDC71557}.Debug|x64.Build.0 = Debug|x64
		{BF2F7184-935C-433D-8D84-2A09FDC71557}.Debug|x64.Deploy.0 = Debug|x64
		{BF2F7184-935C-433D-8D84-2A09FDC71557}.Debug|x86.ActiveCfg = Debug|x86
		{BF2F7184-935C-433D-8D84-2A09FDC71557}.Debug|x86.Build.0 = Debug|x86
		{BF2F7184-935C-433D-8D84-2A09FDC71557}.Debug|x86.Deploy.0 = Debug|x86
		{BF2F7184-935C-433D-8D84-2A09FDC71557}.Release|Any CPU.ActiveCfg = Release|x86
		{BF2F7184-935C-433D-8D84-2A09FDC71557}.Release|ARM.ActiveCfg = Release|ARM
		{BF2F7184-935C-433D-8D84-2A09FDC71557}.Release|ARM.Build.0 = Release|ARM
		{BF2F7184-935C-433D-8D84-2A09FDC71557}.Release|ARM.Deploy.0 = Release|ARM
		{BF2F7184-935C-433D-8D84-2A09FDC71557}.Release|iPhone.ActiveCfg = Release|x86
		{BF2F7184-935C-433D-8D84-2A09FDC71557}.Release|iPhoneSimulator.ActiveCfg = Release|x86
		{BF2F7184-935C-433D-8D84-2A09FDC71557}.Release|x64.ActiveCfg = Release|x64
		{BF2F7184-935C-433D-8D84-2A09FDC71557}.Release|x64.Build.0 = Release|x64
		{BF2F7184-935C-433D-8D84-2A09FDC71557}.Release|x64.Deploy.0 = Release|x64
		{BF2F7184-935C-433D-8D84-2A09FDC71557}.Release|x86.ActiveCfg = Release|x86
		{BF2F7184-935C-433D-8D84-2A09FDC71557}.Release|x86.Build.0 = Release|x86
		{BF2F7184-935C-433D-8D84-2A09FDC71557}.Release|x86.Deploy.0 = Release|x86
	EndGlobalSection
	GlobalSection(SolutionProperties) = preSolution
		HideSolutionNode = FALSE
	EndGlobalSection
	GlobalSection(ExtensibilityGlobals) = postSolution
		SolutionGuid = {7BDF3280-1110-476A-B1AE-D90EF7B0C056}
	EndGlobalSection
EndGlobal
