
Microsoft Visual Studio Solution File, Format Version 12.00
# Visual Studio 15
VisualStudioVersion = 15.0.26730.8
MinimumVisualStudioVersion = 10.0.40219.1
Project("{D954291E-2A0B-460D-934E-DC6B0785DB48}") = "SlideGame", "SlideGame\SlideGame\SlideGame.shproj", "{40829D83-DA59-4AAA-AC1D-7DA2C18E5721}"
EndProject
Project("{FAE04EC0-301F-11D3-BF4B-00C04F79EFBC}") = "SlideGame.Android", "SlideGame\SlideGame.Android\SlideGame.Android.csproj", "{4B14B180-32D3-4718-B5BE-E04BBD365A55}"
EndProject
Project("{FAE04EC0-301F-11D3-BF4B-00C04F79EFBC}") = "SlideGame.iOS", "SlideGame\SlideGame.iOS\SlideGame.iOS.csproj", "{A7968CF4-6AFA-4993-8963-BAC2C2FF4FA9}"
EndProject
Project("{FAE04EC0-301F-11D3-BF4B-00C04F79EFBC}") = "SlideGame.UWP", "SlideGame\SlideGame.UWP\SlideGame.UWP.csproj", "{3E34717F-945A-483C-B3F9-B289ACE6D6A6}"
EndProject
Global
	GlobalSection(SharedMSBuildProjectFiles) = preSolution
		SlideGame\SlideGame\SlideGame.projitems*{40829d83-da59-4aaa-ac1d-7da2c18e5721}*SharedItemsImports = 13
		SlideGame\SlideGame\SlideGame.projitems*{4b14b180-32d3-4718-b5be-e04bbd365a55}*SharedItemsImports = 4
		SlideGame\SlideGame\SlideGame.projitems*{a7968cf4-6afa-4993-8963-bac2c2ff4fa9}*SharedItemsImports = 4
	EndGlobalSection
	GlobalSection(SolutionConfigurationPlatforms) = preSolution
		Ad-Hoc|Any CPU = Ad-Hoc|Any CPU
		Ad-Hoc|ARM = Ad-Hoc|ARM
		Ad-Hoc|iPhone = Ad-Hoc|iPhone
		Ad-Hoc|iPhoneSimulator = Ad-Hoc|iPhoneSimulator
		Ad-Hoc|x64 = Ad-Hoc|x64
		Ad-Hoc|x86 = Ad-Hoc|x86
		AppStore|Any CPU = AppStore|Any CPU
		AppStore|ARM = AppStore|ARM
		AppStore|iPhone = AppStore|iPhone
		AppStore|iPhoneSimulator = AppStore|iPhoneSimulator
		AppStore|x64 = AppStore|x64
		AppStore|x86 = AppStore|x86
		Debug|Any CPU = Debug|Any CPU
		Debug|ARM = Debug|ARM
		Debug|iPhone = Debug|iPhone
		Debug|iPhoneSimulator = Debug|iPhoneSimulator
		Debug|x64 = Debug|x64
		Debug|x86 = Debug|x86
		Release|Any CPU = Release|Any CPU
		Release|ARM = Release|ARM
		Release|iPhone = Release|iPhone
		Release|iPhoneSimulator = Release|iPhoneSimulator
		Release|x64 = Release|x64
		Release|x86 = Release|x86
	EndGlobalSection
	GlobalSection(ProjectConfigurationPlatforms) = postSolution
		{4B14B180-32D3-4718-B5BE-E04BBD365A55}.Ad-Hoc|Any CPU.ActiveCfg = Release|Any CPU
		{4B14B180-32D3-4718-B5BE-E04BBD365A55}.Ad-Hoc|Any CPU.Build.0 = Release|Any CPU
		{4B14B180-32D3-4718-B5BE-E04BBD365A55}.Ad-Hoc|Any CPU.Deploy.0 = Release|Any CPU
		{4B14B180-32D3-4718-B5BE-E04BBD365A55}.Ad-Hoc|ARM.ActiveCfg = Release|Any CPU
		{4B14B180-32D3-4718-B5BE-E04BBD365A55}.Ad-Hoc|ARM.Build.0 = Release|Any CPU
		{4B14B180-32D3-4718-B5BE-E04BBD365A55}.Ad-Hoc|ARM.Deploy.0 = Release|Any CPU
		{4B14B180-32D3-4718-B5BE-E04BBD365A55}.Ad-Hoc|iPhone.ActiveCfg = Release|Any CPU
		{4B14B180-32D3-4718-B5BE-E04BBD365A55}.Ad-Hoc|iPhone.Build.0 = Release|Any CPU
		{4B14B180-32D3-4718-B5BE-E04BBD365A55}.Ad-Hoc|iPhone.Deploy.0 = Release|Any CPU
		{4B14B180-32D3-4718-B5BE-E04BBD365A55}.Ad-Hoc|iPhoneSimulator.ActiveCfg = Release|Any CPU
		{4B14B180-32D3-4718-B5BE-E04BBD365A55}.Ad-Hoc|iPhoneSimulator.Build.0 = Release|Any CPU
		{4B14B180-32D3-4718-B5BE-E04BBD365A55}.Ad-Hoc|iPhoneSimulator.Deploy.0 = Release|Any CPU
		{4B14B180-32D3-4718-B5BE-E04BBD365A55}.Ad-Hoc|x64.ActiveCfg = Release|Any CPU
		{4B14B180-32D3-4718-B5BE-E04BBD365A55}.Ad-Hoc|x64.Build.0 = Release|Any CPU
		{4B14B180-32D3-4718-B5BE-E04BBD365A55}.Ad-Hoc|x64.Deploy.0 = Release|Any CPU
		{4B14B180-32D3-4718-B5BE-E04BBD365A55}.Ad-Hoc|x86.ActiveCfg = Release|Any CPU
		{4B14B180-32D3-4718-B5BE-E04BBD365A55}.Ad-Hoc|x86.Build.0 = Release|Any CPU
		{4B14B180-32D3-4718-B5BE-E04BBD365A55}.Ad-Hoc|x86.Deploy.0 = Release|Any CPU
		{4B14B180-32D3-4718-B5BE-E04BBD365A55}.AppStore|Any CPU.ActiveCfg = Release|Any CPU
		{4B14B180-32D3-4718-B5BE-E04BBD365A55}.AppStore|Any CPU.Build.0 = Release|Any CPU
		{4B14B180-32D3-4718-B5BE-E04BBD365A55}.AppStore|Any CPU.Deploy.0 = Release|Any CPU
		{4B14B180-32D3-4718-B5BE-E04BBD365A55}.AppStore|ARM.ActiveCfg = Release|Any CPU
		{4B14B180-32D3-4718-B5BE-E04BBD365A55}.AppStore|ARM.Build.0 = Release|Any CPU
		{4B14B180-32D3-4718-B5BE-E04BBD365A55}.AppStore|ARM.Deploy.0 = Release|Any CPU
		{4B14B180-32D3-4718-B5BE-E04BBD365A55}.AppStore|iPhone.ActiveCfg = Release|Any CPU
		{4B14B180-32D3-4718-B5BE-E04BBD365A55}.AppStore|iPhone.Build.0 = Release|Any CPU
		{4B14B180-32D3-4718-B5BE-E04BBD365A55}.AppStore|iPhone.Deploy.0 = Release|Any CPU
		{4B14B180-32D3-4718-B5BE-E04BBD365A55}.AppStore|iPhoneSimulator.ActiveCfg = Release|Any CPU
		{4B14B180-32D3-4718-B5BE-E04BBD365A55}.AppStore|iPhoneSimulator.Build.0 = Release|Any CPU
		{4B14B180-32D3-4718-B5BE-E04BBD365A55}.AppStore|iPhoneSimulator.Deploy.0 = Release|Any CPU
		{4B14B180-32D3-4718-B5BE-E04BBD365A55}.AppStore|x64.ActiveCfg = Release|Any CPU
		{4B14B180-32D3-4718-B5BE-E04BBD365A55}.AppStore|x64.Build.0 = Release|Any CPU
		{4B14B180-32D3-4718-B5BE-E04BBD365A55}.AppStore|x64.Deploy.0 = Release|Any CPU
		{4B14B180-32D3-4718-B5BE-E04BBD365A55}.AppStore|x86.ActiveCfg = Release|Any CPU
		{4B14B180-32D3-4718-B5BE-E04BBD365A55}.AppStore|x86.Build.0 = Release|Any CPU
		{4B14B180-32D3-4718-B5BE-E04BBD365A55}.AppStore|x86.Deploy.0 = Release|Any CPU
		{4B14B180-32D3-4718-B5BE-E04BBD365A55}.Debug|Any CPU.ActiveCfg = Debug|Any CPU
		{4B14B180-32D3-4718-B5BE-E04BBD365A55}.Debug|Any CPU.Build.0 = Debug|Any CPU
		{4B14B180-32D3-4718-B5BE-E04BBD365A55}.Debug|Any CPU.Deploy.0 = Debug|Any CPU
		{4B14B180-32D3-4718-B5BE-E04BBD365A55}.Debug|ARM.ActiveCfg = Debug|Any CPU
		{4B14B180-32D3-4718-B5BE-E04BBD365A55}.Debug|ARM.Build.0 = Debug|Any CPU
		{4B14B180-32D3-4718-B5BE-E04BBD365A55}.Debug|ARM.Deploy.0 = Debug|Any CPU
		{4B14B180-32D3-4718-B5BE-E04BBD365A55}.Debug|iPhone.ActiveCfg = Debug|Any CPU
		{4B14B180-32D3-4718-B5BE-E04BBD365A55}.Debug|iPhone.Build.0 = Debug|Any CPU
		{4B14B180-32D3-4718-B5BE-E04BBD365A55}.Debug|iPhone.Deploy.0 = Debug|Any CPU
		{4B14B180-32D3-4718-B5BE-E04BBD365A55}.Debug|iPhoneSimulator.ActiveCfg = Debug|Any CPU
		{4B14B180-32D3-4718-B5BE-E04BBD365A55}.Debug|iPhoneSimulator.Build.0 = Debug|Any CPU
		{4B14B180-32D3-4718-B5BE-E04BBD365A55}.Debug|iPhoneSimulator.Deploy.0 = Debug|Any CPU
		{4B14B180-32D3-4718-B5BE-E04BBD365A55}.Debug|x64.ActiveCfg = Debug|Any CPU
		{4B14B180-32D3-4718-B5BE-E04BBD365A55}.Debug|x64.Build.0 = Debug|Any CPU
		{4B14B180-32D3-4718-B5BE-E04BBD365A55}.Debug|x64.Deploy.0 = Debug|Any CPU
		{4B14B180-32D3-4718-B5BE-E04BBD365A55}.Debug|x86.ActiveCfg = Debug|Any CPU
		{4B14B180-32D3-4718-B5BE-E04BBD365A55}.Debug|x86.Build.0 = Debug|Any CPU
		{4B14B180-32D3-4718-B5BE-E04BBD365A55}.Debug|x86.Deploy.0 = Debug|Any CPU
		{4B14B180-32D3-4718-B5BE-E04BBD365A55}.Release|Any CPU.ActiveCfg = Release|Any CPU
		{4B14B180-32D3-4718-B5BE-E04BBD365A55}.Release|Any CPU.Build.0 = Release|Any CPU
		{4B14B180-32D3-4718-B5BE-E04BBD365A55}.Release|Any CPU.Deploy.0 = Release|Any CPU
		{4B14B180-32D3-4718-B5BE-E04BBD365A55}.Release|ARM.ActiveCfg = Release|Any CPU
		{4B14B180-32D3-4718-B5BE-E04BBD365A55}.Release|ARM.Build.0 = Release|Any CPU
		{4B14B180-32D3-4718-B5BE-E04BBD365A55}.Release|ARM.Deploy.0 = Release|Any CPU
		{4B14B180-32D3-4718-B5BE-E04BBD365A55}.Release|iPhone.ActiveCfg = Release|Any CPU
		{4B14B180-32D3-4718-B5BE-E04BBD365A55}.Release|iPhone.Build.0 = Release|Any CPU
		{4B14B180-32D3-4718-B5BE-E04BBD365A55}.Release|iPhone.Deploy.0 = Release|Any CPU
		{4B14B180-32D3-4718-B5BE-E04BBD365A55}.Release|iPhoneSimulator.ActiveCfg = Release|Any CPU
		{4B14B180-32D3-4718-B5BE-E04BBD365A55}.Release|iPhoneSimulator.Build.0 = Release|Any CPU
		{4B14B180-32D3-4718-B5BE-E04BBD365A55}.Release|iPhoneSimulator.Deploy.0 = Release|Any CPU
		{4B14B180-32D3-4718-B5BE-E04BBD365A55}.Release|x64.ActiveCfg = Release|Any CPU
		{4B14B180-32D3-4718-B5BE-E04BBD365A55}.Release|x64.Build.0 = Release|Any CPU
		{4B14B180-32D3-4718-B5BE-E04BBD365A55}.Release|x64.Deploy.0 = Release|Any CPU
		{4B14B180-32D3-4718-B5BE-E04BBD365A55}.Release|x86.ActiveCfg = Release|Any CPU
		{4B14B180-32D3-4718-B5BE-E04BBD365A55}.Release|x86.Build.0 = Release|Any CPU
		{4B14B180-32D3-4718-B5BE-E04BBD365A55}.Release|x86.Deploy.0 = Release|Any CPU
		{A7968CF4-6AFA-4993-8963-BAC2C2FF4FA9}.Ad-Hoc|Any CPU.ActiveCfg = Ad-Hoc|iPhone
		{A7968CF4-6AFA-4993-8963-BAC2C2FF4FA9}.Ad-Hoc|ARM.ActiveCfg = Ad-Hoc|iPhone
		{A7968CF4-6AFA-4993-8963-BAC2C2FF4FA9}.Ad-Hoc|iPhone.ActiveCfg = Ad-Hoc|iPhone
		{A7968CF4-6AFA-4993-8963-BAC2C2FF4FA9}.Ad-Hoc|iPhone.Build.0 = Ad-Hoc|iPhone
		{A7968CF4-6AFA-4993-8963-BAC2C2FF4FA9}.Ad-Hoc|iPhoneSimulator.ActiveCfg = Ad-Hoc|iPhoneSimulator
		{A7968CF4-6AFA-4993-8963-BAC2C2FF4FA9}.Ad-Hoc|iPhoneSimulator.Build.0 = Ad-Hoc|iPhoneSimulator
		{A7968CF4-6AFA-4993-8963-BAC2C2FF4FA9}.Ad-Hoc|x64.ActiveCfg = Ad-Hoc|iPhone
		{A7968CF4-6AFA-4993-8963-BAC2C2FF4FA9}.Ad-Hoc|x86.ActiveCfg = Ad-Hoc|iPhone
		{A7968CF4-6AFA-4993-8963-BAC2C2FF4FA9}.AppStore|Any CPU.ActiveCfg = AppStore|iPhone
		{A7968CF4-6AFA-4993-8963-BAC2C2FF4FA9}.AppStore|ARM.ActiveCfg = AppStore|iPhone
		{A7968CF4-6AFA-4993-8963-BAC2C2FF4FA9}.AppStore|iPhone.ActiveCfg = AppStore|iPhone
		{A7968CF4-6AFA-4993-8963-BAC2C2FF4FA9}.AppStore|iPhone.Build.0 = AppStore|iPhone
		{A7968CF4-6AFA-4993-8963-BAC2C2FF4FA9}.AppStore|iPhoneSimulator.ActiveCfg = AppStore|iPhoneSimulator
		{A7968CF4-6AFA-4993-8963-BAC2C2FF4FA9}.AppStore|iPhoneSimulator.Build.0 = AppStore|iPhoneSimulator
		{A7968CF4-6AFA-4993-8963-BAC2C2FF4FA9}.AppStore|x64.ActiveCfg = AppStore|iPhone
		{A7968CF4-6AFA-4993-8963-BAC2C2FF4FA9}.AppStore|x86.ActiveCfg = AppStore|iPhone
		{A7968CF4-6AFA-4993-8963-BAC2C2FF4FA9}.Debug|Any CPU.ActiveCfg = Debug|iPhone
		{A7968CF4-6AFA-4993-8963-BAC2C2FF4FA9}.Debug|ARM.ActiveCfg = Debug|iPhone
		{A7968CF4-6AFA-4993-8963-BAC2C2FF4FA9}.Debug|iPhone.ActiveCfg = Debug|iPhone
		{A7968CF4-6AFA-4993-8963-BAC2C2FF4FA9}.Debug|iPhone.Build.0 = Debug|iPhone
		{A7968CF4-6AFA-4993-8963-BAC2C2FF4FA9}.Debug|iPhoneSimulator.ActiveCfg = Debug|iPhoneSimulator
		{A7968CF4-6AFA-4993-8963-BAC2C2FF4FA9}.Debug|iPhoneSimulator.Build.0 = Debug|iPhoneSimulator
		{A7968CF4-6AFA-4993-8963-BAC2C2FF4FA9}.Debug|x64.ActiveCfg = Debug|iPhone
		{A7968CF4-6AFA-4993-8963-BAC2C2FF4FA9}.Debug|x86.ActiveCfg = Debug|iPhone
		{A7968CF4-6AFA-4993-8963-BAC2C2FF4FA9}.Release|Any CPU.ActiveCfg = Release|iPhone
		{A7968CF4-6AFA-4993-8963-BAC2C2FF4FA9}.Release|ARM.ActiveCfg = Release|iPhone
		{A7968CF4-6AFA-4993-8963-BAC2C2FF4FA9}.Release|iPhone.ActiveCfg = Release|iPhone
		{A7968CF4-6AFA-4993-8963-BAC2C2FF4FA9}.Release|iPhone.Build.0 = Release|iPhone
		{A7968CF4-6AFA-4993-8963-BAC2C2FF4FA9}.Release|iPhoneSimulator.ActiveCfg = Release|iPhoneSimulator
		{A7968CF4-6AFA-4993-8963-BAC2C2FF4FA9}.Release|iPhoneSimulator.Build.0 = Release|iPhoneSimulator
		{A7968CF4-6AFA-4993-8963-BAC2C2FF4FA9}.Release|x64.ActiveCfg = Release|iPhone
		{A7968CF4-6AFA-4993-8963-BAC2C2FF4FA9}.Release|x86.ActiveCfg = Release|iPhone
		{3E34717F-945A-483C-B3F9-B289ACE6D6A6}.Ad-Hoc|Any CPU.ActiveCfg = Release|x86
		{3E34717F-945A-483C-B3F9-B289ACE6D6A6}.Ad-Hoc|Any CPU.Build.0 = Release|x86
		{3E34717F-945A-483C-B3F9-B289ACE6D6A6}.Ad-Hoc|Any CPU.Deploy.0 = Release|x86
		{3E34717F-945A-483C-B3F9-B289ACE6D6A6}.Ad-Hoc|ARM.ActiveCfg = Release|ARM
		{3E34717F-945A-483C-B3F9-B289ACE6D6A6}.Ad-Hoc|ARM.Build.0 = Release|ARM
		{3E34717F-945A-483C-B3F9-B289ACE6D6A6}.Ad-Hoc|ARM.Deploy.0 = Release|ARM
		{3E34717F-945A-483C-B3F9-B289ACE6D6A6}.Ad-Hoc|iPhone.ActiveCfg = Release|x86
		{3E34717F-945A-483C-B3F9-B289ACE6D6A6}.Ad-Hoc|iPhone.Build.0 = Release|x86
		{3E34717F-945A-483C-B3F9-B289ACE6D6A6}.Ad-Hoc|iPhone.Deploy.0 = Release|x86
		{3E34717F-945A-483C-B3F9-B289ACE6D6A6}.Ad-Hoc|iPhoneSimulator.ActiveCfg = Release|x86
		{3E34717F-945A-483C-B3F9-B289ACE6D6A6}.Ad-Hoc|iPhoneSimulator.Build.0 = Release|x86
		{3E34717F-945A-483C-B3F9-B289ACE6D6A6}.Ad-Hoc|iPhoneSimulator.Deploy.0 = Release|x86
		{3E34717F-945A-483C-B3F9-B289ACE6D6A6}.Ad-Hoc|x64.ActiveCfg = Release|x64
		{3E34717F-945A-483C-B3F9-B289ACE6D6A6}.Ad-Hoc|x64.Build.0 = Release|x64
		{3E34717F-945A-483C-B3F9-B289ACE6D6A6}.Ad-Hoc|x64.Deploy.0 = Release|x64
		{3E34717F-945A-483C-B3F9-B289ACE6D6A6}.Ad-Hoc|x86.ActiveCfg = Release|x86
		{3E34717F-945A-483C-B3F9-B289ACE6D6A6}.Ad-Hoc|x86.Build.0 = Release|x86
		{3E34717F-945A-483C-B3F9-B289ACE6D6A6}.Ad-Hoc|x86.Deploy.0 = Release|x86
		{3E34717F-945A-483C-B3F9-B289ACE6D6A6}.AppStore|Any CPU.ActiveCfg = Release|x86
		{3E34717F-945A-483C-B3F9-B289ACE6D6A6}.AppStore|Any CPU.Build.0 = Release|x86
		{3E34717F-945A-483C-B3F9-B289ACE6D6A6}.AppStore|Any CPU.Deploy.0 = Release|x86
		{3E34717F-945A-483C-B3F9-B289ACE6D6A6}.AppStore|ARM.ActiveCfg = Release|ARM
		{3E34717F-945A-483C-B3F9-B289ACE6D6A6}.AppStore|ARM.Build.0 = Release|ARM
		{3E34717F-945A-483C-B3F9-B289ACE6D6A6}.AppStore|ARM.Deploy.0 = Release|ARM
		{3E34717F-945A-483C-B3F9-B289ACE6D6A6}.AppStore|iPhone.ActiveCfg = Release|x86
		{3E34717F-945A-483C-B3F9-B289ACE6D6A6}.AppStore|iPhone.Build.0 = Release|x86
		{3E34717F-945A-483C-B3F9-B289ACE6D6A6}.AppStore|iPhone.Deploy.0 = Release|x86
		{3E34717F-945A-483C-B3F9-B289ACE6D6A6}.AppStore|iPhoneSimulator.ActiveCfg = Release|x86
		{3E34717F-945A-483C-B3F9-B289ACE6D6A6}.AppStore|iPhoneSimulator.Build.0 = Release|x86
		{3E34717F-945A-483C-B3F9-B289ACE6D6A6}.AppStore|iPhoneSimulator.Deploy.0 = Release|x86
		{3E34717F-945A-483C-B3F9-B289ACE6D6A6}.AppStore|x64.ActiveCfg = Release|x64
		{3E34717F-945A-483C-B3F9-B289ACE6D6A6}.AppStore|x64.Build.0 = Release|x64
		{3E34717F-945A-483C-B3F9-B289ACE6D6A6}.AppStore|x64.Deploy.0 = Release|x64
		{3E34717F-945A-483C-B3F9-B289ACE6D6A6}.AppStore|x86.ActiveCfg = Release|x86
		{3E34717F-945A-483C-B3F9-B289ACE6D6A6}.AppStore|x86.Build.0 = Release|x86
		{3E34717F-945A-483C-B3F9-B289ACE6D6A6}.AppStore|x86.Deploy.0 = Release|x86
		{3E34717F-945A-483C-B3F9-B289ACE6D6A6}.Debug|Any CPU.ActiveCfg = Debug|x86
		{3E34717F-945A-483C-B3F9-B289ACE6D6A6}.Debug|ARM.ActiveCfg = Debug|ARM
		{3E34717F-945A-483C-B3F9-B289ACE6D6A6}.Debug|ARM.Build.0 = Debug|ARM
		{3E34717F-945A-483C-B3F9-B289ACE6D6A6}.Debug|ARM.Deploy.0 = Debug|ARM
		{3E34717F-945A-483C-B3F9-B289ACE6D6A6}.Debug|iPhone.ActiveCfg = Debug|x86
		{3E34717F-945A-483C-B3F9-B289ACE6D6A6}.Debug|iPhoneSimulator.ActiveCfg = Debug|x86
		{3E34717F-945A-483C-B3F9-B289ACE6D6A6}.Debug|x64.ActiveCfg = Debug|x64
		{3E34717F-945A-483C-B3F9-B289ACE6D6A6}.Debug|x64.Build.0 = Debug|x64
		{3E34717F-945A-483C-B3F9-B289ACE6D6A6}.Debug|x64.Deploy.0 = Debug|x64
		{3E34717F-945A-483C-B3F9-B289ACE6D6A6}.Debug|x86.ActiveCfg = Debug|x86
		{3E34717F-945A-483C-B3F9-B289ACE6D6A6}.Debug|x86.Build.0 = Debug|x86
		{3E34717F-945A-483C-B3F9-B289ACE6D6A6}.Debug|x86.Deploy.0 = Debug|x86
		{3E34717F-945A-483C-B3F9-B289ACE6D6A6}.Release|Any CPU.ActiveCfg = Release|x86
		{3E34717F-945A-483C-B3F9-B289ACE6D6A6}.Release|ARM.ActiveCfg = Release|ARM
		{3E34717F-945A-483C-B3F9-B289ACE6D6A6}.Release|ARM.Build.0 = Release|ARM
		{3E34717F-945A-483C-B3F9-B289ACE6D6A6}.Release|ARM.Deploy.0 = Release|ARM
		{3E34717F-945A-483C-B3F9-B289ACE6D6A6}.Release|iPhone.ActiveCfg = Release|x86
		{3E34717F-945A-483C-B3F9-B289ACE6D6A6}.Release|iPhoneSimulator.ActiveCfg = Release|x86
		{3E34717F-945A-483C-B3F9-B289ACE6D6A6}.Release|x64.ActiveCfg = Release|x64
		{3E34717F-945A-483C-B3F9-B289ACE6D6A6}.Release|x64.Build.0 = Release|x64
		{3E34717F-945A-483C-B3F9-B289ACE6D6A6}.Release|x64.Deploy.0 = Release|x64
		{3E34717F-945A-483C-B3F9-B289ACE6D6A6}.Release|x86.ActiveCfg = Release|x86
		{3E34717F-945A-483C-B3F9-B289ACE6D6A6}.Release|x86.Build.0 = Release|x86
		{3E34717F-945A-483C-B3F9-B289ACE6D6A6}.Release|x86.Deploy.0 = Release|x86
	EndGlobalSection
	GlobalSection(SolutionProperties) = preSolution
		HideSolutionNode = FALSE
	EndGlobalSection
	GlobalSection(ExtensibilityGlobals) = postSolution
		SolutionGuid = {2F488DFD-8EBB-4DC5-B1BF-E49F2BC18284}
	EndGlobalSection
EndGlobal
