
Microsoft Visual Studio Solution File, Format Version 12.00
# Visual Studio 15
VisualStudioVersion = 15.0.26730.8
MinimumVisualStudioVersion = 10.0.40219.1
Project("{D954291E-2A0B-460D-934E-DC6B0785DB48}") = "FourInRow", "FourInRow\FourInRow\FourInRow.shproj", "{16DCE34B-75D9-448B-AE3F-07889D914B93}"
EndProject
Project("{FAE04EC0-301F-11D3-BF4B-00C04F79EFBC}") = "FourInRow.Android", "FourInRow\FourInRow.Android\FourInRow.Android.csproj", "{0C722731-633C-47F2-A89E-2619E5F12197}"
EndProject
Project("{FAE04EC0-301F-11D3-BF4B-00C04F79EFBC}") = "FourInRow.iOS", "FourInRow\FourInRow.iOS\FourInRow.iOS.csproj", "{B05027D2-F325-4B0B-8E61-831BE1A3F576}"
EndProject
Project("{FAE04EC0-301F-11D3-BF4B-00C04F79EFBC}") = "FourInRow.UWP", "FourInRow\FourInRow.UWP\FourInRow.UWP.csproj", "{F2FBF4E0-E498-401B-9C60-ABDA9471FDDA}"
EndProject
Global
	GlobalSection(SharedMSBuildProjectFiles) = preSolution
		FourInRow\FourInRow\FourInRow.projitems*{0c722731-633c-47f2-a89e-2619e5f12197}*SharedItemsImports = 4
		FourInRow\FourInRow\FourInRow.projitems*{16dce34b-75d9-448b-ae3f-07889d914b93}*SharedItemsImports = 13
		FourInRow\FourInRow\FourInRow.projitems*{b05027d2-f325-4b0b-8e61-831be1a3f576}*SharedItemsImports = 4
		FourInRow\FourInRow\FourInRow.projitems*{f2fbf4e0-e498-401b-9c60-abda9471fdda}*SharedItemsImports = 4
	EndGlobalSection
	GlobalSection(SolutionConfigurationPlatforms) = preSolution
		Ad-Hoc|Any CPU = Ad-Hoc|Any CPU
		Ad-Hoc|ARM = Ad-Hoc|ARM
		Ad-Hoc|iPhone = Ad-Hoc|iPhone
		Ad-Hoc|iPhoneSimulator = Ad-Hoc|iPhoneSimulator
		Ad-Hoc|x64 = Ad-Hoc|x64
		Ad-Hoc|x86 = Ad-Hoc|x86
		AppStore|Any CPU = AppStore|Any CPU
		AppStore|ARM = AppStore|ARM
		AppStore|iPhone = AppStore|iPhone
		AppStore|iPhoneSimulator = AppStore|iPhoneSimulator
		AppStore|x64 = AppStore|x64
		AppStore|x86 = AppStore|x86
		Debug|Any CPU = Debug|Any CPU
		Debug|ARM = Debug|ARM
		Debug|iPhone = Debug|iPhone
		Debug|iPhoneSimulator = Debug|iPhoneSimulator
		Debug|x64 = Debug|x64
		Debug|x86 = Debug|x86
		Release|Any CPU = Release|Any CPU
		Release|ARM = Release|ARM
		Release|iPhone = Release|iPhone
		Release|iPhoneSimulator = Release|iPhoneSimulator
		Release|x64 = Release|x64
		Release|x86 = Release|x86
	EndGlobalSection
	GlobalSection(ProjectConfigurationPlatforms) = postSolution
		{0C722731-633C-47F2-A89E-2619E5F12197}.Ad-Hoc|Any CPU.ActiveCfg = Release|Any CPU
		{0C722731-633C-47F2-A89E-2619E5F12197}.Ad-Hoc|Any CPU.Build.0 = Release|Any CPU
		{0C722731-633C-47F2-A89E-2619E5F12197}.Ad-Hoc|Any CPU.Deploy.0 = Release|Any CPU
		{0C722731-633C-47F2-A89E-2619E5F12197}.Ad-Hoc|ARM.ActiveCfg = Release|Any CPU
		{0C722731-633C-47F2-A89E-2619E5F12197}.Ad-Hoc|ARM.Build.0 = Release|Any CPU
		{0C722731-633C-47F2-A89E-2619E5F12197}.Ad-Hoc|ARM.Deploy.0 = Release|Any CPU
		{0C722731-633C-47F2-A89E-2619E5F12197}.Ad-Hoc|iPhone.ActiveCfg = Release|Any CPU
		{0C722731-633C-47F2-A89E-2619E5F12197}.Ad-Hoc|iPhone.Build.0 = Release|Any CPU
		{0C722731-633C-47F2-A89E-2619E5F12197}.Ad-Hoc|iPhone.Deploy.0 = Release|Any CPU
		{0C722731-633C-47F2-A89E-2619E5F12197}.Ad-Hoc|iPhoneSimulator.ActiveCfg = Release|Any CPU
		{0C722731-633C-47F2-A89E-2619E5F12197}.Ad-Hoc|iPhoneSimulator.Build.0 = Release|Any CPU
		{0C722731-633C-47F2-A89E-2619E5F12197}.Ad-Hoc|iPhoneSimulator.Deploy.0 = Release|Any CPU
		{0C722731-633C-47F2-A89E-2619E5F12197}.Ad-Hoc|x64.ActiveCfg = Release|Any CPU
		{0C722731-633C-47F2-A89E-2619E5F12197}.Ad-Hoc|x64.Build.0 = Release|Any CPU
		{0C722731-633C-47F2-A89E-2619E5F12197}.Ad-Hoc|x64.Deploy.0 = Release|Any CPU
		{0C722731-633C-47F2-A89E-2619E5F12197}.Ad-Hoc|x86.ActiveCfg = Release|Any CPU
		{0C722731-633C-47F2-A89E-2619E5F12197}.Ad-Hoc|x86.Build.0 = Release|Any CPU
		{0C722731-633C-47F2-A89E-2619E5F12197}.Ad-Hoc|x86.Deploy.0 = Release|Any CPU
		{0C722731-633C-47F2-A89E-2619E5F12197}.AppStore|Any CPU.ActiveCfg = Release|Any CPU
		{0C722731-633C-47F2-A89E-2619E5F12197}.AppStore|Any CPU.Build.0 = Release|Any CPU
		{0C722731-633C-47F2-A89E-2619E5F12197}.AppStore|Any CPU.Deploy.0 = Release|Any CPU
		{0C722731-633C-47F2-A89E-2619E5F12197}.AppStore|ARM.ActiveCfg = Release|Any CPU
		{0C722731-633C-47F2-A89E-2619E5F12197}.AppStore|ARM.Build.0 = Release|Any CPU
		{0C722731-633C-47F2-A89E-2619E5F12197}.AppStore|ARM.Deploy.0 = Release|Any CPU
		{0C722731-633C-47F2-A89E-2619E5F12197}.AppStore|iPhone.ActiveCfg = Release|Any CPU
		{0C722731-633C-47F2-A89E-2619E5F12197}.AppStore|iPhone.Build.0 = Release|Any CPU
		{0C722731-633C-47F2-A89E-2619E5F12197}.AppStore|iPhone.Deploy.0 = Release|Any CPU
		{0C722731-633C-47F2-A89E-2619E5F12197}.AppStore|iPhoneSimulator.ActiveCfg = Release|Any CPU
		{0C722731-633C-47F2-A89E-2619E5F12197}.AppStore|iPhoneSimulator.Build.0 = Release|Any CPU
		{0C722731-633C-47F2-A89E-2619E5F12197}.AppStore|iPhoneSimulator.Deploy.0 = Release|Any CPU
		{0C722731-633C-47F2-A89E-2619E5F12197}.AppStore|x64.ActiveCfg = Release|Any CPU
		{0C722731-633C-47F2-A89E-2619E5F12197}.AppStore|x64.Build.0 = Release|Any CPU
		{0C722731-633C-47F2-A89E-2619E5F12197}.AppStore|x64.Deploy.0 = Release|Any CPU
		{0C722731-633C-47F2-A89E-2619E5F12197}.AppStore|x86.ActiveCfg = Release|Any CPU
		{0C722731-633C-47F2-A89E-2619E5F12197}.AppStore|x86.Build.0 = Release|Any CPU
		{0C722731-633C-47F2-A89E-2619E5F12197}.AppStore|x86.Deploy.0 = Release|Any CPU
		{0C722731-633C-47F2-A89E-2619E5F12197}.Debug|Any CPU.ActiveCfg = Debug|Any CPU
		{0C722731-633C-47F2-A89E-2619E5F12197}.Debug|Any CPU.Build.0 = Debug|Any CPU
		{0C722731-633C-47F2-A89E-2619E5F12197}.Debug|Any CPU.Deploy.0 = Debug|Any CPU
		{0C722731-633C-47F2-A89E-2619E5F12197}.Debug|ARM.ActiveCfg = Debug|Any CPU
		{0C722731-633C-47F2-A89E-2619E5F12197}.Debug|ARM.Build.0 = Debug|Any CPU
		{0C722731-633C-47F2-A89E-2619E5F12197}.Debug|ARM.Deploy.0 = Debug|Any CPU
		{0C722731-633C-47F2-A89E-2619E5F12197}.Debug|iPhone.ActiveCfg = Debug|Any CPU
		{0C722731-633C-47F2-A89E-2619E5F12197}.Debug|iPhone.Build.0 = Debug|Any CPU
		{0C722731-633C-47F2-A89E-2619E5F12197}.Debug|iPhone.Deploy.0 = Debug|Any CPU
		{0C722731-633C-47F2-A89E-2619E5F12197}.Debug|iPhoneSimulator.ActiveCfg = Debug|Any CPU
		{0C722731-633C-47F2-A89E-2619E5F12197}.Debug|iPhoneSimulator.Build.0 = Debug|Any CPU
		{0C722731-633C-47F2-A89E-2619E5F12197}.Debug|iPhoneSimulator.Deploy.0 = Debug|Any CPU
		{0C722731-633C-47F2-A89E-2619E5F12197}.Debug|x64.ActiveCfg = Debug|Any CPU
		{0C722731-633C-47F2-A89E-2619E5F12197}.Debug|x64.Build.0 = Debug|Any CPU
		{0C722731-633C-47F2-A89E-2619E5F12197}.Debug|x64.Deploy.0 = Debug|Any CPU
		{0C722731-633C-47F2-A89E-2619E5F12197}.Debug|x86.ActiveCfg = Debug|Any CPU
		{0C722731-633C-47F2-A89E-2619E5F12197}.Debug|x86.Build.0 = Debug|Any CPU
		{0C722731-633C-47F2-A89E-2619E5F12197}.Debug|x86.Deploy.0 = Debug|Any CPU
		{0C722731-633C-47F2-A89E-2619E5F12197}.Release|Any CPU.ActiveCfg = Release|Any CPU
		{0C722731-633C-47F2-A89E-2619E5F12197}.Release|Any CPU.Build.0 = Release|Any CPU
		{0C722731-633C-47F2-A89E-2619E5F12197}.Release|Any CPU.Deploy.0 = Release|Any CPU
		{0C722731-633C-47F2-A89E-2619E5F12197}.Release|ARM.ActiveCfg = Release|Any CPU
		{0C722731-633C-47F2-A89E-2619E5F12197}.Release|ARM.Build.0 = Release|Any CPU
		{0C722731-633C-47F2-A89E-2619E5F12197}.Release|ARM.Deploy.0 = Release|Any CPU
		{0C722731-633C-47F2-A89E-2619E5F12197}.Release|iPhone.ActiveCfg = Release|Any CPU
		{0C722731-633C-47F2-A89E-2619E5F12197}.Release|iPhone.Build.0 = Release|Any CPU
		{0C722731-633C-47F2-A89E-2619E5F12197}.Release|iPhone.Deploy.0 = Release|Any CPU
		{0C722731-633C-47F2-A89E-2619E5F12197}.Release|iPhoneSimulator.ActiveCfg = Release|Any CPU
		{0C722731-633C-47F2-A89E-2619E5F12197}.Release|iPhoneSimulator.Build.0 = Release|Any CPU
		{0C722731-633C-47F2-A89E-2619E5F12197}.Release|iPhoneSimulator.Deploy.0 = Release|Any CPU
		{0C722731-633C-47F2-A89E-2619E5F12197}.Release|x64.ActiveCfg = Release|Any CPU
		{0C722731-633C-47F2-A89E-2619E5F12197}.Release|x64.Build.0 = Release|Any CPU
		{0C722731-633C-47F2-A89E-2619E5F12197}.Release|x64.Deploy.0 = Release|Any CPU
		{0C722731-633C-47F2-A89E-2619E5F12197}.Release|x86.ActiveCfg = Release|Any CPU
		{0C722731-633C-47F2-A89E-2619E5F12197}.Release|x86.Build.0 = Release|Any CPU
		{0C722731-633C-47F2-A89E-2619E5F12197}.Release|x86.Deploy.0 = Release|Any CPU
		{B05027D2-F325-4B0B-8E61-831BE1A3F576}.Ad-Hoc|Any CPU.ActiveCfg = Ad-Hoc|iPhone
		{B05027D2-F325-4B0B-8E61-831BE1A3F576}.Ad-Hoc|ARM.ActiveCfg = Ad-Hoc|iPhone
		{B05027D2-F325-4B0B-8E61-831BE1A3F576}.Ad-Hoc|iPhone.ActiveCfg = Ad-Hoc|iPhone
		{B05027D2-F325-4B0B-8E61-831BE1A3F576}.Ad-Hoc|iPhone.Build.0 = Ad-Hoc|iPhone
		{B05027D2-F325-4B0B-8E61-831BE1A3F576}.Ad-Hoc|iPhoneSimulator.ActiveCfg = Ad-Hoc|iPhoneSimulator
		{B05027D2-F325-4B0B-8E61-831BE1A3F576}.Ad-Hoc|iPhoneSimulator.Build.0 = Ad-Hoc|iPhoneSimulator
		{B05027D2-F325-4B0B-8E61-831BE1A3F576}.Ad-Hoc|x64.ActiveCfg = Ad-Hoc|iPhone
		{B05027D2-F325-4B0B-8E61-831BE1A3F576}.Ad-Hoc|x86.ActiveCfg = Ad-Hoc|iPhone
		{B05027D2-F325-4B0B-8E61-831BE1A3F576}.AppStore|Any CPU.ActiveCfg = AppStore|iPhone
		{B05027D2-F325-4B0B-8E61-831BE1A3F576}.AppStore|ARM.ActiveCfg = AppStore|iPhone
		{B05027D2-F325-4B0B-8E61-831BE1A3F576}.AppStore|iPhone.ActiveCfg = AppStore|iPhone
		{B05027D2-F325-4B0B-8E61-831BE1A3F576}.AppStore|iPhone.Build.0 = AppStore|iPhone
		{B05027D2-F325-4B0B-8E61-831BE1A3F576}.AppStore|iPhoneSimulator.ActiveCfg = AppStore|iPhoneSimulator
		{B05027D2-F325-4B0B-8E61-831BE1A3F576}.AppStore|iPhoneSimulator.Build.0 = AppStore|iPhoneSimulator
		{B05027D2-F325-4B0B-8E61-831BE1A3F576}.AppStore|x64.ActiveCfg = AppStore|iPhone
		{B05027D2-F325-4B0B-8E61-831BE1A3F576}.AppStore|x86.ActiveCfg = AppStore|iPhone
		{B05027D2-F325-4B0B-8E61-831BE1A3F576}.Debug|Any CPU.ActiveCfg = Debug|iPhone
		{B05027D2-F325-4B0B-8E61-831BE1A3F576}.Debug|ARM.ActiveCfg = Debug|iPhone
		{B05027D2-F325-4B0B-8E61-831BE1A3F576}.Debug|iPhone.ActiveCfg = Debug|iPhone
		{B05027D2-F325-4B0B-8E61-831BE1A3F576}.Debug|iPhone.Build.0 = Debug|iPhone
		{B05027D2-F325-4B0B-8E61-831BE1A3F576}.Debug|iPhoneSimulator.ActiveCfg = Debug|iPhoneSimulator
		{B05027D2-F325-4B0B-8E61-831BE1A3F576}.Debug|iPhoneSimulator.Build.0 = Debug|iPhoneSimulator
		{B05027D2-F325-4B0B-8E61-831BE1A3F576}.Debug|x64.ActiveCfg = Debug|iPhone
		{B05027D2-F325-4B0B-8E61-831BE1A3F576}.Debug|x86.ActiveCfg = Debug|iPhone
		{B05027D2-F325-4B0B-8E61-831BE1A3F576}.Release|Any CPU.ActiveCfg = Release|iPhone
		{B05027D2-F325-4B0B-8E61-831BE1A3F576}.Release|ARM.ActiveCfg = Release|iPhone
		{B05027D2-F325-4B0B-8E61-831BE1A3F576}.Release|iPhone.ActiveCfg = Release|iPhone
		{B05027D2-F325-4B0B-8E61-831BE1A3F576}.Release|iPhone.Build.0 = Release|iPhone
		{B05027D2-F325-4B0B-8E61-831BE1A3F576}.Release|iPhoneSimulator.ActiveCfg = Release|iPhoneSimulator
		{B05027D2-F325-4B0B-8E61-831BE1A3F576}.Release|iPhoneSimulator.Build.0 = Release|iPhoneSimulator
		{B05027D2-F325-4B0B-8E61-831BE1A3F576}.Release|x64.ActiveCfg = Release|iPhone
		{B05027D2-F325-4B0B-8E61-831BE1A3F576}.Release|x86.ActiveCfg = Release|iPhone
		{F2FBF4E0-E498-401B-9C60-ABDA9471FDDA}.Ad-Hoc|Any CPU.ActiveCfg = Release|x86
		{F2FBF4E0-E498-401B-9C60-ABDA9471FDDA}.Ad-Hoc|Any CPU.Build.0 = Release|x86
		{F2FBF4E0-E498-401B-9C60-ABDA9471FDDA}.Ad-Hoc|Any CPU.Deploy.0 = Release|x86
		{F2FBF4E0-E498-401B-9C60-ABDA9471FDDA}.Ad-Hoc|ARM.ActiveCfg = Release|ARM
		{F2FBF4E0-E498-401B-9C60-ABDA9471FDDA}.Ad-Hoc|ARM.Build.0 = Release|ARM
		{F2FBF4E0-E498-401B-9C60-ABDA9471FDDA}.Ad-Hoc|ARM.Deploy.0 = Release|ARM
		{F2FBF4E0-E498-401B-9C60-ABDA9471FDDA}.Ad-Hoc|iPhone.ActiveCfg = Release|x86
		{F2FBF4E0-E498-401B-9C60-ABDA9471FDDA}.Ad-Hoc|iPhone.Build.0 = Release|x86
		{F2FBF4E0-E498-401B-9C60-ABDA9471FDDA}.Ad-Hoc|iPhone.Deploy.0 = Release|x86
		{F2FBF4E0-E498-401B-9C60-ABDA9471FDDA}.Ad-Hoc|iPhoneSimulator.ActiveCfg = Release|x86
		{F2FBF4E0-E498-401B-9C60-ABDA9471FDDA}.Ad-Hoc|iPhoneSimulator.Build.0 = Release|x86
		{F2FBF4E0-E498-401B-9C60-ABDA9471FDDA}.Ad-Hoc|iPhoneSimulator.Deploy.0 = Release|x86
		{F2FBF4E0-E498-401B-9C60-ABDA9471FDDA}.Ad-Hoc|x64.ActiveCfg = Release|x64
		{F2FBF4E0-E498-401B-9C60-ABDA9471FDDA}.Ad-Hoc|x64.Build.0 = Release|x64
		{F2FBF4E0-E498-401B-9C60-ABDA9471FDDA}.Ad-Hoc|x64.Deploy.0 = Release|x64
		{F2FBF4E0-E498-401B-9C60-ABDA9471FDDA}.Ad-Hoc|x86.ActiveCfg = Release|x86
		{F2FBF4E0-E498-401B-9C60-ABDA9471FDDA}.Ad-Hoc|x86.Build.0 = Release|x86
		{F2FBF4E0-E498-401B-9C60-ABDA9471FDDA}.Ad-Hoc|x86.Deploy.0 = Release|x86
		{F2FBF4E0-E498-401B-9C60-ABDA9471FDDA}.AppStore|Any CPU.ActiveCfg = Release|x86
		{F2FBF4E0-E498-401B-9C60-ABDA9471FDDA}.AppStore|Any CPU.Build.0 = Release|x86
		{F2FBF4E0-E498-401B-9C60-ABDA9471FDDA}.AppStore|Any CPU.Deploy.0 = Release|x86
		{F2FBF4E0-E498-401B-9C60-ABDA9471FDDA}.AppStore|ARM.ActiveCfg = Release|ARM
		{F2FBF4E0-E498-401B-9C60-ABDA9471FDDA}.AppStore|ARM.Build.0 = Release|ARM
		{F2FBF4E0-E498-401B-9C60-ABDA9471FDDA}.AppStore|ARM.Deploy.0 = Release|ARM
		{F2FBF4E0-E498-401B-9C60-ABDA9471FDDA}.AppStore|iPhone.ActiveCfg = Release|x86
		{F2FBF4E0-E498-401B-9C60-ABDA9471FDDA}.AppStore|iPhone.Build.0 = Release|x86
		{F2FBF4E0-E498-401B-9C60-ABDA9471FDDA}.AppStore|iPhone.Deploy.0 = Release|x86
		{F2FBF4E0-E498-401B-9C60-ABDA9471FDDA}.AppStore|iPhoneSimulator.ActiveCfg = Release|x86
		{F2FBF4E0-E498-401B-9C60-ABDA9471FDDA}.AppStore|iPhoneSimulator.Build.0 = Release|x86
		{F2FBF4E0-E498-401B-9C60-ABDA9471FDDA}.AppStore|iPhoneSimulator.Deploy.0 = Release|x86
		{F2FBF4E0-E498-401B-9C60-ABDA9471FDDA}.AppStore|x64.ActiveCfg = Release|x64
		{F2FBF4E0-E498-401B-9C60-ABDA9471FDDA}.AppStore|x64.Build.0 = Release|x64
		{F2FBF4E0-E498-401B-9C60-ABDA9471FDDA}.AppStore|x64.Deploy.0 = Release|x64
		{F2FBF4E0-E498-401B-9C60-ABDA9471FDDA}.AppStore|x86.ActiveCfg = Release|x86
		{F2FBF4E0-E498-401B-9C60-ABDA9471FDDA}.AppStore|x86.Build.0 = Release|x86
		{F2FBF4E0-E498-401B-9C60-ABDA9471FDDA}.AppStore|x86.Deploy.0 = Release|x86
		{F2FBF4E0-E498-401B-9C60-ABDA9471FDDA}.Debug|Any CPU.ActiveCfg = Debug|x86
		{F2FBF4E0-E498-401B-9C60-ABDA9471FDDA}.Debug|ARM.ActiveCfg = Debug|ARM
		{F2FBF4E0-E498-401B-9C60-ABDA9471FDDA}.Debug|ARM.Build.0 = Debug|ARM
		{F2FBF4E0-E498-401B-9C60-ABDA9471FDDA}.Debug|ARM.Deploy.0 = Debug|ARM
		{F2FBF4E0-E498-401B-9C60-ABDA9471FDDA}.Debug|iPhone.ActiveCfg = Debug|x86
		{F2FBF4E0-E498-401B-9C60-ABDA9471FDDA}.Debug|iPhoneSimulator.ActiveCfg = Debug|x86
		{F2FBF4E0-E498-401B-9C60-ABDA9471FDDA}.Debug|x64.ActiveCfg = Debug|x64
		{F2FBF4E0-E498-401B-9C60-ABDA9471FDDA}.Debug|x64.Build.0 = Debug|x64
		{F2FBF4E0-E498-401B-9C60-ABDA9471FDDA}.Debug|x64.Deploy.0 = Debug|x64
		{F2FBF4E0-E498-401B-9C60-ABDA9471FDDA}.Debug|x86.ActiveCfg = Debug|x86
		{F2FBF4E0-E498-401B-9C60-ABDA9471FDDA}.Debug|x86.Build.0 = Debug|x86
		{F2FBF4E0-E498-401B-9C60-ABDA9471FDDA}.Debug|x86.Deploy.0 = Debug|x86
		{F2FBF4E0-E498-401B-9C60-ABDA9471FDDA}.Release|Any CPU.ActiveCfg = Release|x86
		{F2FBF4E0-E498-401B-9C60-ABDA9471FDDA}.Release|ARM.ActiveCfg = Release|ARM
		{F2FBF4E0-E498-401B-9C60-ABDA9471FDDA}.Release|ARM.Build.0 = Release|ARM
		{F2FBF4E0-E498-401B-9C60-ABDA9471FDDA}.Release|ARM.Deploy.0 = Release|ARM
		{F2FBF4E0-E498-401B-9C60-ABDA9471FDDA}.Release|iPhone.ActiveCfg = Release|x86
		{F2FBF4E0-E498-401B-9C60-ABDA9471FDDA}.Release|iPhoneSimulator.ActiveCfg = Release|x86
		{F2FBF4E0-E498-401B-9C60-ABDA9471FDDA}.Release|x64.ActiveCfg = Release|x64
		{F2FBF4E0-E498-401B-9C60-ABDA9471FDDA}.Release|x64.Build.0 = Release|x64
		{F2FBF4E0-E498-401B-9C60-ABDA9471FDDA}.Release|x64.Deploy.0 = Release|x64
		{F2FBF4E0-E498-401B-9C60-ABDA9471FDDA}.Release|x86.ActiveCfg = Release|x86
		{F2FBF4E0-E498-401B-9C60-ABDA9471FDDA}.Release|x86.Build.0 = Release|x86
		{F2FBF4E0-E498-401B-9C60-ABDA9471FDDA}.Release|x86.Deploy.0 = Release|x86
	EndGlobalSection
	GlobalSection(SolutionProperties) = preSolution
		HideSolutionNode = FALSE
	EndGlobalSection
	GlobalSection(ExtensibilityGlobals) = postSolution
		SolutionGuid = {FCD9D072-DA6C-4006-AD6D-14C4B4DEA7F4}
	EndGlobalSection
EndGlobal
