
Microsoft Visual Studio Solution File, Format Version 12.00
# Visual Studio 15
VisualStudioVersion = 15.0.26730.8
MinimumVisualStudioVersion = 10.0.40219.1
Project("{D954291E-2A0B-460D-934E-DC6B0785DB48}") = "FlagsGame", "FlagsGame\FlagsGame\FlagsGame.shproj", "{2D80F6F4-D0B9-4981-9D20-28729718BCBB}"
EndProject
Project("{FAE04EC0-301F-11D3-BF4B-00C04F79EFBC}") = "FlagsGame.Android", "FlagsGame\FlagsGame.Android\FlagsGame.Android.csproj", "{9238C667-8F08-4C91-964F-FC08BDD6C435}"
EndProject
Project("{FAE04EC0-301F-11D3-BF4B-00C04F79EFBC}") = "FlagsGame.iOS", "FlagsGame\FlagsGame.iOS\FlagsGame.iOS.csproj", "{FD70421C-C283-423C-9CE8-D4DEB55A857F}"
EndProject
Project("{FAE04EC0-301F-11D3-BF4B-00C04F79EFBC}") = "FlagsGame.UWP", "FlagsGame\FlagsGame.UWP\FlagsGame.UWP.csproj", "{5C76AAC8-F7A9-49E8-BB46-FA90DD7ACCED}"
EndProject
Global
	GlobalSection(SharedMSBuildProjectFiles) = preSolution
		FlagsGame\FlagsGame\FlagsGame.projitems*{2d80f6f4-d0b9-4981-9d20-28729718bcbb}*SharedItemsImports = 13
		FlagsGame\FlagsGame\FlagsGame.projitems*{5c76aac8-f7a9-49e8-bb46-fa90dd7acced}*SharedItemsImports = 4
		FlagsGame\FlagsGame\FlagsGame.projitems*{9238c667-8f08-4c91-964f-fc08bdd6c435}*SharedItemsImports = 4
		FlagsGame\FlagsGame\FlagsGame.projitems*{fd70421c-c283-423c-9ce8-d4deb55a857f}*SharedItemsImports = 4
	EndGlobalSection
	GlobalSection(SolutionConfigurationPlatforms) = preSolution
		Ad-Hoc|Any CPU = Ad-Hoc|Any CPU
		Ad-Hoc|ARM = Ad-Hoc|ARM
		Ad-Hoc|iPhone = Ad-Hoc|iPhone
		Ad-Hoc|iPhoneSimulator = Ad-Hoc|iPhoneSimulator
		Ad-Hoc|x64 = Ad-Hoc|x64
		Ad-Hoc|x86 = Ad-Hoc|x86
		AppStore|Any CPU = AppStore|Any CPU
		AppStore|ARM = AppStore|ARM
		AppStore|iPhone = AppStore|iPhone
		AppStore|iPhoneSimulator = AppStore|iPhoneSimulator
		AppStore|x64 = AppStore|x64
		AppStore|x86 = AppStore|x86
		Debug|Any CPU = Debug|Any CPU
		Debug|ARM = Debug|ARM
		Debug|iPhone = Debug|iPhone
		Debug|iPhoneSimulator = Debug|iPhoneSimulator
		Debug|x64 = Debug|x64
		Debug|x86 = Debug|x86
		Release|Any CPU = Release|Any CPU
		Release|ARM = Release|ARM
		Release|iPhone = Release|iPhone
		Release|iPhoneSimulator = Release|iPhoneSimulator
		Release|x64 = Release|x64
		Release|x86 = Release|x86
	EndGlobalSection
	GlobalSection(ProjectConfigurationPlatforms) = postSolution
		{9238C667-8F08-4C91-964F-FC08BDD6C435}.Ad-Hoc|Any CPU.ActiveCfg = Release|Any CPU
		{9238C667-8F08-4C91-964F-FC08BDD6C435}.Ad-Hoc|Any CPU.Build.0 = Release|Any CPU
		{9238C667-8F08-4C91-964F-FC08BDD6C435}.Ad-Hoc|Any CPU.Deploy.0 = Release|Any CPU
		{9238C667-8F08-4C91-964F-FC08BDD6C435}.Ad-Hoc|ARM.ActiveCfg = Release|Any CPU
		{9238C667-8F08-4C91-964F-FC08BDD6C435}.Ad-Hoc|ARM.Build.0 = Release|Any CPU
		{9238C667-8F08-4C91-964F-FC08BDD6C435}.Ad-Hoc|ARM.Deploy.0 = Release|Any CPU
		{9238C667-8F08-4C91-964F-FC08BDD6C435}.Ad-Hoc|iPhone.ActiveCfg = Release|Any CPU
		{9238C667-8F08-4C91-964F-FC08BDD6C435}.Ad-Hoc|iPhone.Build.0 = Release|Any CPU
		{9238C667-8F08-4C91-964F-FC08BDD6C435}.Ad-Hoc|iPhone.Deploy.0 = Release|Any CPU
		{9238C667-8F08-4C91-964F-FC08BDD6C435}.Ad-Hoc|iPhoneSimulator.ActiveCfg = Release|Any CPU
		{9238C667-8F08-4C91-964F-FC08BDD6C435}.Ad-Hoc|iPhoneSimulator.Build.0 = Release|Any CPU
		{9238C667-8F08-4C91-964F-FC08BDD6C435}.Ad-Hoc|iPhoneSimulator.Deploy.0 = Release|Any CPU
		{9238C667-8F08-4C91-964F-FC08BDD6C435}.Ad-Hoc|x64.ActiveCfg = Release|Any CPU
		{9238C667-8F08-4C91-964F-FC08BDD6C435}.Ad-Hoc|x64.Build.0 = Release|Any CPU
		{9238C667-8F08-4C91-964F-FC08BDD6C435}.Ad-Hoc|x64.Deploy.0 = Release|Any CPU
		{9238C667-8F08-4C91-964F-FC08BDD6C435}.Ad-Hoc|x86.ActiveCfg = Release|Any CPU
		{9238C667-8F08-4C91-964F-FC08BDD6C435}.Ad-Hoc|x86.Build.0 = Release|Any CPU
		{9238C667-8F08-4C91-964F-FC08BDD6C435}.Ad-Hoc|x86.Deploy.0 = Release|Any CPU
		{9238C667-8F08-4C91-964F-FC08BDD6C435}.AppStore|Any CPU.ActiveCfg = Release|Any CPU
		{9238C667-8F08-4C91-964F-FC08BDD6C435}.AppStore|Any CPU.Build.0 = Release|Any CPU
		{9238C667-8F08-4C91-964F-FC08BDD6C435}.AppStore|Any CPU.Deploy.0 = Release|Any CPU
		{9238C667-8F08-4C91-964F-FC08BDD6C435}.AppStore|ARM.ActiveCfg = Release|Any CPU
		{9238C667-8F08-4C91-964F-FC08BDD6C435}.AppStore|ARM.Build.0 = Release|Any CPU
		{9238C667-8F08-4C91-964F-FC08BDD6C435}.AppStore|ARM.Deploy.0 = Release|Any CPU
		{9238C667-8F08-4C91-964F-FC08BDD6C435}.AppStore|iPhone.ActiveCfg = Release|Any CPU
		{9238C667-8F08-4C91-964F-FC08BDD6C435}.AppStore|iPhone.Build.0 = Release|Any CPU
		{9238C667-8F08-4C91-964F-FC08BDD6C435}.AppStore|iPhone.Deploy.0 = Release|Any CPU
		{9238C667-8F08-4C91-964F-FC08BDD6C435}.AppStore|iPhoneSimulator.ActiveCfg = Release|Any CPU
		{9238C667-8F08-4C91-964F-FC08BDD6C435}.AppStore|iPhoneSimulator.Build.0 = Release|Any CPU
		{9238C667-8F08-4C91-964F-FC08BDD6C435}.AppStore|iPhoneSimulator.Deploy.0 = Release|Any CPU
		{9238C667-8F08-4C91-964F-FC08BDD6C435}.AppStore|x64.ActiveCfg = Release|Any CPU
		{9238C667-8F08-4C91-964F-FC08BDD6C435}.AppStore|x64.Build.0 = Release|Any CPU
		{9238C667-8F08-4C91-964F-FC08BDD6C435}.AppStore|x64.Deploy.0 = Release|Any CPU
		{9238C667-8F08-4C91-964F-FC08BDD6C435}.AppStore|x86.ActiveCfg = Release|Any CPU
		{9238C667-8F08-4C91-964F-FC08BDD6C435}.AppStore|x86.Build.0 = Release|Any CPU
		{9238C667-8F08-4C91-964F-FC08BDD6C435}.AppStore|x86.Deploy.0 = Release|Any CPU
		{9238C667-8F08-4C91-964F-FC08BDD6C435}.Debug|Any CPU.ActiveCfg = Debug|Any CPU
		{9238C667-8F08-4C91-964F-FC08BDD6C435}.Debug|Any CPU.Build.0 = Debug|Any CPU
		{9238C667-8F08-4C91-964F-FC08BDD6C435}.Debug|Any CPU.Deploy.0 = Debug|Any CPU
		{9238C667-8F08-4C91-964F-FC08BDD6C435}.Debug|ARM.ActiveCfg = Debug|Any CPU
		{9238C667-8F08-4C91-964F-FC08BDD6C435}.Debug|ARM.Build.0 = Debug|Any CPU
		{9238C667-8F08-4C91-964F-FC08BDD6C435}.Debug|ARM.Deploy.0 = Debug|Any CPU
		{9238C667-8F08-4C91-964F-FC08BDD6C435}.Debug|iPhone.ActiveCfg = Debug|Any CPU
		{9238C667-8F08-4C91-964F-FC08BDD6C435}.Debug|iPhone.Build.0 = Debug|Any CPU
		{9238C667-8F08-4C91-964F-FC08BDD6C435}.Debug|iPhone.Deploy.0 = Debug|Any CPU
		{9238C667-8F08-4C91-964F-FC08BDD6C435}.Debug|iPhoneSimulator.ActiveCfg = Debug|Any CPU
		{9238C667-8F08-4C91-964F-FC08BDD6C435}.Debug|iPhoneSimulator.Build.0 = Debug|Any CPU
		{9238C667-8F08-4C91-964F-FC08BDD6C435}.Debug|iPhoneSimulator.Deploy.0 = Debug|Any CPU
		{9238C667-8F08-4C91-964F-FC08BDD6C435}.Debug|x64.ActiveCfg = Debug|Any CPU
		{9238C667-8F08-4C91-964F-FC08BDD6C435}.Debug|x64.Build.0 = Debug|Any CPU
		{9238C667-8F08-4C91-964F-FC08BDD6C435}.Debug|x64.Deploy.0 = Debug|Any CPU
		{9238C667-8F08-4C91-964F-FC08BDD6C435}.Debug|x86.ActiveCfg = Debug|Any CPU
		{9238C667-8F08-4C91-964F-FC08BDD6C435}.Debug|x86.Build.0 = Debug|Any CPU
		{9238C667-8F08-4C91-964F-FC08BDD6C435}.Debug|x86.Deploy.0 = Debug|Any CPU
		{9238C667-8F08-4C91-964F-FC08BDD6C435}.Release|Any CPU.ActiveCfg = Release|Any CPU
		{9238C667-8F08-4C91-964F-FC08BDD6C435}.Release|Any CPU.Build.0 = Release|Any CPU
		{9238C667-8F08-4C91-964F-FC08BDD6C435}.Release|Any CPU.Deploy.0 = Release|Any CPU
		{9238C667-8F08-4C91-964F-FC08BDD6C435}.Release|ARM.ActiveCfg = Release|Any CPU
		{9238C667-8F08-4C91-964F-FC08BDD6C435}.Release|ARM.Build.0 = Release|Any CPU
		{9238C667-8F08-4C91-964F-FC08BDD6C435}.Release|ARM.Deploy.0 = Release|Any CPU
		{9238C667-8F08-4C91-964F-FC08BDD6C435}.Release|iPhone.ActiveCfg = Release|Any CPU
		{9238C667-8F08-4C91-964F-FC08BDD6C435}.Release|iPhone.Build.0 = Release|Any CPU
		{9238C667-8F08-4C91-964F-FC08BDD6C435}.Release|iPhone.Deploy.0 = Release|Any CPU
		{9238C667-8F08-4C91-964F-FC08BDD6C435}.Release|iPhoneSimulator.ActiveCfg = Release|Any CPU
		{9238C667-8F08-4C91-964F-FC08BDD6C435}.Release|iPhoneSimulator.Build.0 = Release|Any CPU
		{9238C667-8F08-4C91-964F-FC08BDD6C435}.Release|iPhoneSimulator.Deploy.0 = Release|Any CPU
		{9238C667-8F08-4C91-964F-FC08BDD6C435}.Release|x64.ActiveCfg = Release|Any CPU
		{9238C667-8F08-4C91-964F-FC08BDD6C435}.Release|x64.Build.0 = Release|Any CPU
		{9238C667-8F08-4C91-964F-FC08BDD6C435}.Release|x64.Deploy.0 = Release|Any CPU
		{9238C667-8F08-4C91-964F-FC08BDD6C435}.Release|x86.ActiveCfg = Release|Any CPU
		{9238C667-8F08-4C91-964F-FC08BDD6C435}.Release|x86.Build.0 = Release|Any CPU
		{9238C667-8F08-4C91-964F-FC08BDD6C435}.Release|x86.Deploy.0 = Release|Any CPU
		{FD70421C-C283-423C-9CE8-D4DEB55A857F}.Ad-Hoc|Any CPU.ActiveCfg = Ad-Hoc|iPhone
		{FD70421C-C283-423C-9CE8-D4DEB55A857F}.Ad-Hoc|ARM.ActiveCfg = Ad-Hoc|iPhone
		{FD70421C-C283-423C-9CE8-D4DEB55A857F}.Ad-Hoc|iPhone.ActiveCfg = Ad-Hoc|iPhone
		{FD70421C-C283-423C-9CE8-D4DEB55A857F}.Ad-Hoc|iPhone.Build.0 = Ad-Hoc|iPhone
		{FD70421C-C283-423C-9CE8-D4DEB55A857F}.Ad-Hoc|iPhoneSimulator.ActiveCfg = Ad-Hoc|iPhoneSimulator
		{FD70421C-C283-423C-9CE8-D4DEB55A857F}.Ad-Hoc|iPhoneSimulator.Build.0 = Ad-Hoc|iPhoneSimulator
		{FD70421C-C283-423C-9CE8-D4DEB55A857F}.Ad-Hoc|x64.ActiveCfg = Ad-Hoc|iPhone
		{FD70421C-C283-423C-9CE8-D4DEB55A857F}.Ad-Hoc|x86.ActiveCfg = Ad-Hoc|iPhone
		{FD70421C-C283-423C-9CE8-D4DEB55A857F}.AppStore|Any CPU.ActiveCfg = AppStore|iPhone
		{FD70421C-C283-423C-9CE8-D4DEB55A857F}.AppStore|ARM.ActiveCfg = AppStore|iPhone
		{FD70421C-C283-423C-9CE8-D4DEB55A857F}.AppStore|iPhone.ActiveCfg = AppStore|iPhone
		{FD70421C-C283-423C-9CE8-D4DEB55A857F}.AppStore|iPhone.Build.0 = AppStore|iPhone
		{FD70421C-C283-423C-9CE8-D4DEB55A857F}.AppStore|iPhoneSimulator.ActiveCfg = AppStore|iPhoneSimulator
		{FD70421C-C283-423C-9CE8-D4DEB55A857F}.AppStore|iPhoneSimulator.Build.0 = AppStore|iPhoneSimulator
		{FD70421C-C283-423C-9CE8-D4DEB55A857F}.AppStore|x64.ActiveCfg = AppStore|iPhone
		{FD70421C-C283-423C-9CE8-D4DEB55A857F}.AppStore|x86.ActiveCfg = AppStore|iPhone
		{FD70421C-C283-423C-9CE8-D4DEB55A857F}.Debug|Any CPU.ActiveCfg = Debug|iPhone
		{FD70421C-C283-423C-9CE8-D4DEB55A857F}.Debug|ARM.ActiveCfg = Debug|iPhone
		{FD70421C-C283-423C-9CE8-D4DEB55A857F}.Debug|iPhone.ActiveCfg = Debug|iPhone
		{FD70421C-C283-423C-9CE8-D4DEB55A857F}.Debug|iPhone.Build.0 = Debug|iPhone
		{FD70421C-C283-423C-9CE8-D4DEB55A857F}.Debug|iPhoneSimulator.ActiveCfg = Debug|iPhoneSimulator
		{FD70421C-C283-423C-9CE8-D4DEB55A857F}.Debug|iPhoneSimulator.Build.0 = Debug|iPhoneSimulator
		{FD70421C-C283-423C-9CE8-D4DEB55A857F}.Debug|x64.ActiveCfg = Debug|iPhone
		{FD70421C-C283-423C-9CE8-D4DEB55A857F}.Debug|x86.ActiveCfg = Debug|iPhone
		{FD70421C-C283-423C-9CE8-D4DEB55A857F}.Release|Any CPU.ActiveCfg = Release|iPhone
		{FD70421C-C283-423C-9CE8-D4DEB55A857F}.Release|ARM.ActiveCfg = Release|iPhone
		{FD70421C-C283-423C-9CE8-D4DEB55A857F}.Release|iPhone.ActiveCfg = Release|iPhone
		{FD70421C-C283-423C-9CE8-D4DEB55A857F}.Release|iPhone.Build.0 = Release|iPhone
		{FD70421C-C283-423C-9CE8-D4DEB55A857F}.Release|iPhoneSimulator.ActiveCfg = Release|iPhoneSimulator
		{FD70421C-C283-423C-9CE8-D4DEB55A857F}.Release|iPhoneSimulator.Build.0 = Release|iPhoneSimulator
		{FD70421C-C283-423C-9CE8-D4DEB55A857F}.Release|x64.ActiveCfg = Release|iPhone
		{FD70421C-C283-423C-9CE8-D4DEB55A857F}.Release|x86.ActiveCfg = Release|iPhone
		{5C76AAC8-F7A9-49E8-BB46-FA90DD7ACCED}.Ad-Hoc|Any CPU.ActiveCfg = Release|x86
		{5C76AAC8-F7A9-49E8-BB46-FA90DD7ACCED}.Ad-Hoc|Any CPU.Build.0 = Release|x86
		{5C76AAC8-F7A9-49E8-BB46-FA90DD7ACCED}.Ad-Hoc|Any CPU.Deploy.0 = Release|x86
		{5C76AAC8-F7A9-49E8-BB46-FA90DD7ACCED}.Ad-Hoc|ARM.ActiveCfg = Release|ARM
		{5C76AAC8-F7A9-49E8-BB46-FA90DD7ACCED}.Ad-Hoc|ARM.Build.0 = Release|ARM
		{5C76AAC8-F7A9-49E8-BB46-FA90DD7ACCED}.Ad-Hoc|ARM.Deploy.0 = Release|ARM
		{5C76AAC8-F7A9-49E8-BB46-FA90DD7ACCED}.Ad-Hoc|iPhone.ActiveCfg = Release|x86
		{5C76AAC8-F7A9-49E8-BB46-FA90DD7ACCED}.Ad-Hoc|iPhone.Build.0 = Release|x86
		{5C76AAC8-F7A9-49E8-BB46-FA90DD7ACCED}.Ad-Hoc|iPhone.Deploy.0 = Release|x86
		{5C76AAC8-F7A9-49E8-BB46-FA90DD7ACCED}.Ad-Hoc|iPhoneSimulator.ActiveCfg = Release|x86
		{5C76AAC8-F7A9-49E8-BB46-FA90DD7ACCED}.Ad-Hoc|iPhoneSimulator.Build.0 = Release|x86
		{5C76AAC8-F7A9-49E8-BB46-FA90DD7ACCED}.Ad-Hoc|iPhoneSimulator.Deploy.0 = Release|x86
		{5C76AAC8-F7A9-49E8-BB46-FA90DD7ACCED}.Ad-Hoc|x64.ActiveCfg = Release|x64
		{5C76AAC8-F7A9-49E8-BB46-FA90DD7ACCED}.Ad-Hoc|x64.Build.0 = Release|x64
		{5C76AAC8-F7A9-49E8-BB46-FA90DD7ACCED}.Ad-Hoc|x64.Deploy.0 = Release|x64
		{5C76AAC8-F7A9-49E8-BB46-FA90DD7ACCED}.Ad-Hoc|x86.ActiveCfg = Release|x86
		{5C76AAC8-F7A9-49E8-BB46-FA90DD7ACCED}.Ad-Hoc|x86.Build.0 = Release|x86
		{5C76AAC8-F7A9-49E8-BB46-FA90DD7ACCED}.Ad-Hoc|x86.Deploy.0 = Release|x86
		{5C76AAC8-F7A9-49E8-BB46-FA90DD7ACCED}.AppStore|Any CPU.ActiveCfg = Release|x86
		{5C76AAC8-F7A9-49E8-BB46-FA90DD7ACCED}.AppStore|Any CPU.Build.0 = Release|x86
		{5C76AAC8-F7A9-49E8-BB46-FA90DD7ACCED}.AppStore|Any CPU.Deploy.0 = Release|x86
		{5C76AAC8-F7A9-49E8-BB46-FA90DD7ACCED}.AppStore|ARM.ActiveCfg = Release|ARM
		{5C76AAC8-F7A9-49E8-BB46-FA90DD7ACCED}.AppStore|ARM.Build.0 = Release|ARM
		{5C76AAC8-F7A9-49E8-BB46-FA90DD7ACCED}.AppStore|ARM.Deploy.0 = Release|ARM
		{5C76AAC8-F7A9-49E8-BB46-FA90DD7ACCED}.AppStore|iPhone.ActiveCfg = Release|x86
		{5C76AAC8-F7A9-49E8-BB46-FA90DD7ACCED}.AppStore|iPhone.Build.0 = Release|x86
		{5C76AAC8-F7A9-49E8-BB46-FA90DD7ACCED}.AppStore|iPhone.Deploy.0 = Release|x86
		{5C76AAC8-F7A9-49E8-BB46-FA90DD7ACCED}.AppStore|iPhoneSimulator.ActiveCfg = Release|x86
		{5C76AAC8-F7A9-49E8-BB46-FA90DD7ACCED}.AppStore|iPhoneSimulator.Build.0 = Release|x86
		{5C76AAC8-F7A9-49E8-BB46-FA90DD7ACCED}.AppStore|iPhoneSimulator.Deploy.0 = Release|x86
		{5C76AAC8-F7A9-49E8-BB46-FA90DD7ACCED}.AppStore|x64.ActiveCfg = Release|x64
		{5C76AAC8-F7A9-49E8-BB46-FA90DD7ACCED}.AppStore|x64.Build.0 = Release|x64
		{5C76AAC8-F7A9-49E8-BB46-FA90DD7ACCED}.AppStore|x64.Deploy.0 = Release|x64
		{5C76AAC8-F7A9-49E8-BB46-FA90DD7ACCED}.AppStore|x86.ActiveCfg = Release|x86
		{5C76AAC8-F7A9-49E8-BB46-FA90DD7ACCED}.AppStore|x86.Build.0 = Release|x86
		{5C76AAC8-F7A9-49E8-BB46-FA90DD7ACCED}.AppStore|x86.Deploy.0 = Release|x86
		{5C76AAC8-F7A9-49E8-BB46-FA90DD7ACCED}.Debug|Any CPU.ActiveCfg = Debug|x86
		{5C76AAC8-F7A9-49E8-BB46-FA90DD7ACCED}.Debug|ARM.ActiveCfg = Debug|ARM
		{5C76AAC8-F7A9-49E8-BB46-FA90DD7ACCED}.Debug|ARM.Build.0 = Debug|ARM
		{5C76AAC8-F7A9-49E8-BB46-FA90DD7ACCED}.Debug|ARM.Deploy.0 = Debug|ARM
		{5C76AAC8-F7A9-49E8-BB46-FA90DD7ACCED}.Debug|iPhone.ActiveCfg = Debug|x86
		{5C76AAC8-F7A9-49E8-BB46-FA90DD7ACCED}.Debug|iPhoneSimulator.ActiveCfg = Debug|x86
		{5C76AAC8-F7A9-49E8-BB46-FA90DD7ACCED}.Debug|x64.ActiveCfg = Debug|x64
		{5C76AAC8-F7A9-49E8-BB46-FA90DD7ACCED}.Debug|x64.Build.0 = Debug|x64
		{5C76AAC8-F7A9-49E8-BB46-FA90DD7ACCED}.Debug|x64.Deploy.0 = Debug|x64
		{5C76AAC8-F7A9-49E8-BB46-FA90DD7ACCED}.Debug|x86.ActiveCfg = Debug|x86
		{5C76AAC8-F7A9-49E8-BB46-FA90DD7ACCED}.Debug|x86.Build.0 = Debug|x86
		{5C76AAC8-F7A9-49E8-BB46-FA90DD7ACCED}.Debug|x86.Deploy.0 = Debug|x86
		{5C76AAC8-F7A9-49E8-BB46-FA90DD7ACCED}.Release|Any CPU.ActiveCfg = Release|x86
		{5C76AAC8-F7A9-49E8-BB46-FA90DD7ACCED}.Release|ARM.ActiveCfg = Release|ARM
		{5C76AAC8-F7A9-49E8-BB46-FA90DD7ACCED}.Release|ARM.Build.0 = Release|ARM
		{5C76AAC8-F7A9-49E8-BB46-FA90DD7ACCED}.Release|ARM.Deploy.0 = Release|ARM
		{5C76AAC8-F7A9-49E8-BB46-FA90DD7ACCED}.Release|iPhone.ActiveCfg = Release|x86
		{5C76AAC8-F7A9-49E8-BB46-FA90DD7ACCED}.Release|iPhoneSimulator.ActiveCfg = Release|x86
		{5C76AAC8-F7A9-49E8-BB46-FA90DD7ACCED}.Release|x64.ActiveCfg = Release|x64
		{5C76AAC8-F7A9-49E8-BB46-FA90DD7ACCED}.Release|x64.Build.0 = Release|x64
		{5C76AAC8-F7A9-49E8-BB46-FA90DD7ACCED}.Release|x64.Deploy.0 = Release|x64
		{5C76AAC8-F7A9-49E8-BB46-FA90DD7ACCED}.Release|x86.ActiveCfg = Release|x86
		{5C76AAC8-F7A9-49E8-BB46-FA90DD7ACCED}.Release|x86.Build.0 = Release|x86
		{5C76AAC8-F7A9-49E8-BB46-FA90DD7ACCED}.Release|x86.Deploy.0 = Release|x86
	EndGlobalSection
	GlobalSection(SolutionProperties) = preSolution
		HideSolutionNode = FALSE
	EndGlobalSection
	GlobalSection(ExtensibilityGlobals) = postSolution
		SolutionGuid = {86B10241-0DE1-4724-8772-EE2612FD4C2F}
	EndGlobalSection
EndGlobal
