
Microsoft Visual Studio Solution File, Format Version 12.00
# Visual Studio 15
VisualStudioVersion = 15.0.26730.8
MinimumVisualStudioVersion = 10.0.40219.1
Project("{D954291E-2A0B-460D-934E-DC6B0785DB48}") = "Toolbar", "Toolbar\Toolbar\Toolbar.shproj", "{620CA831-FCF0-4661-9036-0A6E6461B042}"
EndProject
Project("{FAE04EC0-301F-11D3-BF4B-00C04F79EFBC}") = "Toolbar.Android", "Toolbar\Toolbar.Android\Toolbar.Android.csproj", "{3C8DB8E1-D878-48BB-8935-22BD49F89471}"
EndProject
Project("{FAE04EC0-301F-11D3-BF4B-00C04F79EFBC}") = "Toolbar.iOS", "Toolbar\Toolbar.iOS\Toolbar.iOS.csproj", "{F4A849A9-505B-450E-A55E-E612CFC19859}"
EndProject
Project("{FAE04EC0-301F-11D3-BF4B-00C04F79EFBC}") = "Toolbar.UWP", "Toolbar\Toolbar.UWP\Toolbar.UWP.csproj", "{B1FD918A-6CC5-4E81-A38E-5A7B29475FB9}"
EndProject
Global
	GlobalSection(SharedMSBuildProjectFiles) = preSolution
		Toolbar\Toolbar\Toolbar.projitems*{3c8db8e1-d878-48bb-8935-22bd49f89471}*SharedItemsImports = 4
		Toolbar\Toolbar\Toolbar.projitems*{620ca831-fcf0-4661-9036-0a6e6461b042}*SharedItemsImports = 13
		Toolbar\Toolbar\Toolbar.projitems*{f4a849a9-505b-450e-a55e-e612cfc19859}*SharedItemsImports = 4
	EndGlobalSection
	GlobalSection(SolutionConfigurationPlatforms) = preSolution
		Ad-Hoc|Any CPU = Ad-Hoc|Any CPU
		Ad-Hoc|ARM = Ad-Hoc|ARM
		Ad-Hoc|iPhone = Ad-Hoc|iPhone
		Ad-Hoc|iPhoneSimulator = Ad-Hoc|iPhoneSimulator
		Ad-Hoc|x64 = Ad-Hoc|x64
		Ad-Hoc|x86 = Ad-Hoc|x86
		AppStore|Any CPU = AppStore|Any CPU
		AppStore|ARM = AppStore|ARM
		AppStore|iPhone = AppStore|iPhone
		AppStore|iPhoneSimulator = AppStore|iPhoneSimulator
		AppStore|x64 = AppStore|x64
		AppStore|x86 = AppStore|x86
		Debug|Any CPU = Debug|Any CPU
		Debug|ARM = Debug|ARM
		Debug|iPhone = Debug|iPhone
		Debug|iPhoneSimulator = Debug|iPhoneSimulator
		Debug|x64 = Debug|x64
		Debug|x86 = Debug|x86
		Release|Any CPU = Release|Any CPU
		Release|ARM = Release|ARM
		Release|iPhone = Release|iPhone
		Release|iPhoneSimulator = Release|iPhoneSimulator
		Release|x64 = Release|x64
		Release|x86 = Release|x86
	EndGlobalSection
	GlobalSection(ProjectConfigurationPlatforms) = postSolution
		{3C8DB8E1-D878-48BB-8935-22BD49F89471}.Ad-Hoc|Any CPU.ActiveCfg = Release|Any CPU
		{3C8DB8E1-D878-48BB-8935-22BD49F89471}.Ad-Hoc|Any CPU.Build.0 = Release|Any CPU
		{3C8DB8E1-D878-48BB-8935-22BD49F89471}.Ad-Hoc|Any CPU.Deploy.0 = Release|Any CPU
		{3C8DB8E1-D878-48BB-8935-22BD49F89471}.Ad-Hoc|ARM.ActiveCfg = Release|Any CPU
		{3C8DB8E1-D878-48BB-8935-22BD49F89471}.Ad-Hoc|ARM.Build.0 = Release|Any CPU
		{3C8DB8E1-D878-48BB-8935-22BD49F89471}.Ad-Hoc|ARM.Deploy.0 = Release|Any CPU
		{3C8DB8E1-D878-48BB-8935-22BD49F89471}.Ad-Hoc|iPhone.ActiveCfg = Release|Any CPU
		{3C8DB8E1-D878-48BB-8935-22BD49F89471}.Ad-Hoc|iPhone.Build.0 = Release|Any CPU
		{3C8DB8E1-D878-48BB-8935-22BD49F89471}.Ad-Hoc|iPhone.Deploy.0 = Release|Any CPU
		{3C8DB8E1-D878-48BB-8935-22BD49F89471}.Ad-Hoc|iPhoneSimulator.ActiveCfg = Release|Any CPU
		{3C8DB8E1-D878-48BB-8935-22BD49F89471}.Ad-Hoc|iPhoneSimulator.Build.0 = Release|Any CPU
		{3C8DB8E1-D878-48BB-8935-22BD49F89471}.Ad-Hoc|iPhoneSimulator.Deploy.0 = Release|Any CPU
		{3C8DB8E1-D878-48BB-8935-22BD49F89471}.Ad-Hoc|x64.ActiveCfg = Release|Any CPU
		{3C8DB8E1-D878-48BB-8935-22BD49F89471}.Ad-Hoc|x64.Build.0 = Release|Any CPU
		{3C8DB8E1-D878-48BB-8935-22BD49F89471}.Ad-Hoc|x64.Deploy.0 = Release|Any CPU
		{3C8DB8E1-D878-48BB-8935-22BD49F89471}.Ad-Hoc|x86.ActiveCfg = Release|Any CPU
		{3C8DB8E1-D878-48BB-8935-22BD49F89471}.Ad-Hoc|x86.Build.0 = Release|Any CPU
		{3C8DB8E1-D878-48BB-8935-22BD49F89471}.Ad-Hoc|x86.Deploy.0 = Release|Any CPU
		{3C8DB8E1-D878-48BB-8935-22BD49F89471}.AppStore|Any CPU.ActiveCfg = Release|Any CPU
		{3C8DB8E1-D878-48BB-8935-22BD49F89471}.AppStore|Any CPU.Build.0 = Release|Any CPU
		{3C8DB8E1-D878-48BB-8935-22BD49F89471}.AppStore|Any CPU.Deploy.0 = Release|Any CPU
		{3C8DB8E1-D878-48BB-8935-22BD49F89471}.AppStore|ARM.ActiveCfg = Release|Any CPU
		{3C8DB8E1-D878-48BB-8935-22BD49F89471}.AppStore|ARM.Build.0 = Release|Any CPU
		{3C8DB8E1-D878-48BB-8935-22BD49F89471}.AppStore|ARM.Deploy.0 = Release|Any CPU
		{3C8DB8E1-D878-48BB-8935-22BD49F89471}.AppStore|iPhone.ActiveCfg = Release|Any CPU
		{3C8DB8E1-D878-48BB-8935-22BD49F89471}.AppStore|iPhone.Build.0 = Release|Any CPU
		{3C8DB8E1-D878-48BB-8935-22BD49F89471}.AppStore|iPhone.Deploy.0 = Release|Any CPU
		{3C8DB8E1-D878-48BB-8935-22BD49F89471}.AppStore|iPhoneSimulator.ActiveCfg = Release|Any CPU
		{3C8DB8E1-D878-48BB-8935-22BD49F89471}.AppStore|iPhoneSimulator.Build.0 = Release|Any CPU
		{3C8DB8E1-D878-48BB-8935-22BD49F89471}.AppStore|iPhoneSimulator.Deploy.0 = Release|Any CPU
		{3C8DB8E1-D878-48BB-8935-22BD49F89471}.AppStore|x64.ActiveCfg = Release|Any CPU
		{3C8DB8E1-D878-48BB-8935-22BD49F89471}.AppStore|x64.Build.0 = Release|Any CPU
		{3C8DB8E1-D878-48BB-8935-22BD49F89471}.AppStore|x64.Deploy.0 = Release|Any CPU
		{3C8DB8E1-D878-48BB-8935-22BD49F89471}.AppStore|x86.ActiveCfg = Release|Any CPU
		{3C8DB8E1-D878-48BB-8935-22BD49F89471}.AppStore|x86.Build.0 = Release|Any CPU
		{3C8DB8E1-D878-48BB-8935-22BD49F89471}.AppStore|x86.Deploy.0 = Release|Any CPU
		{3C8DB8E1-D878-48BB-8935-22BD49F89471}.Debug|Any CPU.ActiveCfg = Debug|Any CPU
		{3C8DB8E1-D878-48BB-8935-22BD49F89471}.Debug|Any CPU.Build.0 = Debug|Any CPU
		{3C8DB8E1-D878-48BB-8935-22BD49F89471}.Debug|Any CPU.Deploy.0 = Debug|Any CPU
		{3C8DB8E1-D878-48BB-8935-22BD49F89471}.Debug|ARM.ActiveCfg = Debug|Any CPU
		{3C8DB8E1-D878-48BB-8935-22BD49F89471}.Debug|ARM.Build.0 = Debug|Any CPU
		{3C8DB8E1-D878-48BB-8935-22BD49F89471}.Debug|ARM.Deploy.0 = Debug|Any CPU
		{3C8DB8E1-D878-48BB-8935-22BD49F89471}.Debug|iPhone.ActiveCfg = Debug|Any CPU
		{3C8DB8E1-D878-48BB-8935-22BD49F89471}.Debug|iPhone.Build.0 = Debug|Any CPU
		{3C8DB8E1-D878-48BB-8935-22BD49F89471}.Debug|iPhone.Deploy.0 = Debug|Any CPU
		{3C8DB8E1-D878-48BB-8935-22BD49F89471}.Debug|iPhoneSimulator.ActiveCfg = Debug|Any CPU
		{3C8DB8E1-D878-48BB-8935-22BD49F89471}.Debug|iPhoneSimulator.Build.0 = Debug|Any CPU
		{3C8DB8E1-D878-48BB-8935-22BD49F89471}.Debug|iPhoneSimulator.Deploy.0 = Debug|Any CPU
		{3C8DB8E1-D878-48BB-8935-22BD49F89471}.Debug|x64.ActiveCfg = Debug|Any CPU
		{3C8DB8E1-D878-48BB-8935-22BD49F89471}.Debug|x64.Build.0 = Debug|Any CPU
		{3C8DB8E1-D878-48BB-8935-22BD49F89471}.Debug|x64.Deploy.0 = Debug|Any CPU
		{3C8DB8E1-D878-48BB-8935-22BD49F89471}.Debug|x86.ActiveCfg = Debug|Any CPU
		{3C8DB8E1-D878-48BB-8935-22BD49F89471}.Debug|x86.Build.0 = Debug|Any CPU
		{3C8DB8E1-D878-48BB-8935-22BD49F89471}.Debug|x86.Deploy.0 = Debug|Any CPU
		{3C8DB8E1-D878-48BB-8935-22BD49F89471}.Release|Any CPU.ActiveCfg = Release|Any CPU
		{3C8DB8E1-D878-48BB-8935-22BD49F89471}.Release|Any CPU.Build.0 = Release|Any CPU
		{3C8DB8E1-D878-48BB-8935-22BD49F89471}.Release|Any CPU.Deploy.0 = Release|Any CPU
		{3C8DB8E1-D878-48BB-8935-22BD49F89471}.Release|ARM.ActiveCfg = Release|Any CPU
		{3C8DB8E1-D878-48BB-8935-22BD49F89471}.Release|ARM.Build.0 = Release|Any CPU
		{3C8DB8E1-D878-48BB-8935-22BD49F89471}.Release|ARM.Deploy.0 = Release|Any CPU
		{3C8DB8E1-D878-48BB-8935-22BD49F89471}.Release|iPhone.ActiveCfg = Release|Any CPU
		{3C8DB8E1-D878-48BB-8935-22BD49F89471}.Release|iPhone.Build.0 = Release|Any CPU
		{3C8DB8E1-D878-48BB-8935-22BD49F89471}.Release|iPhone.Deploy.0 = Release|Any CPU
		{3C8DB8E1-D878-48BB-8935-22BD49F89471}.Release|iPhoneSimulator.ActiveCfg = Release|Any CPU
		{3C8DB8E1-D878-48BB-8935-22BD49F89471}.Release|iPhoneSimulator.Build.0 = Release|Any CPU
		{3C8DB8E1-D878-48BB-8935-22BD49F89471}.Release|iPhoneSimulator.Deploy.0 = Release|Any CPU
		{3C8DB8E1-D878-48BB-8935-22BD49F89471}.Release|x64.ActiveCfg = Release|Any CPU
		{3C8DB8E1-D878-48BB-8935-22BD49F89471}.Release|x64.Build.0 = Release|Any CPU
		{3C8DB8E1-D878-48BB-8935-22BD49F89471}.Release|x64.Deploy.0 = Release|Any CPU
		{3C8DB8E1-D878-48BB-8935-22BD49F89471}.Release|x86.ActiveCfg = Release|Any CPU
		{3C8DB8E1-D878-48BB-8935-22BD49F89471}.Release|x86.Build.0 = Release|Any CPU
		{3C8DB8E1-D878-48BB-8935-22BD49F89471}.Release|x86.Deploy.0 = Release|Any CPU
		{F4A849A9-505B-450E-A55E-E612CFC19859}.Ad-Hoc|Any CPU.ActiveCfg = Ad-Hoc|iPhone
		{F4A849A9-505B-450E-A55E-E612CFC19859}.Ad-Hoc|ARM.ActiveCfg = Ad-Hoc|iPhone
		{F4A849A9-505B-450E-A55E-E612CFC19859}.Ad-Hoc|iPhone.ActiveCfg = Ad-Hoc|iPhone
		{F4A849A9-505B-450E-A55E-E612CFC19859}.Ad-Hoc|iPhone.Build.0 = Ad-Hoc|iPhone
		{F4A849A9-505B-450E-A55E-E612CFC19859}.Ad-Hoc|iPhoneSimulator.ActiveCfg = Ad-Hoc|iPhoneSimulator
		{F4A849A9-505B-450E-A55E-E612CFC19859}.Ad-Hoc|iPhoneSimulator.Build.0 = Ad-Hoc|iPhoneSimulator
		{F4A849A9-505B-450E-A55E-E612CFC19859}.Ad-Hoc|x64.ActiveCfg = Ad-Hoc|iPhone
		{F4A849A9-505B-450E-A55E-E612CFC19859}.Ad-Hoc|x86.ActiveCfg = Ad-Hoc|iPhone
		{F4A849A9-505B-450E-A55E-E612CFC19859}.AppStore|Any CPU.ActiveCfg = AppStore|iPhone
		{F4A849A9-505B-450E-A55E-E612CFC19859}.AppStore|ARM.ActiveCfg = AppStore|iPhone
		{F4A849A9-505B-450E-A55E-E612CFC19859}.AppStore|iPhone.ActiveCfg = AppStore|iPhone
		{F4A849A9-505B-450E-A55E-E612CFC19859}.AppStore|iPhone.Build.0 = AppStore|iPhone
		{F4A849A9-505B-450E-A55E-E612CFC19859}.AppStore|iPhoneSimulator.ActiveCfg = AppStore|iPhoneSimulator
		{F4A849A9-505B-450E-A55E-E612CFC19859}.AppStore|iPhoneSimulator.Build.0 = AppStore|iPhoneSimulator
		{F4A849A9-505B-450E-A55E-E612CFC19859}.AppStore|x64.ActiveCfg = AppStore|iPhone
		{F4A849A9-505B-450E-A55E-E612CFC19859}.AppStore|x86.ActiveCfg = AppStore|iPhone
		{F4A849A9-505B-450E-A55E-E612CFC19859}.Debug|Any CPU.ActiveCfg = Debug|iPhone
		{F4A849A9-505B-450E-A55E-E612CFC19859}.Debug|ARM.ActiveCfg = Debug|iPhone
		{F4A849A9-505B-450E-A55E-E612CFC19859}.Debug|iPhone.ActiveCfg = Debug|iPhone
		{F4A849A9-505B-450E-A55E-E612CFC19859}.Debug|iPhone.Build.0 = Debug|iPhone
		{F4A849A9-505B-450E-A55E-E612CFC19859}.Debug|iPhoneSimulator.ActiveCfg = Debug|iPhoneSimulator
		{F4A849A9-505B-450E-A55E-E612CFC19859}.Debug|iPhoneSimulator.Build.0 = Debug|iPhoneSimulator
		{F4A849A9-505B-450E-A55E-E612CFC19859}.Debug|x64.ActiveCfg = Debug|iPhone
		{F4A849A9-505B-450E-A55E-E612CFC19859}.Debug|x86.ActiveCfg = Debug|iPhone
		{F4A849A9-505B-450E-A55E-E612CFC19859}.Release|Any CPU.ActiveCfg = Release|iPhone
		{F4A849A9-505B-450E-A55E-E612CFC19859}.Release|ARM.ActiveCfg = Release|iPhone
		{F4A849A9-505B-450E-A55E-E612CFC19859}.Release|iPhone.ActiveCfg = Release|iPhone
		{F4A849A9-505B-450E-A55E-E612CFC19859}.Release|iPhone.Build.0 = Release|iPhone
		{F4A849A9-505B-450E-A55E-E612CFC19859}.Release|iPhoneSimulator.ActiveCfg = Release|iPhoneSimulator
		{F4A849A9-505B-450E-A55E-E612CFC19859}.Release|iPhoneSimulator.Build.0 = Release|iPhoneSimulator
		{F4A849A9-505B-450E-A55E-E612CFC19859}.Release|x64.ActiveCfg = Release|iPhone
		{F4A849A9-505B-450E-A55E-E612CFC19859}.Release|x86.ActiveCfg = Release|iPhone
		{B1FD918A-6CC5-4E81-A38E-5A7B29475FB9}.Ad-Hoc|Any CPU.ActiveCfg = Release|x86
		{B1FD918A-6CC5-4E81-A38E-5A7B29475FB9}.Ad-Hoc|Any CPU.Build.0 = Release|x86
		{B1FD918A-6CC5-4E81-A38E-5A7B29475FB9}.Ad-Hoc|Any CPU.Deploy.0 = Release|x86
		{B1FD918A-6CC5-4E81-A38E-5A7B29475FB9}.Ad-Hoc|ARM.ActiveCfg = Release|ARM
		{B1FD918A-6CC5-4E81-A38E-5A7B29475FB9}.Ad-Hoc|ARM.Build.0 = Release|ARM
		{B1FD918A-6CC5-4E81-A38E-5A7B29475FB9}.Ad-Hoc|ARM.Deploy.0 = Release|ARM
		{B1FD918A-6CC5-4E81-A38E-5A7B29475FB9}.Ad-Hoc|iPhone.ActiveCfg = Release|x86
		{B1FD918A-6CC5-4E81-A38E-5A7B29475FB9}.Ad-Hoc|iPhone.Build.0 = Release|x86
		{B1FD918A-6CC5-4E81-A38E-5A7B29475FB9}.Ad-Hoc|iPhone.Deploy.0 = Release|x86
		{B1FD918A-6CC5-4E81-A38E-5A7B29475FB9}.Ad-Hoc|iPhoneSimulator.ActiveCfg = Release|x86
		{B1FD918A-6CC5-4E81-A38E-5A7B29475FB9}.Ad-Hoc|iPhoneSimulator.Build.0 = Release|x86
		{B1FD918A-6CC5-4E81-A38E-5A7B29475FB9}.Ad-Hoc|iPhoneSimulator.Deploy.0 = Release|x86
		{B1FD918A-6CC5-4E81-A38E-5A7B29475FB9}.Ad-Hoc|x64.ActiveCfg = Release|x64
		{B1FD918A-6CC5-4E81-A38E-5A7B29475FB9}.Ad-Hoc|x64.Build.0 = Release|x64
		{B1FD918A-6CC5-4E81-A38E-5A7B29475FB9}.Ad-Hoc|x64.Deploy.0 = Release|x64
		{B1FD918A-6CC5-4E81-A38E-5A7B29475FB9}.Ad-Hoc|x86.ActiveCfg = Release|x86
		{B1FD918A-6CC5-4E81-A38E-5A7B29475FB9}.Ad-Hoc|x86.Build.0 = Release|x86
		{B1FD918A-6CC5-4E81-A38E-5A7B29475FB9}.Ad-Hoc|x86.Deploy.0 = Release|x86
		{B1FD918A-6CC5-4E81-A38E-5A7B29475FB9}.AppStore|Any CPU.ActiveCfg = Release|x86
		{B1FD918A-6CC5-4E81-A38E-5A7B29475FB9}.AppStore|Any CPU.Build.0 = Release|x86
		{B1FD918A-6CC5-4E81-A38E-5A7B29475FB9}.AppStore|Any CPU.Deploy.0 = Release|x86
		{B1FD918A-6CC5-4E81-A38E-5A7B29475FB9}.AppStore|ARM.ActiveCfg = Release|ARM
		{B1FD918A-6CC5-4E81-A38E-5A7B29475FB9}.AppStore|ARM.Build.0 = Release|ARM
		{B1FD918A-6CC5-4E81-A38E-5A7B29475FB9}.AppStore|ARM.Deploy.0 = Release|ARM
		{B1FD918A-6CC5-4E81-A38E-5A7B29475FB9}.AppStore|iPhone.ActiveCfg = Release|x86
		{B1FD918A-6CC5-4E81-A38E-5A7B29475FB9}.AppStore|iPhone.Build.0 = Release|x86
		{B1FD918A-6CC5-4E81-A38E-5A7B29475FB9}.AppStore|iPhone.Deploy.0 = Release|x86
		{B1FD918A-6CC5-4E81-A38E-5A7B29475FB9}.AppStore|iPhoneSimulator.ActiveCfg = Release|x86
		{B1FD918A-6CC5-4E81-A38E-5A7B29475FB9}.AppStore|iPhoneSimulator.Build.0 = Release|x86
		{B1FD918A-6CC5-4E81-A38E-5A7B29475FB9}.AppStore|iPhoneSimulator.Deploy.0 = Release|x86
		{B1FD918A-6CC5-4E81-A38E-5A7B29475FB9}.AppStore|x64.ActiveCfg = Release|x64
		{B1FD918A-6CC5-4E81-A38E-5A7B29475FB9}.AppStore|x64.Build.0 = Release|x64
		{B1FD918A-6CC5-4E81-A38E-5A7B29475FB9}.AppStore|x64.Deploy.0 = Release|x64
		{B1FD918A-6CC5-4E81-A38E-5A7B29475FB9}.AppStore|x86.ActiveCfg = Release|x86
		{B1FD918A-6CC5-4E81-A38E-5A7B29475FB9}.AppStore|x86.Build.0 = Release|x86
		{B1FD918A-6CC5-4E81-A38E-5A7B29475FB9}.AppStore|x86.Deploy.0 = Release|x86
		{B1FD918A-6CC5-4E81-A38E-5A7B29475FB9}.Debug|Any CPU.ActiveCfg = Debug|x86
		{B1FD918A-6CC5-4E81-A38E-5A7B29475FB9}.Debug|ARM.ActiveCfg = Debug|ARM
		{B1FD918A-6CC5-4E81-A38E-5A7B29475FB9}.Debug|ARM.Build.0 = Debug|ARM
		{B1FD918A-6CC5-4E81-A38E-5A7B29475FB9}.Debug|ARM.Deploy.0 = Debug|ARM
		{B1FD918A-6CC5-4E81-A38E-5A7B29475FB9}.Debug|iPhone.ActiveCfg = Debug|x86
		{B1FD918A-6CC5-4E81-A38E-5A7B29475FB9}.Debug|iPhoneSimulator.ActiveCfg = Debug|x86
		{B1FD918A-6CC5-4E81-A38E-5A7B29475FB9}.Debug|x64.ActiveCfg = Debug|x64
		{B1FD918A-6CC5-4E81-A38E-5A7B29475FB9}.Debug|x64.Build.0 = Debug|x64
		{B1FD918A-6CC5-4E81-A38E-5A7B29475FB9}.Debug|x64.Deploy.0 = Debug|x64
		{B1FD918A-6CC5-4E81-A38E-5A7B29475FB9}.Debug|x86.ActiveCfg = Debug|x86
		{B1FD918A-6CC5-4E81-A38E-5A7B29475FB9}.Debug|x86.Build.0 = Debug|x86
		{B1FD918A-6CC5-4E81-A38E-5A7B29475FB9}.Debug|x86.Deploy.0 = Debug|x86
		{B1FD918A-6CC5-4E81-A38E-5A7B29475FB9}.Release|Any CPU.ActiveCfg = Release|x86
		{B1FD918A-6CC5-4E81-A38E-5A7B29475FB9}.Release|ARM.ActiveCfg = Release|ARM
		{B1FD918A-6CC5-4E81-A38E-5A7B29475FB9}.Release|ARM.Build.0 = Release|ARM
		{B1FD918A-6CC5-4E81-A38E-5A7B29475FB9}.Release|ARM.Deploy.0 = Release|ARM
		{B1FD918A-6CC5-4E81-A38E-5A7B29475FB9}.Release|iPhone.ActiveCfg = Release|x86
		{B1FD918A-6CC5-4E81-A38E-5A7B29475FB9}.Release|iPhoneSimulator.ActiveCfg = Release|x86
		{B1FD918A-6CC5-4E81-A38E-5A7B29475FB9}.Release|x64.ActiveCfg = Release|x64
		{B1FD918A-6CC5-4E81-A38E-5A7B29475FB9}.Release|x64.Build.0 = Release|x64
		{B1FD918A-6CC5-4E81-A38E-5A7B29475FB9}.Release|x64.Deploy.0 = Release|x64
		{B1FD918A-6CC5-4E81-A38E-5A7B29475FB9}.Release|x86.ActiveCfg = Release|x86
		{B1FD918A-6CC5-4E81-A38E-5A7B29475FB9}.Release|x86.Build.0 = Release|x86
		{B1FD918A-6CC5-4E81-A38E-5A7B29475FB9}.Release|x86.Deploy.0 = Release|x86
	EndGlobalSection
	GlobalSection(SolutionProperties) = preSolution
		HideSolutionNode = FALSE
	EndGlobalSection
	GlobalSection(ExtensibilityGlobals) = postSolution
		SolutionGuid = {4FA5DBF8-D77E-4D8C-9A44-22328B44768E}
	EndGlobalSection
EndGlobal
